{
  "version": 4,
  "terraform_version": "0.12.31",
  "serial": 233,
  "lineage": "cbfbe3ba-9d50-a864-3afe-ba3562804f1f",
  "outputs": {
    "SSH-login": {
      "value": "\n        Bastion: ssh -i ~/.ssh/id_rsa opc@132.145.174.231\n\n        Server1: ssh -i CHANGEME  -o BatchMode=yes -o StrictHostkeyChecking=no  -o ProxyCommand=\"ssh -i CHANGEME -o BatchMode=yes -o StrictHostkeyChecking=no opc@132.145.174.231 -W %h:%p %r\" opc@10.0.1.101\n\n        Client1: ssh -i CHANGEME  -o BatchMode=yes -o StrictHostkeyChecking=no  -o ProxyCommand=\"ssh -i CHANGEME -o BatchMode=yes -o StrictHostkeyChecking=no opc@132.145.174.231 -W %h:%p %r\" opc@10.0.2.204\n\n",
      "type": "string"
    },
    "generated_ssh_private_key": {
      "value": "-----BEGIN RSA PRIVATE KEY-----\nMIIEpAIBAAKCAQEAyiWKGK9MYweYbYmDg0xwwkFjm9CoxaY2xaBlpOPJBBBYgaFT\nyKRC2NvPizb2q+X6LPmazD+fleUZcHKcIqoOqPgmCPRreMwWSG4h4tnb86PZ4FIJ\nOxKQKuU7wUJBcMIRW8tDz4wgwpo/FpQOZP2kSNX7LBYx21i6XeA6m05muXFD/MA0\nZMiw2JVH7r3Lg2ctlpyvClvWH2r7L5xdAPtQA6OMWBXQ0wUyxZJOsFw2HjYkPWlx\n0xQeZ81N+fgQ2UjB7qMRjov+Ul0VNSAwdL0TDfXO2s4JoWKuxXEowryWkArrABJ5\n/t0xT69I3eO8PFGK8qab/i74b/tTsTvQVc1f/QIDAQABAoIBAA3yrSaq4dBrc78L\nIAHtQlKFBIR5z0tj/p+AQ8Mu3G3lWtYG9asAeoRQFm/6qOaPhcWYq2+wbCiBmFHD\n9rYFmeFazfUMOGYrXtY8kyX99klHYv8xaeWjkEMFciwRkEZhfaUhz1oAxznmPrgm\nGyAoyC8mZKBUH7iM1L8pe6G/tSLSaHxAaGULMDNqwFF7CONa8S6jw/48LtyfpIWW\ng4dJ2UDAxFHgYTDVBMfj+YZlIBRe707HGSBQBTwuR5T3zIYd7EgZ6T5na6UbgWz/\nMl8V6a3s85Xfi2KITQVtDeeQ5FgqrAXd5lTjfGEwk2wSbtGjArCc1hg68PTfJAsU\nDP//pgECgYEA7aBeX4pr8kqEvG0at7KTNknBHWrrro9fmwx/vw/IYN0pirPUzvwT\nz/AN+hRnk0yctvLW4ze3Xesouyhkb2ztguniwSDvtEWrUudA3J2ass1p9KDHlbSz\navI3OItoQJXbY2up7O+L5IvoWs/CpJc3Rb2ZlhDOS/g/T4rLqeItLr0CgYEA2cbg\nJzKzZ1aH5fWdgi/yKp1OdKMqHq9+AcBvUhfX/AYX5Lum2TybPo0CuMquLwTVHUIO\nxPzljWlPGkcGd/zrIbEuSr/GEPRmNU/DDqT1uOp1zSjAS7nAYxcoFjlvg8XuhzWk\n42fBi+fXbQ5dKfu6k85iILN2Hn6/s2irP7KnqkECgYEA2vminfZoHUHQafc83LVB\n9ZAn1p0WDKlwl+f/vKilpaWIx5mKbSdcdo0nxCGThOjfrbPAlGheoLy4rye8zfWa\nNb6kSAa6/ewJwf77BZJy4XxrvJOA+JMpl08X1hKZgpLWNhsb3wysZHMNLsov+w6i\nT7E13FUmVlmwtfMYVTfpHR0CgYEArwU0FIycvko+wcOZqI1b9H+kE/0l1q93d3Tu\ngm2DOZq0DTH6r9ATfDvbmiPZxRP/KppyQEJ3QiUGW7oFKt1rIxLAf3aMegfRNLs7\nqkNM8CYOMqmzkahhQ8HSh7n1M1QZlTS5pcE3PXdAHPdUTG9wzWUqW9me7nczHb7b\nEkBEm4ECgYBXzWpjPI2fKbuJxd6JOyk03G8EpB+sgg9UeVc7pxrJgkUvk6HOwnNN\nOKAtJxWP41TKzZBQGGHYWJcsbGv0yD7z433MZVninm08/lvAMwYUm6Sb/q+EHWXz\nSGuwZa1mZWhEod0ORKBH4PQaC2zc9sfvmm5iKbxv4QnpnoClwdl9ag==\n-----END RSA PRIVATE KEY-----\n",
      "type": "string"
    }
  },
  "resources": [
    {
      "mode": "data",
      "type": "oci_core_app_catalog_subscriptions",
      "name": "mp_image_subscription",
      "provider": "provider.oci",
      "instances": [
        {
          "schema_version": 0,
          "attributes": {
            "app_catalog_subscriptions": [],
            "compartment_id": "ocid1.compartment.oc1..aaaaaaaamgpf7b5zhfwqc3cttmhatl3eqxl6uztmhozk52h2qbh4iytjvrsa",
            "filter": [
              {
                "name": "listing_resource_version",
                "regex": false,
                "values": [
                  "1.0"
                ]
              }
            ],
            "id": "CoreAppCatalogSubscriptionsDataSource-1394404604",
            "listing_id": "ocid1.appcataloglisting.oc1..aaaaaaaa6fjcgyilbaa3zegmdvwsaztjq6gaijhnognzmipz2l6lhnx3ykza"
          }
        }
      ]
    },
    {
      "mode": "data",
      "type": "oci_core_subnet",
      "name": "fs_subnet",
      "provider": "provider.oci",
      "instances": [
        {
          "schema_version": 0,
          "attributes": {
            "availability_domain": null,
            "cidr_block": "10.0.2.0/24",
            "compartment_id": "ocid1.compartment.oc1..aaaaaaaamgpf7b5zhfwqc3cttmhatl3eqxl6uztmhozk52h2qbh4iytjvrsa",
            "defined_tags": {
              "ArchitectureCenter\\deploy-glusterfs.release": "1.0",
              "Oracle-Tag.CreatedBy": "oguz",
              "Oracle-Tag.CreatedOn": "2021-06-22T19:47:22.851Z",
              "emergingtech.instanceprinciple": "not-allowed"
            },
            "dhcp_options_id": "ocid1.dhcpoptions.oc1.iad.aaaaaaaaidxxxyueggb55q4eq7cgjhktlnavu5t6qkks3g5yahfzdqefhyma",
            "display_name": "Private-FS-Subnet",
            "dns_label": "fs",
            "freeform_tags": {},
            "id": "ocid1.subnet.oc1.iad.aaaaaaaa4tlrx72ttuzc7wlmagrtdootlfwxc6kqg5mgntbwbqt3fgj6mbdq",
            "ipv6cidr_block": null,
            "ipv6virtual_router_ip": null,
            "prohibit_internet_ingress": true,
            "prohibit_public_ip_on_vnic": true,
            "route_table_id": "ocid1.routetable.oc1.iad.aaaaaaaadoco5hrk3tcavhduqussymyaewwrjkrhn4py7cemp6kwpptmrqnq",
            "security_list_ids": [
              "ocid1.securitylist.oc1.iad.aaaaaaaasmpylhthd4nsxyofjf7ydgba2hfkqkoviwh75ezsspq22p6kj36q"
            ],
            "state": "AVAILABLE",
            "subnet_domain_name": "fs.gluster.oraclevcn.com",
            "subnet_id": "ocid1.subnet.oc1.iad.aaaaaaaa4tlrx72ttuzc7wlmagrtdootlfwxc6kqg5mgntbwbqt3fgj6mbdq",
            "time_created": "2021-06-22 19:47:27.801 +0000 UTC",
            "vcn_id": "ocid1.vcn.oc1.iad.amaaaaaapwneysaar5y2ot6cdvbks2bwcgyp73tldlqyvsbaj6u4nq3euy3q",
            "virtual_router_ip": "10.0.2.1",
            "virtual_router_mac": "00:00:17:79:A4:07"
          }
        }
      ]
    },
    {
      "mode": "data",
      "type": "oci_core_subnet",
      "name": "storage_subnet",
      "provider": "provider.oci",
      "instances": [
        {
          "schema_version": 0,
          "attributes": {
            "availability_domain": null,
            "cidr_block": "10.0.1.0/24",
            "compartment_id": "ocid1.compartment.oc1..aaaaaaaamgpf7b5zhfwqc3cttmhatl3eqxl6uztmhozk52h2qbh4iytjvrsa",
            "defined_tags": {
              "ArchitectureCenter\\deploy-glusterfs.release": "1.0",
              "Oracle-Tag.CreatedBy": "oguz",
              "Oracle-Tag.CreatedOn": "2021-06-22T19:47:23.066Z",
              "emergingtech.instanceprinciple": "not-allowed"
            },
            "dhcp_options_id": "ocid1.dhcpoptions.oc1.iad.aaaaaaaaidxxxyueggb55q4eq7cgjhktlnavu5t6qkks3g5yahfzdqefhyma",
            "display_name": "Private-Gluster",
            "dns_label": "storage",
            "freeform_tags": {},
            "id": "ocid1.subnet.oc1.iad.aaaaaaaa37ivpeuvx7xzshw6elwcfkqnuknmoccati6kq5qlv23z2earauja",
            "ipv6cidr_block": null,
            "ipv6virtual_router_ip": null,
            "prohibit_internet_ingress": true,
            "prohibit_public_ip_on_vnic": true,
            "route_table_id": "ocid1.routetable.oc1.iad.aaaaaaaadoco5hrk3tcavhduqussymyaewwrjkrhn4py7cemp6kwpptmrqnq",
            "security_list_ids": [
              "ocid1.securitylist.oc1.iad.aaaaaaaasmpylhthd4nsxyofjf7ydgba2hfkqkoviwh75ezsspq22p6kj36q"
            ],
            "state": "AVAILABLE",
            "subnet_domain_name": "storage.gluster.oraclevcn.com",
            "subnet_id": "ocid1.subnet.oc1.iad.aaaaaaaa37ivpeuvx7xzshw6elwcfkqnuknmoccati6kq5qlv23z2earauja",
            "time_created": "2021-06-22 19:47:25.155 +0000 UTC",
            "vcn_id": "ocid1.vcn.oc1.iad.amaaaaaapwneysaar5y2ot6cdvbks2bwcgyp73tldlqyvsbaj6u4nq3euy3q",
            "virtual_router_ip": "10.0.1.1",
            "virtual_router_mac": "00:00:17:79:A4:07"
          }
        }
      ]
    },
    {
      "mode": "data",
      "type": "oci_core_vcn",
      "name": "vcn",
      "provider": "provider.oci",
      "instances": [
        {
          "schema_version": 0,
          "attributes": {
            "cidr_block": "10.0.0.0/16",
            "cidr_blocks": [
              "10.0.0.0/16"
            ],
            "compartment_id": "ocid1.compartment.oc1..aaaaaaaamgpf7b5zhfwqc3cttmhatl3eqxl6uztmhozk52h2qbh4iytjvrsa",
            "default_dhcp_options_id": "ocid1.dhcpoptions.oc1.iad.aaaaaaaaidxxxyueggb55q4eq7cgjhktlnavu5t6qkks3g5yahfzdqefhyma",
            "default_route_table_id": "ocid1.routetable.oc1.iad.aaaaaaaabgfpqx4arwvyburjfhajp5gbzn44mxyjkt3j5mqttwro7bksgtuq",
            "default_security_list_id": "ocid1.securitylist.oc1.iad.aaaaaaaapq3gvmocn3mxemoas6ns6t5364zlawqnylrm5ybnqz2daj53ygxq",
            "defined_tags": {
              "ArchitectureCenter\\deploy-glusterfs.release": "1.0",
              "Oracle-Tag.CreatedBy": "oguz",
              "Oracle-Tag.CreatedOn": "2021-06-22T19:47:13.183Z",
              "emergingtech.instanceprinciple": "not-allowed"
            },
            "display_name": "gluster",
            "dns_label": "gluster",
            "freeform_tags": {},
            "id": "ocid1.vcn.oc1.iad.amaaaaaapwneysaar5y2ot6cdvbks2bwcgyp73tldlqyvsbaj6u4nq3euy3q",
            "ipv6cidr_blocks": [],
            "is_ipv6enabled": null,
            "state": "AVAILABLE",
            "time_created": "2021-06-22 19:47:13.191 +0000 UTC",
            "vcn_domain_name": "gluster.oraclevcn.com",
            "vcn_id": "ocid1.vcn.oc1.iad.amaaaaaapwneysaar5y2ot6cdvbks2bwcgyp73tldlqyvsbaj6u4nq3euy3q"
          }
        }
      ]
    },
    {
      "mode": "data",
      "type": "oci_identity_availability_domains",
      "name": "availability_domains",
      "provider": "provider.oci",
      "instances": [
        {
          "schema_version": 0,
          "attributes": {
            "availability_domains": [
              {
                "compartment_id": "ocid1.compartment.oc1..aaaaaaaamgpf7b5zhfwqc3cttmhatl3eqxl6uztmhozk52h2qbh4iytjvrsa",
                "id": "ocid1.availabilitydomain.oc1..aaaaaaaatrwxaogr7dl4yschqtrmqrdv6uzis3mgbnomiagqrfhcb7mxsfdq",
                "name": "VXpT:US-ASHBURN-AD-1"
              },
              {
                "compartment_id": "ocid1.compartment.oc1..aaaaaaaamgpf7b5zhfwqc3cttmhatl3eqxl6uztmhozk52h2qbh4iytjvrsa",
                "id": "ocid1.availabilitydomain.oc1..aaaaaaaauvt2n7pijol7uqgdnnsoojcukrijtmcltvfwxazmitk235wyohta",
                "name": "VXpT:US-ASHBURN-AD-2"
              },
              {
                "compartment_id": "ocid1.compartment.oc1..aaaaaaaamgpf7b5zhfwqc3cttmhatl3eqxl6uztmhozk52h2qbh4iytjvrsa",
                "id": "ocid1.availabilitydomain.oc1..aaaaaaaaztunlny6ae4yw2vghp5go2zceaonwp6wiioe3tnh2vlaxjjl2n3a",
                "name": "VXpT:US-ASHBURN-AD-3"
              }
            ],
            "compartment_id": "ocid1.compartment.oc1..aaaaaaaamgpf7b5zhfwqc3cttmhatl3eqxl6uztmhozk52h2qbh4iytjvrsa",
            "filter": null,
            "id": "IdentityAvailabilityDomainsDataSource-2246442349"
          }
        }
      ]
    },
    {
      "mode": "managed",
      "type": "null_resource",
      "name": "create_gluster_volumes",
      "each": "list",
      "provider": "provider.null",
      "instances": [
        {
          "index_key": 0,
          "schema_version": 0,
          "attributes": {
            "id": "1915227278733928443",
            "triggers": null
          },
          "private": "bnVsbA==",
          "dependencies": [
            "oci_core_instance.bastion",
            "oci_core_instance.gluster_server",
            "oci_core_internet_gateway.internet_gateway",
            "oci_core_nat_gateway.nat_gateway",
            "oci_core_route_table.private_route_table",
            "oci_core_route_table.pubic_route_table",
            "oci_core_security_list.private_security_list",
            "oci_core_security_list.public_security_list",
            "oci_core_subnet.fs",
            "oci_core_subnet.public",
            "oci_core_subnet.storage",
            "oci_core_vcn.vcn",
            "oci_identity_tag.ArchitectureCenterTag",
            "oci_identity_tag_namespace.ArchitectureCenterTagNamespace",
            "tls_private_key.public_private_key_pair"
          ]
        }
      ]
    },
    {
      "mode": "managed",
      "type": "null_resource",
      "name": "notify_server_nodes_block_attach_complete",
      "each": "list",
      "provider": "provider.null",
      "instances": [
        {
          "index_key": 0,
          "schema_version": 0,
          "attributes": {
            "id": "2894954199422733912",
            "triggers": null
          },
          "private": "bnVsbA==",
          "dependencies": [
            "oci_core_instance.bastion",
            "oci_core_instance.gluster_server",
            "oci_core_internet_gateway.internet_gateway",
            "oci_core_nat_gateway.nat_gateway",
            "oci_core_route_table.private_route_table",
            "oci_core_route_table.pubic_route_table",
            "oci_core_security_list.private_security_list",
            "oci_core_security_list.public_security_list",
            "oci_core_subnet.fs",
            "oci_core_subnet.public",
            "oci_core_subnet.storage",
            "oci_core_vcn.vcn",
            "oci_core_volume.gluster_blockvolume",
            "oci_core_volume_attachment.blockvolume_attach",
            "oci_identity_tag.ArchitectureCenterTag",
            "oci_identity_tag_namespace.ArchitectureCenterTagNamespace",
            "tls_private_key.public_private_key_pair"
          ]
        },
        {
          "index_key": 1,
          "schema_version": 0,
          "attributes": {
            "id": "4522676861086880983",
            "triggers": null
          },
          "private": "bnVsbA==",
          "dependencies": [
            "oci_core_instance.bastion",
            "oci_core_instance.gluster_server",
            "oci_core_internet_gateway.internet_gateway",
            "oci_core_nat_gateway.nat_gateway",
            "oci_core_route_table.private_route_table",
            "oci_core_route_table.pubic_route_table",
            "oci_core_security_list.private_security_list",
            "oci_core_security_list.public_security_list",
            "oci_core_subnet.fs",
            "oci_core_subnet.public",
            "oci_core_subnet.storage",
            "oci_core_vcn.vcn",
            "oci_core_volume.gluster_blockvolume",
            "oci_core_volume_attachment.blockvolume_attach",
            "oci_identity_tag.ArchitectureCenterTag",
            "oci_identity_tag_namespace.ArchitectureCenterTagNamespace",
            "tls_private_key.public_private_key_pair"
          ]
        },
        {
          "index_key": 2,
          "schema_version": 0,
          "attributes": {
            "id": "7732627760822244756",
            "triggers": null
          },
          "private": "bnVsbA==",
          "dependencies": [
            "oci_core_instance.bastion",
            "oci_core_instance.gluster_server",
            "oci_core_internet_gateway.internet_gateway",
            "oci_core_nat_gateway.nat_gateway",
            "oci_core_route_table.private_route_table",
            "oci_core_route_table.pubic_route_table",
            "oci_core_security_list.private_security_list",
            "oci_core_security_list.public_security_list",
            "oci_core_subnet.fs",
            "oci_core_subnet.public",
            "oci_core_subnet.storage",
            "oci_core_vcn.vcn",
            "oci_core_volume.gluster_blockvolume",
            "oci_core_volume_attachment.blockvolume_attach",
            "oci_identity_tag.ArchitectureCenterTag",
            "oci_identity_tag_namespace.ArchitectureCenterTagNamespace",
            "tls_private_key.public_private_key_pair"
          ]
        }
      ]
    },
    {
      "mode": "managed",
      "type": "oci_core_app_catalog_listing_resource_version_agreement",
      "name": "mp_image_agreement",
      "each": "list",
      "provider": "provider.oci",
      "instances": []
    },
    {
      "mode": "managed",
      "type": "oci_core_app_catalog_subscription",
      "name": "mp_image_subscription",
      "each": "list",
      "provider": "provider.oci",
      "instances": []
    },
    {
      "mode": "managed",
      "type": "oci_core_instance",
      "name": "bastion",
      "each": "list",
      "provider": "provider.oci",
      "instances": [
        {
          "index_key": 0,
          "schema_version": 0,
          "attributes": {
            "agent_config": [
              {
                "are_all_plugins_disabled": false,
                "is_management_disabled": false,
                "is_monitoring_disabled": false,
                "plugins_config": []
              }
            ],
            "availability_config": [
              {
                "is_live_migration_preferred": false,
                "recovery_action": "RESTORE_INSTANCE"
              }
            ],
            "availability_domain": "VXpT:US-ASHBURN-AD-1",
            "boot_volume_id": "ocid1.bootvolume.oc1.iad.abuwcljt5qjro7cbkspodc6bt6yacmlfud3cpr7v546mlx3nvyi3kjhr7ujq",
            "capacity_reservation_id": null,
            "compartment_id": "ocid1.compartment.oc1..aaaaaaaamgpf7b5zhfwqc3cttmhatl3eqxl6uztmhozk52h2qbh4iytjvrsa",
            "create_vnic_details": [
              {
                "assign_public_ip": "true",
                "defined_tags": {
                  "ArchitectureCenter\\deploy-glusterfs.release": "1.0",
                  "Oracle-Tag.CreatedBy": "oguz",
                  "Oracle-Tag.CreatedOn": "2021-06-22T19:47:31.633Z",
                  "emergingtech.instanceprinciple": "not-allowed"
                },
                "display_name": "bastion-1",
                "freeform_tags": {},
                "hostname_label": "bastion-1",
                "nsg_ids": null,
                "private_ip": "10.0.0.167",
                "skip_source_dest_check": true,
                "subnet_id": "ocid1.subnet.oc1.iad.aaaaaaaap5ot5qyhdwtgymxcmnocruxidve5zedak24ry6d572wejt75dx5q",
                "vlan_id": ""
              }
            ],
            "dedicated_vm_host_id": null,
            "defined_tags": {
              "ArchitectureCenter\\deploy-glusterfs.release": "1.0",
              "Oracle-Tag.CreatedBy": "oguz",
              "Oracle-Tag.CreatedOn": "2021-06-22T19:47:31.311Z",
              "emergingtech.instanceprinciple": "not-allowed"
            },
            "display_name": "bastion-1",
            "extended_metadata": null,
            "fault_domain": "FAULT-DOMAIN-1",
            "freeform_tags": {},
            "hostname_label": "bastion-1",
            "id": "ocid1.instance.oc1.iad.anuwcljtpwneysac2p5jfsbgxst2ulbxim3urzxbgr7dkonf7hauqot2jaza",
            "image": "ocid1.image.oc1.iad.aaaaaaaamoajldhwrmbzx7s4xnrajj5b7nfrnutuebgwne4bxc7vpiap3gga",
            "instance_options": [
              {
                "are_legacy_imds_endpoints_disabled": false
              }
            ],
            "ipxe_script": null,
            "is_pv_encryption_in_transit_enabled": null,
            "launch_mode": "PARAVIRTUALIZED",
            "launch_options": [
              {
                "boot_volume_type": "PARAVIRTUALIZED",
                "firmware": "UEFI_64",
                "is_consistent_volume_naming_enabled": true,
                "is_pv_encryption_in_transit_enabled": false,
                "network_type": "PARAVIRTUALIZED",
                "remote_data_volume_type": "PARAVIRTUALIZED"
              }
            ],
            "metadata": {
              "ssh_authorized_keys": "ssh-rsa AAAAB3NzaC1yc2EAAAADAQABAAABAQDKJYoYr0xjB5htiYODTHDCQWOb0KjFpjbFoGWk48kEEFiBoVPIpELY28+LNvar5fos+ZrMP5+V5Rlwcpwiqg6o+CYI9Gt4zBZIbiHi2dvzo9ngUgk7EpAq5TvBQkFwwhFby0PPjCDCmj8WlA5k/aRI1fssFjHbWLpd4DqbTma5cUP8wDRkyLDYlUfuvcuDZy2WnK8KW9YfavsvnF0A+1ADo4xYFdDTBTLFkk6wXDYeNiQ9aXHTFB5nzU35+BDZSMHuoxGOi/5SXRU1IDB0vRMN9c7azgmhYq7FcSjCvJaQCusAEnn+3TFPr0jd47w8UYryppv+Lvhv+1OxO9BVzV/9\n"
            },
            "platform_config": [],
            "preemptible_instance_config": [],
            "preserve_boot_volume": null,
            "private_ip": "10.0.0.167",
            "public_ip": "132.145.174.231",
            "region": "iad",
            "shape": "VM.Standard2.2",
            "shape_config": [
              {
                "baseline_ocpu_utilization": "",
                "gpu_description": "",
                "gpus": 0,
                "local_disk_description": "",
                "local_disks": 0,
                "local_disks_total_size_in_gbs": 0,
                "max_vnic_attachments": 2,
                "memory_in_gbs": 30,
                "networking_bandwidth_in_gbps": 2,
                "ocpus": 2,
                "processor_description": "2.0 GHz Intel® Xeon® Platinum 8167M (Skylake)"
              }
            ],
            "source_details": [
              {
                "boot_volume_size_in_gbs": "47",
                "kms_key_id": "",
                "source_id": "ocid1.image.oc1.iad.aaaaaaaamoajldhwrmbzx7s4xnrajj5b7nfrnutuebgwne4bxc7vpiap3gga",
                "source_type": "image"
              }
            ],
            "state": "RUNNING",
            "subnet_id": "ocid1.subnet.oc1.iad.aaaaaaaap5ot5qyhdwtgymxcmnocruxidve5zedak24ry6d572wejt75dx5q",
            "system_tags": {},
            "time_created": "2021-06-22 19:47:31.978 +0000 UTC",
            "time_maintenance_reboot_due": "",
            "timeouts": null
          },
          "private": "eyJlMmJmYjczMC1lY2FhLTExZTYtOGY4OC0zNDM2M2JjN2M0YzAiOnsiY3JlYXRlIjoyNzAwMDAwMDAwMDAwLCJkZWxldGUiOjI3MDAwMDAwMDAwMDAsInVwZGF0ZSI6MjcwMDAwMDAwMDAwMH19",
          "dependencies": [
            "oci_core_internet_gateway.internet_gateway",
            "oci_core_route_table.pubic_route_table",
            "oci_core_security_list.public_security_list",
            "oci_core_subnet.public",
            "oci_core_vcn.vcn",
            "oci_identity_tag.ArchitectureCenterTag",
            "oci_identity_tag_namespace.ArchitectureCenterTagNamespace",
            "tls_private_key.public_private_key_pair"
          ]
        }
      ]
    },
    {
      "mode": "managed",
      "type": "oci_core_instance",
      "name": "client_node",
      "each": "list",
      "provider": "provider.oci",
      "instances": [
        {
          "index_key": 0,
          "schema_version": 0,
          "attributes": {
            "agent_config": [
              {
                "are_all_plugins_disabled": false,
                "is_management_disabled": false,
                "is_monitoring_disabled": false,
                "plugins_config": []
              }
            ],
            "availability_config": [
              {
                "is_live_migration_preferred": false,
                "recovery_action": "RESTORE_INSTANCE"
              }
            ],
            "availability_domain": "VXpT:US-ASHBURN-AD-1",
            "boot_volume_id": "ocid1.bootvolume.oc1.iad.abuwcljtl5zwjxpwgewz4zssqm3d5jaum7brpc2l7z4qihiwz6ndbtmet2ka",
            "capacity_reservation_id": null,
            "compartment_id": "ocid1.compartment.oc1..aaaaaaaamgpf7b5zhfwqc3cttmhatl3eqxl6uztmhozk52h2qbh4iytjvrsa",
            "create_vnic_details": [
              {
                "assign_public_ip": "false",
                "defined_tags": {
                  "ArchitectureCenter\\deploy-glusterfs.release": "1.0",
                  "Oracle-Tag.CreatedBy": "oguz",
                  "Oracle-Tag.CreatedOn": "2021-06-22T19:47:46.287Z",
                  "emergingtech.instanceprinciple": "not-allowed"
                },
                "display_name": "g-compute-1",
                "freeform_tags": {},
                "hostname_label": "g-compute-1",
                "nsg_ids": null,
                "private_ip": "10.0.2.204",
                "skip_source_dest_check": false,
                "subnet_id": "ocid1.subnet.oc1.iad.aaaaaaaa4tlrx72ttuzc7wlmagrtdootlfwxc6kqg5mgntbwbqt3fgj6mbdq",
                "vlan_id": ""
              }
            ],
            "dedicated_vm_host_id": null,
            "defined_tags": {
              "ArchitectureCenter\\deploy-glusterfs.release": "1.0",
              "Oracle-Tag.CreatedBy": "oguz",
              "Oracle-Tag.CreatedOn": "2021-06-22T19:47:45.980Z",
              "emergingtech.instanceprinciple": "not-allowed"
            },
            "display_name": "g-compute-1",
            "extended_metadata": null,
            "fault_domain": "FAULT-DOMAIN-1",
            "freeform_tags": {},
            "hostname_label": "g-compute-1",
            "id": "ocid1.instance.oc1.iad.anuwcljtpwneysacgm4kvrmzpmrdnzdkj326ceisfn35fbomajbgtpxwgxyq",
            "image": "ocid1.image.oc1.iad.aaaaaaaamoajldhwrmbzx7s4xnrajj5b7nfrnutuebgwne4bxc7vpiap3gga",
            "instance_options": [
              {
                "are_legacy_imds_endpoints_disabled": false
              }
            ],
            "ipxe_script": null,
            "is_pv_encryption_in_transit_enabled": null,
            "launch_mode": "PARAVIRTUALIZED",
            "launch_options": [
              {
                "boot_volume_type": "PARAVIRTUALIZED",
                "firmware": "UEFI_64",
                "is_consistent_volume_naming_enabled": true,
                "is_pv_encryption_in_transit_enabled": false,
                "network_type": "PARAVIRTUALIZED",
                "remote_data_volume_type": "PARAVIRTUALIZED"
              }
            ],
            "metadata": {
              "ssh_authorized_keys": "ssh-rsa AAAAB3NzaC1yc2EAAAADAQABAAABAQDKJYoYr0xjB5htiYODTHDCQWOb0KjFpjbFoGWk48kEEFiBoVPIpELY28+LNvar5fos+ZrMP5+V5Rlwcpwiqg6o+CYI9Gt4zBZIbiHi2dvzo9ngUgk7EpAq5TvBQkFwwhFby0PPjCDCmj8WlA5k/aRI1fssFjHbWLpd4DqbTma5cUP8wDRkyLDYlUfuvcuDZy2WnK8KW9YfavsvnF0A+1ADo4xYFdDTBTLFkk6wXDYeNiQ9aXHTFB5nzU35+BDZSMHuoxGOi/5SXRU1IDB0vRMN9c7azgmhYq7FcSjCvJaQCusAEnn+3TFPr0jd47w8UYryppv+Lvhv+1OxO9BVzV/9\n",
              "user_data": "IyEvdXNyL2Jpbi9lbnYgYmFzaApzZXQgLXgKZ2x1c3Rlcl95dW1fcmVsZWFzZT0iaHR0cDovL3l1bS5vcmFjbGUuY29tL3JlcG8vT3JhY2xlTGludXgvT0w3L2dsdXN0ZXI1L3g4Nl82NCIKbW91bnRfcG9pbnQ9Ii9nbHVzdGVyZnMiCnNlcnZlcl9ob3N0bmFtZV9wcmVmaXg9Imctc2VydmVyLSIKc3RvcmFnZV9zdWJuZXRfZG9tYWluX25hbWU9InN0b3JhZ2UuZ2x1c3Rlci5vcmFjbGV2Y24uY29tIgpmaWxlc3lzdGVtX3N1Ym5ldF9kb21haW5fbmFtZT0iZnMuZ2x1c3Rlci5vcmFjbGV2Y24uY29tIgp2Y25fZG9tYWluX25hbWU9ImdsdXN0ZXIub3JhY2xldmNuLmNvbSIKc2VydmVyX2ZpbGVzeXN0ZW1fdm5pY19ob3N0bmFtZV9wcmVmaXg9Imctc2VydmVyLWZzLXZuaWMtIgojIyMjIyMjIyMjIyMjIyMjIyMjIyMjIyMjIyMjIyMjIyMjIyMjIyMjIyMjIyMjIyMjIyMjIyMjIgojIyMjIyMjIyMjIyMjIyMjIyBUdXJuIE9mZiB0aGUgRmlyZXdhbGwgIyMjIyMjIyMjIyMjIyMjIgojIyMjIyMjIyMjIyMjIyMjIyMjIyMjIyMjIyMjIyMjIyMjIyMjIyMjIyMjIyMjIyMjIyMjIyMjIgplY2hvICJUdXJuaW5nIG9mZiB0aGUgRmlyZXdhbGwuLi4iCndoaWNoIGFwdC1nZXQgJj4gL2Rldi9udWxsCmlmIFsgJD8gLWVxIDAgXSA7IHRoZW4KICAgIGVjaG8gIiIgPiAvZXRjL2lwdGFibGVzL3J1bGVzLnY0CiAgICBlY2hvICIiID4gL2V0Yy9pcHRhYmxlcy9ydWxlcy52NgoKICAgIGlwdGFibGVzIC1GCiAgICBpcHRhYmxlcyAtWAogICAgaXB0YWJsZXMgLXQgbmF0IC1GCiAgICBpcHRhYmxlcyAtdCBuYXQgLVgKICAgIGlwdGFibGVzIC10IG1hbmdsZSAtRgogICAgaXB0YWJsZXMgLXQgbWFuZ2xlIC1YCiAgICBpcHRhYmxlcyAtUCBJTlBVVCBBQ0NFUFQKICAgIGlwdGFibGVzIC1QIE9VVFBVVCBBQ0NFUFQKICAgIGlwdGFibGVzIC1QIEZPUldBUkQgQUNDRVBUCmVsc2UKICAgIHNlcnZpY2UgZmlyZXdhbGxkIHN0b3AKICAgIGNoa2NvbmZpZyBmaXJld2FsbGQgb2ZmCmZpCgoKc2V0IC14CgoKIyB0dW5lZF9jb25maWcoKTogRW5hYmxlL1N0YXJ0IFR1bmVkCmZ1bmN0aW9uIHR1bmVkX2NvbmZpZygpIHsKICAvc2Jpbi9jaGtjb25maWcgdHVuZWQgb24KICAvc2Jpbi9zZXJ2aWNlIHR1bmVkIHN0YXJ0CiAgL3NiaW4vdHVuZWQtYWRtIHByb2ZpbGUgdGhyb3VnaHB1dC1wZXJmb3JtYW5jZQp9CgpmdW5jdGlvbiB0dW5lX25pY3MoKSB7CiAgbmljX2xzdD0kKGlmY29uZmlnIHwgZ3JlcCAiIGZsYWdzIiB8IGdyZXAgLXYgIl5sbzoiIHwgZ2F3ayAtRiI6IiAneyBwcmludCAkMSB9JyB8IHNvcnQpIDsgZWNobyAkbmljX2xzdAogIGZvciBuaWMgaW4gJG5pY19sc3QKICBkbwogICAgZXRodG9vbCAtRyAkbmljIHJ4IDIwNDcgdHggMjA0NyByeC1qdW1ibyA4MTkxCiAgZG9uZQp9CgpmdW5jdGlvbiB0dW5lX3N5c2N0bCgpIHsKCiAgZWNobyAibmV0LmNvcmUud21lbV9tYXg9MTY3NzcyMTYiID4+IC9ldGMvc3lzY3RsLmNvbmYKICBlY2hvICJuZXQuY29yZS5ybWVtX21heD0xNjc3NzIxNiIgPj4gL2V0Yy9zeXNjdGwuY29uZgogIGVjaG8gIm5ldC5jb3JlLndtZW1fZGVmYXVsdD0xNjc3NzIxNiIgPj4gL2V0Yy9zeXNjdGwuY29uZgogIGVjaG8gIm5ldC5jb3JlLnJtZW1fZGVmYXVsdD0xNjc3NzIxNiIgPj4gL2V0Yy9zeXNjdGwuY29uZgogIGVjaG8gIm5ldC5jb3JlLm9wdG1lbV9tYXg9MTY3NzcyMTYiID4+IC9ldGMvc3lzY3RsLmNvbmYKICBlY2hvICJuZXQuY29yZS5uZXRkZXZfbWF4X2JhY2tsb2c9MjcwMDAiID4+IC9ldGMvc3lzY3RsLmNvbmYKICBlY2hvICJrZXJuZWwuc3lzcnE9MSIgPj4gL2V0Yy9zeXNjdGwuY29uZgogIGVjaG8gImtlcm5lbC5zaG1tYXg9MTg0NDY3NDQwNzM2OTI3NzQzOTkiID4+IC9ldGMvc3lzY3RsLmNvbmYKICBlY2hvICJuZXQuY29yZS5zb21heGNvbm49ODE5MiIgPj4gL2V0Yy9zeXNjdGwuY29uZgogIGVjaG8gIm5ldC5pcHY0LnRjcF9hZHZfd2luX3NjYWxlPTIiID4+IC9ldGMvc3lzY3RsLmNvbmYKICBlY2hvICJuZXQuaXB2NC50Y3BfbG93X2xhdGVuY3k9MSIgPj4gL2V0Yy9zeXNjdGwuY29uZgogIGVjaG8gIm5ldC5pcHY0LnRjcF9ybWVtID0gMjEyOTkyIDg3MzgwIDE2Nzc3MjE2IiA+PiAvZXRjL3N5c2N0bC5jb25mCiAgZWNobyAibmV0LmlwdjQudGNwX3NhY2sgPSAxIiA+PiAvZXRjL3N5c2N0bC5jb25mCiAgZWNobyAibmV0LmlwdjQudGNwX3dpbmRvd19zY2FsaW5nID0gMSIgPj4gL2V0Yy9zeXNjdGwuY29uZgogIGVjaG8gIm5ldC5pcHY0LnRjcF93bWVtID0gMjEyOTkyIDY1NTM2IDE2Nzc3MjE2IiA+PiAvZXRjL3N5c2N0bC5jb25mCiAgZWNobyAidm0ubWluX2ZyZWVfa2J5dGVzID0gNjU1MzYiID4+IC9ldGMvc3lzY3RsLmNvbmYKICBlY2hvICJuZXQuaXB2NC50Y3Bfbm9fbWV0cmljc19zYXZlID0gMCIgPj4gL2V0Yy9zeXNjdGwuY29uZgogIGVjaG8gIm5ldC5pcHY0LnRjcF9jb25nZXN0aW9uX2NvbnRyb2wgPSBjdWJpYyIgPj4gL2V0Yy9zeXNjdGwuY29uZgogIGVjaG8gIm5ldC5pcHY0LnRjcF90aW1lc3RhbXBzID0gMCIgPj4gL2V0Yy9zeXNjdGwuY29uZgogIGVjaG8gIm5ldC5pcHY0LnRjcF9jb25nZXN0aW9uX2NvbnRyb2wgPSBodGNwIiA+PiAvZXRjL3N5c2N0bC5jb25mCgogIC9zYmluL3N5c2N0bCAtcCAvZXRjL3N5c2N0bC5jb25mCn0KCgpmdW5jdGlvbiBtb3VudF9nbHVzdGVyZnMoKSB7CiAgICBlY2hvICJzbGVlcCAtIDEwMHMiCiAgICBzbGVlcCAxMDBzCiAgICBzdWRvIG1rZGlyIC1wICR7bW91bnRfcG9pbnR9CiAgICBzdWRvIG1vdW50IC10IGdsdXN0ZXJmcyAtbyBkZWZhdWx0cyxfbmV0ZGV2LGRpcmVjdC1pby1tb2RlPWRpc2FibGUgJHtzZXJ2ZXJfZmlsZXN5c3RlbV92bmljX2hvc3RuYW1lX3ByZWZpeH0xLiR7ZmlsZXN5c3RlbV9zdWJuZXRfZG9tYWluX25hbWV9Oi9nbHVzdGVydm9sICR7bW91bnRfcG9pbnR9Cn0KCgoKCmNhdCAvZXRjL29zLXJlbGVhc2UgfCBncmVwICJeTkFNRT0iIHwgZ3JlcCAiQ2VudE9TIgppZiBbICQ/IC1lcSAwIF07IHRoZW4KICB5dW0gaW5zdGFsbCBnbHVzdGVyZnMgZ2x1c3RlcmZzLWZ1c2UgYXR0ciAteSAtLW5vZ3BnY2hlY2sKZWxzZQogICMgRW5hYmxlIGxhdGVzdCBPcmFjbGUgTGludXggR2x1c3RlciByZWxlYXNlCiAgeXVtLWNvbmZpZy1tYW5hZ2VyIC0tYWRkLXJlcG8gJGdsdXN0ZXJfeXVtX3JlbGVhc2UKICBzdWRvIHl1bSBpbnN0YWxsIGdsdXN0ZXJmcyBnbHVzdGVyZnMtZnVzZSBhdHRyIC15CmZpCgojIyMgdHVuZWRfY29uZmlnCiMjIyB0dW5lX25pY3MKIyMjIHR1bmVfc3lzY3RsCgptb3VudF9nbHVzdGVyZnMKd2hpbGUgWyAkPyAtbmUgMCBdOyBkbwogICAgbW91bnRfZ2x1c3RlcmZzCmRvbmUKCnRvdWNoIC90bXAvbW91bnQuY29tcGxldGUKCmVjaG8gIiR7c2VydmVyX2ZpbGVzeXN0ZW1fdm5pY19ob3N0bmFtZV9wcmVmaXh9MS4ke2ZpbGVzeXN0ZW1fc3VibmV0X2RvbWFpbl9uYW1lfTovZ2x1c3RlcnZvbCAke21vdW50X3BvaW50fSBnbHVzdGVyZnMgZGVmYXVsdHMsX25ldGRldixkaXJlY3QtaW8tbW9kZT1kaXNhYmxlIDAgMCIgPj4gL2V0Yy9mc3RhYgoKCgoK"
            },
            "platform_config": [],
            "preemptible_instance_config": [],
            "preserve_boot_volume": null,
            "private_ip": "10.0.2.204",
            "public_ip": "",
            "region": "iad",
            "shape": "VM.Standard2.24",
            "shape_config": [
              {
                "baseline_ocpu_utilization": "",
                "gpu_description": "",
                "gpus": 0,
                "local_disk_description": "",
                "local_disks": 0,
                "local_disks_total_size_in_gbs": 0,
                "max_vnic_attachments": 24,
                "memory_in_gbs": 320,
                "networking_bandwidth_in_gbps": 24.600000381469727,
                "ocpus": 24,
                "processor_description": "2.0 GHz Intel® Xeon® Platinum 8167M (Skylake)"
              }
            ],
            "source_details": [
              {
                "boot_volume_size_in_gbs": "47",
                "kms_key_id": "",
                "source_id": "ocid1.image.oc1.iad.aaaaaaaamoajldhwrmbzx7s4xnrajj5b7nfrnutuebgwne4bxc7vpiap3gga",
                "source_type": "image"
              }
            ],
            "state": "RUNNING",
            "subnet_id": "ocid1.subnet.oc1.iad.aaaaaaaa4tlrx72ttuzc7wlmagrtdootlfwxc6kqg5mgntbwbqt3fgj6mbdq",
            "system_tags": {},
            "time_created": "2021-06-22 19:47:46.509 +0000 UTC",
            "time_maintenance_reboot_due": "",
            "timeouts": {
              "create": "120m",
              "delete": null,
              "update": null
            }
          },
          "private": "eyJlMmJmYjczMC1lY2FhLTExZTYtOGY4OC0zNDM2M2JjN2M0YzAiOnsiY3JlYXRlIjo3MjAwMDAwMDAwMDAwLCJkZWxldGUiOjI3MDAwMDAwMDAwMDAsInVwZGF0ZSI6MjcwMDAwMDAwMDAwMH19",
          "dependencies": [
            "oci_core_nat_gateway.nat_gateway",
            "oci_core_route_table.private_route_table",
            "oci_core_security_list.private_security_list",
            "oci_core_subnet.fs",
            "oci_core_subnet.storage",
            "oci_core_vcn.vcn",
            "oci_identity_tag.ArchitectureCenterTag",
            "oci_identity_tag_namespace.ArchitectureCenterTagNamespace",
            "tls_private_key.public_private_key_pair"
          ]
        }
      ]
    },
    {
      "mode": "managed",
      "type": "oci_core_instance",
      "name": "gluster_server",
      "each": "list",
      "provider": "provider.oci",
      "instances": [
        {
          "index_key": 0,
          "schema_version": 0,
          "attributes": {
            "agent_config": [
              {
                "are_all_plugins_disabled": false,
                "is_management_disabled": false,
                "is_monitoring_disabled": false,
                "plugins_config": []
              }
            ],
            "availability_config": [
              {
                "is_live_migration_preferred": false,
                "recovery_action": "RESTORE_INSTANCE"
              }
            ],
            "availability_domain": "VXpT:US-ASHBURN-AD-1",
            "boot_volume_id": "ocid1.bootvolume.oc1.iad.abuwcljtyod4nfy42y5mj6i6remdbwkjpc6m3z6ogfq4ubqwz3m32ppjaoia",
            "capacity_reservation_id": null,
            "compartment_id": "ocid1.compartment.oc1..aaaaaaaamgpf7b5zhfwqc3cttmhatl3eqxl6uztmhozk52h2qbh4iytjvrsa",
            "create_vnic_details": [
              {
                "assign_public_ip": "false",
                "defined_tags": {
                  "ArchitectureCenter\\deploy-glusterfs.release": "1.0",
                  "Oracle-Tag.CreatedBy": "oguz",
                  "Oracle-Tag.CreatedOn": "2021-06-22T19:47:31.633Z",
                  "emergingtech.instanceprinciple": "not-allowed"
                },
                "display_name": "g-server-1",
                "freeform_tags": {},
                "hostname_label": "g-server-1",
                "nsg_ids": null,
                "private_ip": "10.0.1.101",
                "skip_source_dest_check": false,
                "subnet_id": "ocid1.subnet.oc1.iad.aaaaaaaa37ivpeuvx7xzshw6elwcfkqnuknmoccati6kq5qlv23z2earauja",
                "vlan_id": ""
              }
            ],
            "dedicated_vm_host_id": null,
            "defined_tags": {
              "ArchitectureCenter\\deploy-glusterfs.release": "1.0",
              "Oracle-Tag.CreatedBy": "oguz",
              "Oracle-Tag.CreatedOn": "2021-06-22T19:47:31.311Z",
              "emergingtech.instanceprinciple": "not-allowed"
            },
            "display_name": "g-server-1",
            "extended_metadata": null,
            "fault_domain": "FAULT-DOMAIN-1",
            "freeform_tags": {},
            "hostname_label": "g-server-1",
            "id": "ocid1.instance.oc1.iad.anuwcljtpwneysacesm66ufqfkmcdod3npeltis2oyk2xvbii67zid3v4ela",
            "image": "ocid1.image.oc1.iad.aaaaaaaamoajldhwrmbzx7s4xnrajj5b7nfrnutuebgwne4bxc7vpiap3gga",
            "instance_options": [
              {
                "are_legacy_imds_endpoints_disabled": false
              }
            ],
            "ipxe_script": null,
            "is_pv_encryption_in_transit_enabled": null,
            "launch_mode": "PARAVIRTUALIZED",
            "launch_options": [
              {
                "boot_volume_type": "ISCSI",
                "firmware": "UEFI_64",
                "is_consistent_volume_naming_enabled": true,
                "is_pv_encryption_in_transit_enabled": false,
                "network_type": "PARAVIRTUALIZED",
                "remote_data_volume_type": "ISCSI"
              }
            ],
            "metadata": {
              "ssh_authorized_keys": "ssh-rsa AAAAB3NzaC1yc2EAAAADAQABAAABAQDKJYoYr0xjB5htiYODTHDCQWOb0KjFpjbFoGWk48kEEFiBoVPIpELY28+LNvar5fos+ZrMP5+V5Rlwcpwiqg6o+CYI9Gt4zBZIbiHi2dvzo9ngUgk7EpAq5TvBQkFwwhFby0PPjCDCmj8WlA5k/aRI1fssFjHbWLpd4DqbTma5cUP8wDRkyLDYlUfuvcuDZy2WnK8KW9YfavsvnF0A+1ADo4xYFdDTBTLFkk6wXDYeNiQ9aXHTFB5nzU35+BDZSMHuoxGOi/5SXRU1IDB0vRMN9c7azgmhYq7FcSjCvJaQCusAEnn+3TFPr0jd47w8UYryppv+Lvhv+1OxO9BVzV/9\n",
              "user_data": "IyEvdXNyL2Jpbi9lbnYgYmFzaApzZXQgLXgKZ2x1c3Rlcl95dW1fcmVsZWFzZT0iaHR0cDovL3l1bS5vcmFjbGUuY29tL3JlcG8vT3JhY2xlTGludXgvT0w3L2dsdXN0ZXI1L3g4Nl82NCIKc2VydmVyX25vZGVfY291bnQ9IjMiCnNlcnZlcl9ob3N0bmFtZV9wcmVmaXg9Imctc2VydmVyLSIKZGlza19zaXplPSI4MDAiCmRpc2tfY291bnQ9IjgiCm51bV9vZl9kaXNrc19pbl9icmljaz0iMSIKcmVwbGljYT0iMSIKdm9sdW1lX3R5cGVzPSJEaXN0cmlidXRlZCIKYmxvY2tfc2l6ZT0iMTI4IgpzdG9yYWdlX3N1Ym5ldF9kb21haW5fbmFtZT0ic3RvcmFnZS5nbHVzdGVyLm9yYWNsZXZjbi5jb20iCmZpbGVzeXN0ZW1fc3VibmV0X2RvbWFpbl9uYW1lPSJmcy5nbHVzdGVyLm9yYWNsZXZjbi5jb20iCnZjbl9kb21haW5fbmFtZT0iZ2x1c3Rlci5vcmFjbGV2Y24uY29tIgpzZXJ2ZXJfZmlsZXN5c3RlbV92bmljX2hvc3RuYW1lX3ByZWZpeD0iZy1zZXJ2ZXItZnMtdm5pYy0iCnNlcnZlcl9kdWFsX25pY3M9InRydWUiCiMjIyMjIyMjIyMjIyMjIyMjIyMjIyMjIyMjIyMjIyMjIyMjIyMjIyMjIyMjIyMjIyMjIyMjIyMiCiMjIyMjIyMjIyMjIyMjIyMjIFR1cm4gT2ZmIHRoZSBGaXJld2FsbCAjIyMjIyMjIyMjIyMjIyMiCiMjIyMjIyMjIyMjIyMjIyMjIyMjIyMjIyMjIyMjIyMjIyMjIyMjIyMjIyMjIyMjIyMjIyMjIyMiCmVjaG8gIlR1cm5pbmcgb2ZmIHRoZSBGaXJld2FsbC4uLiIKd2hpY2ggYXB0LWdldCAmPiAvZGV2L251bGwKaWYgWyAkPyAtZXEgMCBdIDsgdGhlbgogICAgZWNobyAiIiA+IC9ldGMvaXB0YWJsZXMvcnVsZXMudjQKICAgIGVjaG8gIiIgPiAvZXRjL2lwdGFibGVzL3J1bGVzLnY2CgogICAgaXB0YWJsZXMgLUYKICAgIGlwdGFibGVzIC1YCiAgICBpcHRhYmxlcyAtdCBuYXQgLUYKICAgIGlwdGFibGVzIC10IG5hdCAtWAogICAgaXB0YWJsZXMgLXQgbWFuZ2xlIC1GCiAgICBpcHRhYmxlcyAtdCBtYW5nbGUgLVgKICAgIGlwdGFibGVzIC1QIElOUFVUIEFDQ0VQVAogICAgaXB0YWJsZXMgLVAgT1VUUFVUIEFDQ0VQVAogICAgaXB0YWJsZXMgLVAgRk9SV0FSRCBBQ0NFUFQKZWxzZQogICAgc2VydmljZSBmaXJld2FsbGQgc3RvcAogICAgY2hrY29uZmlnIGZpcmV3YWxsZCBvZmYKZmkKCgpzZXQgLXgKCgplY2hvICJzZXJ2ZXJfbm9kZV9jb3VudCA9ICRzZXJ2ZXJfbm9kZV9jb3VudCIKZWNobyAic2VydmVyX2hvc3RuYW1lX3ByZWZpeCA9ICRzZXJ2ZXJfaG9zdG5hbWVfcHJlZml4IgoKIyBibG9ja19zaXplIGlzIGV4cGVjdGVkIGJlIHRvIG51bWVyaWNhbCBvbmx5LCBidXQgc3RpbGwgY2hlY2sgYW5kIHJlbW92ZSBrLEssa2IsS0IgdGhlbSwgaWYgdGhleSBleGlzdC4gCmx2bV9zdHJpcGVfc2l6ZT1gZWNobyAkYmxvY2tfc2l6ZSB8IGdhd2sgLUYia3xLfEtCfGtiIiAnIHsgcHJpbnQgJDEgfSdgIDsKZWNobyAkbHZtX3N0cmlwZV9zaXplOwoKIyBsaXN0X2xlbmd0aCgpOiBSZXR1cm4gdGhlIGxlbmd0aCBvZiB0aGUgbGlzdApmdW5jdGlvbiBsaXN0X2xlbmd0aCgpIHsKICBlY2hvICQod2MgLXcgPDw8ICIkQCIpCn0KCgpmdW5jdGlvbiB1cGRhdGVfcmVzb2x2Y29uZiB7CiAgICAjIyMjIyMjIyMjIyMjIyMjIyAgIFVwZGF0ZSByZXNvbHYuY29uZiAgIyMjIyMjIyMjIyMjIyMjIgogICAgIyMgTW9kaWZ5IHJlc29sdi5jb25mIHRvIGVuc3VyZSBETlMgbG9va3VwcyB3b3JrIGZyb20gb25lIHByaXZhdGUgc3VibmV0IHRvIGFub3RoZXIgc3VibmV0CiAgICBjcCAvZXRjL3Jlc29sdi5jb25mIC9ldGMvcmVzb2x2LmNvbmYuYmFja3VwCiAgICBybSAtZiAvZXRjL3Jlc29sdi5jb25mCiAgICBlY2hvICJzZWFyY2ggJHtzdG9yYWdlX3N1Ym5ldF9kb21haW5fbmFtZX0gJHtmaWxlc3lzdGVtX3N1Ym5ldF9kb21haW5fbmFtZX0gJHt2Y25fZG9tYWluX25hbWV9ICIgPiAvZXRjL3Jlc29sdi5jb25mCiAgICBlY2hvICJuYW1lc2VydmVyIDE2OS4yNTQuMTY5LjI1NCIgPj4gL2V0Yy9yZXNvbHYuY29uZgp9CgojIHR1bmVkX2NvbmZpZygpOiBFbmFibGUvU3RhcnQgVHVuZWQKZnVuY3Rpb24gdHVuZWRfY29uZmlnKCkgewogIC9zYmluL2Noa2NvbmZpZyB0dW5lZCBvbgogIC9zYmluL3NlcnZpY2UgdHVuZWQgc3RhcnQKICAvc2Jpbi90dW5lZC1hZG0gcHJvZmlsZSB0aHJvdWdocHV0LXBlcmZvcm1hbmNlCgogIC9zYmluL3NlcnZpY2UgaXJxYmFsYW5jZSBzdG9wCiAgL3NiaW4vY2hrY29uZmlnIGlycWJhbGFuY2Ugb2ZmCn0KCmZ1bmN0aW9uIGNvbmZpZ3VyZV9uaWNzKCkgewogICAjIFdlIHVzZSAyIFZOSUNzIC0gaXJyZXNwZWN0aXZlIG9mIEJNL1ZNLiBPbmUgZm9yIHN0b3JhZ2UgdHJhZmZpYywgYW5vdGhlciBmb3Igc2VydmVyL2NsaWVudCB0cmFmZmljCgogICAjIFdhaXQgdGlsbCAybmQgTklDIGlzIGNvbmZpZ3VyZWQKICAgcHJpdmF0ZUlwPWBjdXJsIC1zIGh0dHA6Ly8xNjkuMjU0LjE2OS4yNTQvb3BjL3YxL3ZuaWNzLyB8IGpxICcuWzFdLnByaXZhdGVJcCAnIHwgc2VkICdzLyIvL2cnIGAgOwogICBlY2hvICRwcml2YXRlSXAgfCBncmVwICJcLiIgOwogICB3aGlsZSBbICQ/IC1uZSAwIF07CiAgIGRvCiAgICAgc2xlZXAgMTBzCiAgICAgZWNobyAiV2FpdGluZyBmb3IgMm5kIFBoeXNpY2FsIE5JQyB0byBnZXQgY29uZmlndXJlZCB3aXRoIGhvc3RuYW1lIgogICAgIHByaXZhdGVJcD1gY3VybCAtcyBodHRwOi8vMTY5LjI1NC4xNjkuMjU0L29wYy92MS92bmljcy8gfCBqcSAnLlsxXS5wcml2YXRlSXAgJyB8IHNlZCAncy8iLy9nJyBgIDsKICAgICBlY2hvICRwcml2YXRlSXAgfCBncmVwICJcLiIgOwogICBkb25lCiAgIHZuaWNJZD1gY3VybCAtcyBodHRwOi8vMTY5LjI1NC4xNjkuMjU0L29wYy92MS92bmljcy8gfCBqcSAnLlsxXS52bmljSWQgJyB8IHNlZCAncy8iLy9nJyBgIDsKICAgbWFjQWRkcj1gY3VybCAtcyBodHRwOi8vMTY5LjI1NC4xNjkuMjU0L29wYy92MS92bmljcy8gfCBqcSAnLlsxXS5tYWNBZGRyICcgfCBzZWQgJ3MvIi8vZycgYCA7CiAgIHN1Ym5ldENpZHJCbG9jaz1gY3VybCAtcyBodHRwOi8vMTY5LjI1NC4xNjkuMjU0L29wYy92MS92bmljcy8gfCBqcSAnLlsxXS5zdWJuZXRDaWRyQmxvY2sgJyB8IHNlZCAncy8iLy9nJyBgIDsKICAgc2xlZXAgMzBzCiAgIHdnZXQgLU8gc2Vjb25kYXJ5X3ZuaWNfYWxsX2NvbmZpZ3VyZS5zaCBodHRwczovL2RvY3MuY2xvdWQub3JhY2xlLmNvbS9lbi11cy9pYWFzL0NvbnRlbnQvUmVzb3VyY2VzL0Fzc2V0cy9zZWNvbmRhcnlfdm5pY19hbGxfY29uZmlndXJlLnNoCiAgIGNobW9kICt4IHNlY29uZGFyeV92bmljX2FsbF9jb25maWd1cmUuc2gKICAgLi9zZWNvbmRhcnlfdm5pY19hbGxfY29uZmlndXJlLnNoIC1jCiAgIHNsZWVwIDMwcwojIFNvbWV0aW1lcywgImlwIGFkZHIiICwgaXQgcmV0dXJuZWQgZW1wdHkuIGhlbmNlIGFkZGVkIGFub3RoZXIgY29tbWFuZC4KICAgaW50ZXJmYWNlPWBpcCBhZGRyIHwgZ3JlcCAtQjIgJHByaXZhdGVJcCB8IGdyZXAgIkJST0FEQ0FTVCIgfCBnYXdrIC1GICI6IiAnIHsgcHJpbnQgJDIgfSAnIHwgc2VkIC1lICdzL15bIFx0XSovLydgCiAgIGludGVyZmFjZT1gLi9zZWNvbmRhcnlfdm5pY19hbGxfY29uZmlndXJlLnNoICB8IGdyZXAgJHZuaWNJZCB8ICBnYXdrIC1GICIgIiAnIHsgcHJpbnQgJDggfSAnIHwgc2VkIC1lICdzL15bIFx0XSovLydgCgogICBlY2hvICIkc3VibmV0Q2lkckJsb2NrIHZpYSAkcHJpdmF0ZUlwIGRldiAkaW50ZXJmYWNlIiA+ICAvZXRjL3N5c2NvbmZpZy9uZXR3b3JrLXNjcmlwdHMvcm91dGUtJGludGVyZmFjZQogICBlY2hvICJQZXJtYW5lbnRseSBjb25maWd1cmUgMm5kIFZOSUMuLi4kaW50ZXJmYWNlIgogICBlY2hvICJERVZJQ0U9JGludGVyZmFjZQpIV0FERFI9JG1hY0FkZHIKT05CT09UPXllcwpUWVBFPUV0aGVybmV0ClVTRVJDVEw9bm8KSVBBRERSPSRwcml2YXRlSXAKTkVUTUFTSz0yNTUuMjU1LjI1NS4wCk1UVT05MDAwCk5NX0NPTlRST0xMRUQ9bm8KIiA+IC9ldGMvc3lzY29uZmlnL25ldHdvcmstc2NyaXB0cy9pZmNmZy0kaW50ZXJmYWNlCgogICAgc3lzdGVtY3RsIHN0YXR1cyBuZXR3b3JrLnNlcnZpY2UKICAgIGlmZG93biAkaW50ZXJmYWNlCiAgICBpZnVwICRpbnRlcmZhY2UKCiAgICBTZWNvbmRWTmljRlFETkhvc3RuYW1lPWBuc2xvb2t1cCAkcHJpdmF0ZUlwIHwgZ3JlcCAibmFtZSA9ICIgfCBnYXdrIC1GIj0iICd7IHByaW50ICQyIH0nIHwgc2VkICAic3xeIHx8ZyIgfCBzZWQgICJzfFwuJHx8ZyJgCiAgICBUSElTX0ZRRE49JFNlY29uZFZOaWNGUUROSG9zdG5hbWUKICAgIFRISVNfSE9TVD0ke1RISVNfRlFETiUlLip9CiAgICBTZWNvbmRWTklDRG9tYWluTmFtZT0ke1RISVNfRlFETiMqLip9Cn0KCmZ1bmN0aW9uIHR1bmVfbmljcygpIHsKICBuaWNfbHN0PSQoaWZjb25maWcgfCBncmVwICIgZmxhZ3MiIHwgZ3JlcCAtdiAiXmxvOiIgfCBnYXdrIC1GIjoiICd7IHByaW50ICQxIH0nIHwgc29ydCkgOyBlY2hvICRuaWNfbHN0CiAgZm9yIG5pYyBpbiAkbmljX2xzdAogIGRvCiAgICBldGh0b29sIC1HICRuaWMgcnggMjA0NyB0eCAyMDQ3IHJ4LWp1bWJvIDgxOTEKICBkb25lCn0KCgoKZnVuY3Rpb24gdHVuZV9zeXNjdGwoKSB7CiAgZWNobyAibmV0LmNvcmUud21lbV9tYXg9MTY3NzcyMTYiID4+IC9ldGMvc3lzY3RsLmNvbmYKICBlY2hvICJuZXQuY29yZS5ybWVtX21heD0xNjc3NzIxNiIgPj4gL2V0Yy9zeXNjdGwuY29uZgogIGVjaG8gIm5ldC5jb3JlLndtZW1fZGVmYXVsdD0xNjc3NzIxNiIgPj4gL2V0Yy9zeXNjdGwuY29uZgogIGVjaG8gIm5ldC5jb3JlLnJtZW1fZGVmYXVsdD0xNjc3NzIxNiIgPj4gL2V0Yy9zeXNjdGwuY29uZgogIGVjaG8gIm5ldC5jb3JlLm9wdG1lbV9tYXg9MTY3NzcyMTYiID4+IC9ldGMvc3lzY3RsLmNvbmYKICBlY2hvICJuZXQuY29yZS5uZXRkZXZfbWF4X2JhY2tsb2c9MjcwMDAiID4+IC9ldGMvc3lzY3RsLmNvbmYKICBlY2hvICJrZXJuZWwuc3lzcnE9MSIgPj4gL2V0Yy9zeXNjdGwuY29uZgogIGVjaG8gImtlcm5lbC5zaG1tYXg9MTg0NDY3NDQwNzM2OTI3NzQzOTkiID4+IC9ldGMvc3lzY3RsLmNvbmYKICBlY2hvICJuZXQuY29yZS5zb21heGNvbm49ODE5MiIgPj4gL2V0Yy9zeXNjdGwuY29uZgogIGVjaG8gIm5ldC5pcHY0LnRjcF9hZHZfd2luX3NjYWxlPTIiID4+IC9ldGMvc3lzY3RsLmNvbmYKICBlY2hvICJuZXQuaXB2NC50Y3BfbG93X2xhdGVuY3k9MSIgPj4gL2V0Yy9zeXNjdGwuY29uZgogIGVjaG8gIm5ldC5pcHY0LnRjcF9ybWVtID0gMjEyOTkyIDg3MzgwIDE2Nzc3MjE2IiA+PiAvZXRjL3N5c2N0bC5jb25mCiAgZWNobyAibmV0LmlwdjQudGNwX3NhY2sgPSAxIiA+PiAvZXRjL3N5c2N0bC5jb25mCiAgZWNobyAibmV0LmlwdjQudGNwX3dpbmRvd19zY2FsaW5nID0gMSIgPj4gL2V0Yy9zeXNjdGwuY29uZgogIGVjaG8gIm5ldC5pcHY0LnRjcF93bWVtID0gMjEyOTkyIDY1NTM2IDE2Nzc3MjE2IiA+PiAvZXRjL3N5c2N0bC5jb25mCiAgZWNobyAidm0ubWluX2ZyZWVfa2J5dGVzID0gNjU1MzYiID4+IC9ldGMvc3lzY3RsLmNvbmYKICBlY2hvICJuZXQuaXB2NC50Y3Bfbm9fbWV0cmljc19zYXZlID0gMCIgPj4gL2V0Yy9zeXNjdGwuY29uZgogIGVjaG8gIm5ldC5pcHY0LnRjcF9jb25nZXN0aW9uX2NvbnRyb2wgPSBjdWJpYyIgPj4gL2V0Yy9zeXNjdGwuY29uZgogIGVjaG8gIm5ldC5pcHY0LnRjcF90aW1lc3RhbXBzID0gMCIgPj4gL2V0Yy9zeXNjdGwuY29uZgogIGVjaG8gIm5ldC5pcHY0LnRjcF9jb25nZXN0aW9uX2NvbnRyb2wgPSBodGNwIiA+PiAvZXRjL3N5c2N0bC5jb25mCgogIC9zYmluL3N5c2N0bCAtcCAvZXRjL3N5c2N0bC5jb25mCn0KCgpjb25maWdfbm9kZSgpCnsKICAgICMgRGlzYWJsZSBmaXJld2FsbGQgVE9ETzogQWRkIGZpcmV3YWxsIHNldHRpbmdzIHRvIG5vZGUgaW4gZnV0dXJlIHJldi4KICAgIHN5c3RlbWN0bCBzdG9wIGZpcmV3YWxsZAogICAgc3lzdGVtY3RsIGRpc2FibGUgZmlyZXdhbGxkCgogICAgIyBEaXNhYmxlIFNFTGludXgKICAgIGNwIC9ldGMvc2VsaW51eC9jb25maWcgL2V0Yy9zZWxpbnV4L2NvbmZpZy5iYWNrdXAKICAgIHNlZCAtaSAncy9TRUxJTlVYPWVuZm9yY2luZy9TRUxJTlVYPWRpc2FibGVkL2cnIC9ldGMvc2VsaW51eC9jb25maWcKICAgIHNldGVuZm9yY2UgMAoKICAgIGNhdCAvZXRjL29zLXJlbGVhc2UgfCBncmVwICJeTkFNRT0iIHwgZ3JlcCAiQ2VudE9TIgogICAgaWYgWyAkPyAtZXEgMCBdOyB0aGVuCiAgICAgIHl1bSBpbnN0YWxsIC15IGNlbnRvcy1yZWxlYXNlLWdsdXN0ZXIgLS1ub2dwZ2NoZWNrCiAgICAgIHl1bSBpbnN0YWxsIGdsdXN0ZXJmcy1zZXJ2ZXIgLXkKICAgICAgeXVtIGluc3RhbGwgLXkgc2FtYmEgZ2l0IG52bWUtY2xpCiAgICBlbHNlCiAgICAgICMgRW5hYmxlIGxhdGVzdCBPcmFjbGUgTGludXggR2x1c3RlciByZWxlYXNlCiAgICAgICN5dW0tY29uZmlnLW1hbmFnZXIgLS1hZGQtcmVwbyAkZ2x1c3Rlcl95dW1fcmVsZWFzZQogICAgICAjeXVtIGluc3RhbGwgLXkgZ2x1c3RlcmZzLXNlcnZlciBzYW1iYSBnaXQgbnZtZS1jbGkKICAgICAgeXVtIGluc3RhbGwgLXkgb3JhY2xlLWdsdXN0ZXItcmVsZWFzZS1lbDcKICAgICAgeXVtLWNvbmZpZy1tYW5hZ2VyIC0tZW5hYmxlIG9sN19nbHVzdGVyNiBvbDdfYWRkb25zIG9sN19sYXRlc3Qgb2w3X29wdGlvbmFsX2xhdGVzdCBvbDdfVUVLUjUKICAgICAgeXVtIGluc3RhbGwgLXkgZ2x1c3RlcmZzLXNlcnZlciBzYW1iYSBnaXQgbnZtZS1jbGkKICAgIGZpCiAgICB0b3VjaCAvdmFyL2xvZy9DT05GSUdfQ09NUExFVEUKfQoKCm1ha2VfZmlsZXN5c3RlbSgpCnsKICAgICMgQ3JlYXRlIExvZ2ljYWwgVm9sdW1lIGZvciBHbHVzdGVyIEJyaWNrCiAgICBsdmNyZWF0ZSAtbCAxMDAlVkcgLS1zdHJpcGVzICRsdm1fc3RyaXBlc19jbnQgLS1zdHJpcGVzaXplICIke2Jsb2NrX3NpemV9SyIgLW4gJGJyaWNrX25hbWUgJHZnX2dsdXN0ZXJfbmFtZQogICAgbHZkaXNwbGF5CgogICAgIyBDcmVhdGUgWEZTIGZpbGVzeXN0ZW0gd2l0aCBJbm9kZXMgc2V0IGF0IDUxMiBhbmQgRGlyZWN0b3J5IGJsb2NrIHNpemUgYXQgODE5MgogICAgIyBhbmQgc2V0IHRoZSBzdSBhbmQgc3cgZm9yIG9wdGltYWwgc3RyaXBlIHBlcmZvcm1hbmNlCiAgICAjIGx2bV9zdHJpcGVfc2l6ZSBpcyBhc3N1bWVkIHRvIGJlIGluIEtCLCBoZW5jZSBtdWx0aXBseSBieSAxMDI0IHRvIGNvbnZlcnQgdG8gYnl0ZXMuCiAgICAjIHN1IG11c3QgYmUgYSBtdWx0aXBsZSBvZiB0aGUgc2VjdG9yIHNpemUgKDQwOTYpCiAgICAjIHN3IG11c3QgYmUgZXF1YWwgdG8gIyBvZiBkaXNrIHdpdGhpbiBSQUlEIG9yIExWTS4KICAgIHN1PSQoKGJsb2NrX3NpemUqMTAyNCkpIDsgIGVjaG8gJHN1CiAgICBzdz0kKChsdm1fc3RyaXBlc19jbnQpKSA7IGVjaG8gJHN3CiAgICBta2ZzLnhmcyAtZiAtaSBzaXplPTUxMiAtbiBzaXplPTgxOTIgLWQgc3U9JHtzdX0sc3c9JHtzd30gL2Rldi8ke3ZnX2dsdXN0ZXJfbmFtZX0vJHticmlja19uYW1lfQogICAgbWtkaXIgLXAgL2JyaWNrcy8ke2JyaWNrX25hbWV9CiAgICBtb3VudCAtdCB4ZnMgLW8gbm9hdGltZSxpbm9kZTY0LG5vYmFycmllciAvZGV2LyR7dmdfZ2x1c3Rlcl9uYW1lfS8ke2JyaWNrX25hbWV9IC9icmlja3MvJHticmlja19uYW1lfQogICAgZWNobyAiL2Rldi8ke3ZnX2dsdXN0ZXJfbmFtZX0vJHticmlja19uYW1lfSAgL2JyaWNrcy8ke2JyaWNrX25hbWV9ICAgIHhmcyAgICAgbm9hdGltZSxpbm9kZTY0LG5vYmFycmllciAgMSAyIiA+PiAvZXRjL2ZzdGFiCiAgICBkZiAtaAoKICAgICMgQ3JlYXRlIGdsdXN0ZXIgYnJpY2sKICAgIG1rZGlyIC1wIC9icmlja3MvJHticmlja19uYW1lfS9icmljawp9CgpjcmVhdGVfYnJpY2tzKCkKewoKICBudm1lX2xzdD0kKGxzIC9kZXYvIHwgZ3JlcCBudm1lIHwgZ3JlcCBuMSB8IHNvcnQpCiAgbnZtZV9jbnQ9JChscyAvZGV2LyB8IGdyZXAgbnZtZSB8IGdyZXAgbjEgfCB3YyAtbCkKCiAgaWYgWyAkbnZtZV9jbnQgLWd0IDAgXTsgdGhlbgoKICBicmlja19jb3VudGVyPTEKICBjb3VudD0xCiAgIyBDb25maWd1cmUgcGh5c2ljYWwgdm9sdW1lcyBhbmQgdm9sdW1lIGdyb3VwCiAgICAgIGZvciBkaXNrIGluICRudm1lX2xzdAogICAgICBkbwogICAgICAgICAgZGF0YWFsaWdubWVudD0kKChibG9ja19zaXplKSk7IGVjaG8gJGRhdGFhbGlnbm1lbnQ7CiAgICAgICAgICBwdmNyZWF0ZSAtLWRhdGFhbGlnbm1lbnQgJGRhdGFhbGlnbm1lbnQgIC9kZXYvJGRpc2sKICAgICAgICAgIHBoeXNpY2FsZXh0ZW50c2l6ZT0iJHtibG9ja19zaXplfUsiOyAgZWNobyAkcGh5c2ljYWxleHRlbnRzaXplCiAgICAgICAgICB2Z2NyZWF0ZSAgLS1waHlzaWNhbGV4dGVudHNpemUgJHBoeXNpY2FsZXh0ZW50c2l6ZSB2Z19nbHVzdGVyXyR7YnJpY2tfY291bnRlcn0gL2Rldi8kZGlzawogICAgICAgICAgdmdleHRlbmQgdmdfZ2x1c3Rlcl8ke2JyaWNrX2NvdW50ZXJ9IC9kZXYvJGRpc2sKICAgICAgICAgIHZnZGlzcGxheQogICAgICAgICAgYnJpY2tfbmFtZT0iYnJpY2ske2JyaWNrX2NvdW50ZXJ9IgogICAgICAgICAgbHZtX2Rpc2tfY291bnQ9MQogICAgICAgICAgdmdfZ2x1c3Rlcl9uYW1lPSJ2Z19nbHVzdGVyXyR7YnJpY2tfY291bnRlcn0iCiAgICAgICAgICBsdm1fc3RyaXBlc19jbnQ9MQogICAgICAgICAgbWFrZV9maWxlc3lzdGVtCiAgICAgICAgICBicmlja19jb3VudGVyPSQoKGJyaWNrX2NvdW50ZXIrMSkpCiAgICAgICAgICBjb3VudD0kKChjb3VudCsxKSkKICAgICAgZG9uZQogIGZpCgogICMgV2FpdCBmb3IgYmxvY2stYXR0YWNoIG9mIHRoZSBCbG9jayB2b2x1bWVzIHRvIGNvbXBsZXRlLiBUZXJyYWZvcm0gdGhlbiBjcmVhdGVzIHRoZSBiZWxvdyBmaWxlIG9uIHNlcnZlciBub2RlcyBvZiBjbHVzdGVyLgogIHdoaWxlIFsgISAtZiAvdG1wL2Jsb2NrLWF0dGFjaC5jb21wbGV0ZSBdCiAgICBkbwogICAgICBzbGVlcCA2MHMKICAgICAgZWNobyAiV2FpdGluZyBmb3IgYmxvY2stYXR0YWNoIHZpYSBUZXJyYWZvcm0gdG8gIGNvbXBsZXRlIC4uLiIKICAgIGRvbmUKCgogICMgR2F0aGVyIGxpc3Qgb2YgYmxvY2sgZGV2aWNlcyBmb3IgYnJpY2sgY29uZmlnCiAgYmxrX2xzdD0kKGxzYmxrIC1kIC0tbm9oZWFkaW5ncyB8IGdyZXAgLXYgc2RhIHwgZ3JlcCAtdiBudm1lIHwgYXdrICd7IHByaW50ICQxIH0nIHwgc29ydCkKICBibGtfY250PSQobHNibGsgLWQgLS1ub2hlYWRpbmdzIHwgZ3JlcCAtdiBzZGEgfCBncmVwIC12IG52bWUgfCB3YyAtbCkKCiAgIyB0byBwcmV2ZW50IG92ZXJsYXBwaW5nIHdpdGggbnZtZSBicmljayBuYW1lcy4KICBzdGFydF9pbmRleD0xMAogICMgcmVzZXQgdGhlIGNvdW50ZXJzLgogIGRpc2tfcGVyX2JyaWNrX2NvdW50ZXI9MAogIGJyaWNrX2NvdW50ZXI9MQogIGNvdW50PTEKCiAgaWYgWyAkYmxrX2NudCAtZ2UgJG51bV9vZl9kaXNrc19pbl9icmljayBdOyB0aGVuCgogICAgIyBDb25maWd1cmUgcGh5c2ljYWwgdm9sdW1lcyBhbmQgdm9sdW1lIGdyb3VwCiAgICBmb3IgZGlzayBpbiAkYmxrX2xzdAogICAgZG8KICAgICAgICBpbmRleD0kKChicmlja19jb3VudGVyK3N0YXJ0X2luZGV4KSkKICAgICAgICBkYXRhYWxpZ25tZW50PSQoKG51bV9vZl9kaXNrc19pbl9icmljaypibG9ja19zaXplKSk7IGVjaG8gJGRhdGFhbGlnbm1lbnQ7CiAgICAgICAgcHZjcmVhdGUgLS1kYXRhYWxpZ25tZW50ICRkYXRhYWxpZ25tZW50ICAvZGV2LyRkaXNrCiAgICAgICAgcGh5c2ljYWxleHRlbnRzaXplPSIke2Jsb2NrX3NpemV9SyI7ICBlY2hvICRwaHlzaWNhbGV4dGVudHNpemUKICAgICAgICB2Z2NyZWF0ZSAgLS1waHlzaWNhbGV4dGVudHNpemUgJHBoeXNpY2FsZXh0ZW50c2l6ZSB2Z19nbHVzdGVyXyRpbmRleCAvZGV2LyRkaXNrCiAgICAgICAgdmdleHRlbmQgdmdfZ2x1c3Rlcl8kaW5kZXggL2Rldi8kZGlzawoKICAgICAgICBpZiBbICRkaXNrX3Blcl9icmlja19jb3VudGVyIC1sdCAkbnVtX29mX2Rpc2tzX2luX2JyaWNrIF07IHRoZW4KICAgICAgICAgICAgZGlza19wZXJfYnJpY2tfY291bnRlcj0kKChkaXNrX3Blcl9icmlja19jb3VudGVyKzEpKQogICAgICAgIGZpCgogICAgICAgICMgTG9naWMgZm9yIGxhc3Qgc2V0IG9mIGRpc2tzIHRvIGNhbGwgbWFrZV9maWxlc3lzdGVtCiAgICAgICAgaWYgWyAkYmxrX2NudCAtZXEgJGNvdW50IC1vICRkaXNrX3Blcl9icmlja19jb3VudGVyIC1lcSAkbnVtX29mX2Rpc2tzX2luX2JyaWNrIF07IHRoZW4KICAgICAgICAgICAgdmdkaXNwbGF5CiAgICAgICAgICAgIGJyaWNrX25hbWU9ImJyaWNrJHtpbmRleH0iCiAgICAgICAgICAgIGx2bV9kaXNrX2NvdW50PSQoKG51bV9vZl9kaXNrc19pbl9icmljayoxKSkKICAgICAgICAgICAgdmdfZ2x1c3Rlcl9uYW1lPSJ2Z19nbHVzdGVyXyR7aW5kZXh9IgogICAgICAgICAgICBsdm1fc3RyaXBlc19jbnQ9JG51bV9vZl9kaXNrc19pbl9icmljawogICAgICAgICAgICBtYWtlX2ZpbGVzeXN0ZW0KICAgICAgICAgICAgYnJpY2tfY291bnRlcj0kKChicmlja19jb3VudGVyKzEpKQogICAgICAgICAgICBkaXNrX3Blcl9icmlja19jb3VudGVyPTAKICAgICAgICBmaQoKICAgICAgICBjb3VudD0kKChjb3VudCsxKSkKICAgIGRvbmUKCiAgZWxzZQogICAgZWNobyAiTm90IGVub3VnaCBkaXNrcyBhdHRhY2hlZCIKICAgIGV4aXQgMTsKICBmaQp9CgoKCgpnbHVzdGVyX3Byb2JlX3BlZXJzKCkKewogICAgaWYgWyAiJChob3N0bmFtZSAtcyB8IHRhaWwgLWMgMykiID0gIi0xIiBdOyB0aGVuCiAgICAgICAgZWNobyBHTFVTVEVSIFBST0JJTkcgUEVFUlMKICAgICAgICBzbGVlcCA2MAogICAgICAgIGhvc3Q9YGhvc3RuYW1lIC1pYAogICAgICAgIGZvciBpIGluIGBzZXEgMiAkc2VydmVyX25vZGVfY291bnRgOwogICAgICAgIGRvCiAgICAgICAgICAgIGdsdXN0ZXIgcGVlciBwcm9iZSAke3NlcnZlcl9maWxlc3lzdGVtX3ZuaWNfaG9zdG5hbWVfcHJlZml4fSR7aX0uJHtmaWxlc3lzdGVtX3N1Ym5ldF9kb21haW5fbmFtZX0gLS1tb2RlPXNjcmlwdAogICAgICAgIGRvbmUKICAgICAgICBzbGVlcCAyMAogICAgICAgIGdsdXN0ZXIgcGVlciBzdGF0dXMKICAgIGZpCn0KCgoKY3JlYXRlX2dsdXN0ZXJfdm9sdW1lcygpCnsKICAgIGlmIFsgIiQoaG9zdG5hbWUgLXMgfCB0YWlsIC1jIDMpIiA9ICItMSIgXTsgdGhlbgoKICAgICAgICAjIEdhdGhlciBsaXN0IG9mIGJsb2NrIGRldmljZXMgZm9yIGJyaWNrIGNvbmZpZwogICAgICAgIGJyaWNrX2xzdD0kKGxzIC9icmlja3MgfCBzb3J0KQogICAgICAgIGJyaWNrX2NudD0kKGxzIC9icmlja3MgfCBzb3J0IHwgd2MgLWwpCiAgICAgICAgY291bnQ9MQogICAgICAgIGJ1ZmZlcj0iIgogICAgICAgIGZvciBicmljayBpbiAkYnJpY2tfbHN0CiAgICAgICAgZG8KICAgICAgICAgICAgZm9yIGkgaW4gYHNlcSAxICRzZXJ2ZXJfbm9kZV9jb3VudGA7CiAgICAgICAgICAgIGRvCiAgICAgICAgICAgICAgICBidWZmZXI9IiRidWZmZXIgJHtzZXJ2ZXJfZmlsZXN5c3RlbV92bmljX2hvc3RuYW1lX3ByZWZpeH0ke2l9Oi9icmlja3MvJHticmlja30vYnJpY2sgIgogICAgICAgICAgICBkb25lCgogICAgICAgICAgICBjb3VudD0kKChjb3VudCsxKSkKICAgICAgICBkb25lCgogICAgICAgIGlmIFsgIiR2b2x1bWVfdHlwZXMiID0gIkRpc3RyaWJ1dGVkIiBdOyB0aGVuCiAgICAgICAgICAgIGNvbW1hbmRfcGFyYW1ldGVycz0iIHRyYW5zcG9ydCB0Y3AgJGJ1ZmZlciAgZm9yY2UgLS1tb2RlPXNjcmlwdCIKICAgICAgICBlbGlmIFsgIiR2b2x1bWVfdHlwZXMiID0gIkRpc3RyaWJ1dGVkUmVwbGljYXRlZCIgLW8gICIkdm9sdW1lX3R5cGVzIiA9ICJSZXBsaWNhdGVkIiBdOyB0aGVuCiAgICAgICAgICAgIGNvbW1hbmRfcGFyYW1ldGVycz0iIHJlcGxpY2EgJHJlcGxpY2EgdHJhbnNwb3J0IHRjcCAkYnVmZmVyICBmb3JjZSAtLW1vZGU9c2NyaXB0IgogICAgICAgIGVsaWYgWyAiJHZvbHVtZV90eXBlcyIgPSAiRGlzdHJpYnV0ZWREaXNwZXJzZWQiIC1vICAiJHZvbHVtZV90eXBlcyIgPSAiRGlzcGVyc2VkIiBdOyB0aGVuCiAgICAgICAgICAgIGNvbW1hbmRfcGFyYW1ldGVycz0iIGRpc3BlcnNlICRzZXJ2ZXJfbm9kZV9jb3VudCByZWR1bmRhbmN5IDEgdHJhbnNwb3J0IHRjcCAkYnVmZmVyICBmb3JjZSAtLW1vZGU9c2NyaXB0IgogICAgICAgIGVsc2UKICAgICAgICAgICAgZWNobyAiSW52YWxpZCB2b2x1bWUgdHlwZSBpbnB1dCwgZXhpdGluZy4uLi4iCiAgICAgICAgICAgIGV4aXQgMTsKICAgICAgICBmaQoKICAgIGdsdXN0ZXIgdm9sdW1lIGNyZWF0ZSBnbHVzdGVydm9sICRjb21tYW5kX3BhcmFtZXRlcnMKICAgIHNsZWVwIDIwCiAgICBnbHVzdGVyIHZvbHVtZSBzZXQgZ2x1c3RlcnZvbCBjdGltZSBvZmYKICAgIGdsdXN0ZXIgdm9sdW1lIHN0YXJ0IGdsdXN0ZXJ2b2wgZm9yY2UgLS1tb2RlPXNjcmlwdAogICAgc2xlZXAgMjAKICAgIGdsdXN0ZXIgdm9sdW1lIHN0YXR1cyAtLW1vZGU9c2NyaXB0CiAgICBnbHVzdGVyIHZvbHVtZSBpbmZvIC0tbW9kZT1zY3JpcHQKCiAgICBmaQp9Cgp1cGRhdGVfcmVzb2x2Y29uZgpjb25maWdfbm9kZQojIyMgdHVuZWRfY29uZmlnCmNvbmZpZ3VyZV9uaWNzCiMjIyB0dW5lX25pY3MKIyMjIHR1bmVfc3lzY3RsCmNyZWF0ZV9icmlja3MKCiMgU3RhcnQgZ2x1c3RlciBzZXJ2aWNlcwpzeXN0ZW1jdGwgZW5hYmxlIGdsdXN0ZXJkLnNlcnZpY2UKc3lzdGVtY3RsIHN0YXJ0IGdsdXN0ZXJkLnNlcnZpY2UKZ2x1c3Rlcl9wcm9iZV9wZWVycwpjcmVhdGVfZ2x1c3Rlcl92b2x1bWVzCgojIFR1bmluZwojIyMgZ2x1c3RlciB2b2x1bWUgc2V0ICBnbHVzdGVydm9sIHBlcmZvcm1hbmNlLmNhY2hlLXNpemUgMTVHQgojIyMgZ2x1c3RlciB2b2x1bWUgc2V0ICBnbHVzdGVydm9sIG5mcy5kaXNhYmxlIG9uCiMjIyBnbHVzdGVyIHZvbHVtZSBzZXQgIGdsdXN0ZXJ2b2wgcGVyZm9ybWFuY2UuaW8tY2FjaGUgb24KIyMjIGdsdXN0ZXIgdm9sdW1lIHNldCAgZ2x1c3RlcnZvbCBwZXJmb3JtYW5jZS5pby10aHJlYWQtY291bnQgMzIKCnRvdWNoIC90bXAvY29tcGxldGUKCmV4aXQgMAo="
            },
            "platform_config": [],
            "preemptible_instance_config": [],
            "preserve_boot_volume": null,
            "private_ip": "10.0.1.101",
            "public_ip": "",
            "region": "iad",
            "shape": "BM.Standard2.52",
            "shape_config": [
              {
                "baseline_ocpu_utilization": "",
                "gpu_description": "",
                "gpus": 0,
                "local_disk_description": "",
                "local_disks": 0,
                "local_disks_total_size_in_gbs": 0,
                "max_vnic_attachments": 100,
                "memory_in_gbs": 768,
                "networking_bandwidth_in_gbps": 50,
                "ocpus": 52,
                "processor_description": "2.0 GHz Intel® Xeon® Platinum 8167M (Skylake)"
              }
            ],
            "source_details": [
              {
                "boot_volume_size_in_gbs": "47",
                "kms_key_id": "",
                "source_id": "ocid1.image.oc1.iad.aaaaaaaamoajldhwrmbzx7s4xnrajj5b7nfrnutuebgwne4bxc7vpiap3gga",
                "source_type": "image"
              }
            ],
            "state": "RUNNING",
            "subnet_id": "ocid1.subnet.oc1.iad.aaaaaaaa37ivpeuvx7xzshw6elwcfkqnuknmoccati6kq5qlv23z2earauja",
            "system_tags": {},
            "time_created": "2021-06-22 19:47:47.703 +0000 UTC",
            "time_maintenance_reboot_due": "",
            "timeouts": {
              "create": "120m",
              "delete": null,
              "update": null
            }
          },
          "private": "eyJlMmJmYjczMC1lY2FhLTExZTYtOGY4OC0zNDM2M2JjN2M0YzAiOnsiY3JlYXRlIjo3MjAwMDAwMDAwMDAwLCJkZWxldGUiOjI3MDAwMDAwMDAwMDAsInVwZGF0ZSI6MjcwMDAwMDAwMDAwMH19",
          "dependencies": [
            "oci_core_nat_gateway.nat_gateway",
            "oci_core_route_table.private_route_table",
            "oci_core_security_list.private_security_list",
            "oci_core_subnet.fs",
            "oci_core_subnet.storage",
            "oci_core_vcn.vcn",
            "oci_identity_tag.ArchitectureCenterTag",
            "oci_identity_tag_namespace.ArchitectureCenterTagNamespace",
            "tls_private_key.public_private_key_pair"
          ]
        },
        {
          "index_key": 1,
          "schema_version": 0,
          "attributes": {
            "agent_config": [
              {
                "are_all_plugins_disabled": false,
                "is_management_disabled": false,
                "is_monitoring_disabled": false,
                "plugins_config": []
              }
            ],
            "availability_config": [
              {
                "is_live_migration_preferred": false,
                "recovery_action": "RESTORE_INSTANCE"
              }
            ],
            "availability_domain": "VXpT:US-ASHBURN-AD-1",
            "boot_volume_id": "ocid1.bootvolume.oc1.iad.abuwcljtkggzb3ey6f3tci3rbz5u5aqoxgjd6ruw6fz5lonvhpsisj5jky3a",
            "capacity_reservation_id": null,
            "compartment_id": "ocid1.compartment.oc1..aaaaaaaamgpf7b5zhfwqc3cttmhatl3eqxl6uztmhozk52h2qbh4iytjvrsa",
            "create_vnic_details": [
              {
                "assign_public_ip": "false",
                "defined_tags": {
                  "ArchitectureCenter\\deploy-glusterfs.release": "1.0",
                  "Oracle-Tag.CreatedBy": "oguz",
                  "Oracle-Tag.CreatedOn": "2021-06-22T19:47:46.605Z",
                  "emergingtech.instanceprinciple": "not-allowed"
                },
                "display_name": "g-server-2",
                "freeform_tags": {},
                "hostname_label": "g-server-2",
                "nsg_ids": null,
                "private_ip": "10.0.1.60",
                "skip_source_dest_check": false,
                "subnet_id": "ocid1.subnet.oc1.iad.aaaaaaaa37ivpeuvx7xzshw6elwcfkqnuknmoccati6kq5qlv23z2earauja",
                "vlan_id": ""
              }
            ],
            "dedicated_vm_host_id": null,
            "defined_tags": {
              "ArchitectureCenter\\deploy-glusterfs.release": "1.0",
              "Oracle-Tag.CreatedBy": "oguz",
              "Oracle-Tag.CreatedOn": "2021-06-22T19:47:46.066Z",
              "emergingtech.instanceprinciple": "not-allowed"
            },
            "display_name": "g-server-2",
            "extended_metadata": null,
            "fault_domain": "FAULT-DOMAIN-2",
            "freeform_tags": {},
            "hostname_label": "g-server-2",
            "id": "ocid1.instance.oc1.iad.anuwcljtpwneysachfkhe2wqrmsfx77fke4koy3jr5nasocyshhy32vbvwba",
            "image": "ocid1.image.oc1.iad.aaaaaaaamoajldhwrmbzx7s4xnrajj5b7nfrnutuebgwne4bxc7vpiap3gga",
            "instance_options": [
              {
                "are_legacy_imds_endpoints_disabled": false
              }
            ],
            "ipxe_script": null,
            "is_pv_encryption_in_transit_enabled": null,
            "launch_mode": "PARAVIRTUALIZED",
            "launch_options": [
              {
                "boot_volume_type": "ISCSI",
                "firmware": "UEFI_64",
                "is_consistent_volume_naming_enabled": true,
                "is_pv_encryption_in_transit_enabled": false,
                "network_type": "PARAVIRTUALIZED",
                "remote_data_volume_type": "ISCSI"
              }
            ],
            "metadata": {
              "ssh_authorized_keys": "ssh-rsa AAAAB3NzaC1yc2EAAAADAQABAAABAQDKJYoYr0xjB5htiYODTHDCQWOb0KjFpjbFoGWk48kEEFiBoVPIpELY28+LNvar5fos+ZrMP5+V5Rlwcpwiqg6o+CYI9Gt4zBZIbiHi2dvzo9ngUgk7EpAq5TvBQkFwwhFby0PPjCDCmj8WlA5k/aRI1fssFjHbWLpd4DqbTma5cUP8wDRkyLDYlUfuvcuDZy2WnK8KW9YfavsvnF0A+1ADo4xYFdDTBTLFkk6wXDYeNiQ9aXHTFB5nzU35+BDZSMHuoxGOi/5SXRU1IDB0vRMN9c7azgmhYq7FcSjCvJaQCusAEnn+3TFPr0jd47w8UYryppv+Lvhv+1OxO9BVzV/9\n",
              "user_data": "IyEvdXNyL2Jpbi9lbnYgYmFzaApzZXQgLXgKZ2x1c3Rlcl95dW1fcmVsZWFzZT0iaHR0cDovL3l1bS5vcmFjbGUuY29tL3JlcG8vT3JhY2xlTGludXgvT0w3L2dsdXN0ZXI1L3g4Nl82NCIKc2VydmVyX25vZGVfY291bnQ9IjMiCnNlcnZlcl9ob3N0bmFtZV9wcmVmaXg9Imctc2VydmVyLSIKZGlza19zaXplPSI4MDAiCmRpc2tfY291bnQ9IjgiCm51bV9vZl9kaXNrc19pbl9icmljaz0iMSIKcmVwbGljYT0iMSIKdm9sdW1lX3R5cGVzPSJEaXN0cmlidXRlZCIKYmxvY2tfc2l6ZT0iMTI4IgpzdG9yYWdlX3N1Ym5ldF9kb21haW5fbmFtZT0ic3RvcmFnZS5nbHVzdGVyLm9yYWNsZXZjbi5jb20iCmZpbGVzeXN0ZW1fc3VibmV0X2RvbWFpbl9uYW1lPSJmcy5nbHVzdGVyLm9yYWNsZXZjbi5jb20iCnZjbl9kb21haW5fbmFtZT0iZ2x1c3Rlci5vcmFjbGV2Y24uY29tIgpzZXJ2ZXJfZmlsZXN5c3RlbV92bmljX2hvc3RuYW1lX3ByZWZpeD0iZy1zZXJ2ZXItZnMtdm5pYy0iCnNlcnZlcl9kdWFsX25pY3M9InRydWUiCiMjIyMjIyMjIyMjIyMjIyMjIyMjIyMjIyMjIyMjIyMjIyMjIyMjIyMjIyMjIyMjIyMjIyMjIyMiCiMjIyMjIyMjIyMjIyMjIyMjIFR1cm4gT2ZmIHRoZSBGaXJld2FsbCAjIyMjIyMjIyMjIyMjIyMiCiMjIyMjIyMjIyMjIyMjIyMjIyMjIyMjIyMjIyMjIyMjIyMjIyMjIyMjIyMjIyMjIyMjIyMjIyMiCmVjaG8gIlR1cm5pbmcgb2ZmIHRoZSBGaXJld2FsbC4uLiIKd2hpY2ggYXB0LWdldCAmPiAvZGV2L251bGwKaWYgWyAkPyAtZXEgMCBdIDsgdGhlbgogICAgZWNobyAiIiA+IC9ldGMvaXB0YWJsZXMvcnVsZXMudjQKICAgIGVjaG8gIiIgPiAvZXRjL2lwdGFibGVzL3J1bGVzLnY2CgogICAgaXB0YWJsZXMgLUYKICAgIGlwdGFibGVzIC1YCiAgICBpcHRhYmxlcyAtdCBuYXQgLUYKICAgIGlwdGFibGVzIC10IG5hdCAtWAogICAgaXB0YWJsZXMgLXQgbWFuZ2xlIC1GCiAgICBpcHRhYmxlcyAtdCBtYW5nbGUgLVgKICAgIGlwdGFibGVzIC1QIElOUFVUIEFDQ0VQVAogICAgaXB0YWJsZXMgLVAgT1VUUFVUIEFDQ0VQVAogICAgaXB0YWJsZXMgLVAgRk9SV0FSRCBBQ0NFUFQKZWxzZQogICAgc2VydmljZSBmaXJld2FsbGQgc3RvcAogICAgY2hrY29uZmlnIGZpcmV3YWxsZCBvZmYKZmkKCgpzZXQgLXgKCgplY2hvICJzZXJ2ZXJfbm9kZV9jb3VudCA9ICRzZXJ2ZXJfbm9kZV9jb3VudCIKZWNobyAic2VydmVyX2hvc3RuYW1lX3ByZWZpeCA9ICRzZXJ2ZXJfaG9zdG5hbWVfcHJlZml4IgoKIyBibG9ja19zaXplIGlzIGV4cGVjdGVkIGJlIHRvIG51bWVyaWNhbCBvbmx5LCBidXQgc3RpbGwgY2hlY2sgYW5kIHJlbW92ZSBrLEssa2IsS0IgdGhlbSwgaWYgdGhleSBleGlzdC4gCmx2bV9zdHJpcGVfc2l6ZT1gZWNobyAkYmxvY2tfc2l6ZSB8IGdhd2sgLUYia3xLfEtCfGtiIiAnIHsgcHJpbnQgJDEgfSdgIDsKZWNobyAkbHZtX3N0cmlwZV9zaXplOwoKIyBsaXN0X2xlbmd0aCgpOiBSZXR1cm4gdGhlIGxlbmd0aCBvZiB0aGUgbGlzdApmdW5jdGlvbiBsaXN0X2xlbmd0aCgpIHsKICBlY2hvICQod2MgLXcgPDw8ICIkQCIpCn0KCgpmdW5jdGlvbiB1cGRhdGVfcmVzb2x2Y29uZiB7CiAgICAjIyMjIyMjIyMjIyMjIyMjIyAgIFVwZGF0ZSByZXNvbHYuY29uZiAgIyMjIyMjIyMjIyMjIyMjIgogICAgIyMgTW9kaWZ5IHJlc29sdi5jb25mIHRvIGVuc3VyZSBETlMgbG9va3VwcyB3b3JrIGZyb20gb25lIHByaXZhdGUgc3VibmV0IHRvIGFub3RoZXIgc3VibmV0CiAgICBjcCAvZXRjL3Jlc29sdi5jb25mIC9ldGMvcmVzb2x2LmNvbmYuYmFja3VwCiAgICBybSAtZiAvZXRjL3Jlc29sdi5jb25mCiAgICBlY2hvICJzZWFyY2ggJHtzdG9yYWdlX3N1Ym5ldF9kb21haW5fbmFtZX0gJHtmaWxlc3lzdGVtX3N1Ym5ldF9kb21haW5fbmFtZX0gJHt2Y25fZG9tYWluX25hbWV9ICIgPiAvZXRjL3Jlc29sdi5jb25mCiAgICBlY2hvICJuYW1lc2VydmVyIDE2OS4yNTQuMTY5LjI1NCIgPj4gL2V0Yy9yZXNvbHYuY29uZgp9CgojIHR1bmVkX2NvbmZpZygpOiBFbmFibGUvU3RhcnQgVHVuZWQKZnVuY3Rpb24gdHVuZWRfY29uZmlnKCkgewogIC9zYmluL2Noa2NvbmZpZyB0dW5lZCBvbgogIC9zYmluL3NlcnZpY2UgdHVuZWQgc3RhcnQKICAvc2Jpbi90dW5lZC1hZG0gcHJvZmlsZSB0aHJvdWdocHV0LXBlcmZvcm1hbmNlCgogIC9zYmluL3NlcnZpY2UgaXJxYmFsYW5jZSBzdG9wCiAgL3NiaW4vY2hrY29uZmlnIGlycWJhbGFuY2Ugb2ZmCn0KCmZ1bmN0aW9uIGNvbmZpZ3VyZV9uaWNzKCkgewogICAjIFdlIHVzZSAyIFZOSUNzIC0gaXJyZXNwZWN0aXZlIG9mIEJNL1ZNLiBPbmUgZm9yIHN0b3JhZ2UgdHJhZmZpYywgYW5vdGhlciBmb3Igc2VydmVyL2NsaWVudCB0cmFmZmljCgogICAjIFdhaXQgdGlsbCAybmQgTklDIGlzIGNvbmZpZ3VyZWQKICAgcHJpdmF0ZUlwPWBjdXJsIC1zIGh0dHA6Ly8xNjkuMjU0LjE2OS4yNTQvb3BjL3YxL3ZuaWNzLyB8IGpxICcuWzFdLnByaXZhdGVJcCAnIHwgc2VkICdzLyIvL2cnIGAgOwogICBlY2hvICRwcml2YXRlSXAgfCBncmVwICJcLiIgOwogICB3aGlsZSBbICQ/IC1uZSAwIF07CiAgIGRvCiAgICAgc2xlZXAgMTBzCiAgICAgZWNobyAiV2FpdGluZyBmb3IgMm5kIFBoeXNpY2FsIE5JQyB0byBnZXQgY29uZmlndXJlZCB3aXRoIGhvc3RuYW1lIgogICAgIHByaXZhdGVJcD1gY3VybCAtcyBodHRwOi8vMTY5LjI1NC4xNjkuMjU0L29wYy92MS92bmljcy8gfCBqcSAnLlsxXS5wcml2YXRlSXAgJyB8IHNlZCAncy8iLy9nJyBgIDsKICAgICBlY2hvICRwcml2YXRlSXAgfCBncmVwICJcLiIgOwogICBkb25lCiAgIHZuaWNJZD1gY3VybCAtcyBodHRwOi8vMTY5LjI1NC4xNjkuMjU0L29wYy92MS92bmljcy8gfCBqcSAnLlsxXS52bmljSWQgJyB8IHNlZCAncy8iLy9nJyBgIDsKICAgbWFjQWRkcj1gY3VybCAtcyBodHRwOi8vMTY5LjI1NC4xNjkuMjU0L29wYy92MS92bmljcy8gfCBqcSAnLlsxXS5tYWNBZGRyICcgfCBzZWQgJ3MvIi8vZycgYCA7CiAgIHN1Ym5ldENpZHJCbG9jaz1gY3VybCAtcyBodHRwOi8vMTY5LjI1NC4xNjkuMjU0L29wYy92MS92bmljcy8gfCBqcSAnLlsxXS5zdWJuZXRDaWRyQmxvY2sgJyB8IHNlZCAncy8iLy9nJyBgIDsKICAgc2xlZXAgMzBzCiAgIHdnZXQgLU8gc2Vjb25kYXJ5X3ZuaWNfYWxsX2NvbmZpZ3VyZS5zaCBodHRwczovL2RvY3MuY2xvdWQub3JhY2xlLmNvbS9lbi11cy9pYWFzL0NvbnRlbnQvUmVzb3VyY2VzL0Fzc2V0cy9zZWNvbmRhcnlfdm5pY19hbGxfY29uZmlndXJlLnNoCiAgIGNobW9kICt4IHNlY29uZGFyeV92bmljX2FsbF9jb25maWd1cmUuc2gKICAgLi9zZWNvbmRhcnlfdm5pY19hbGxfY29uZmlndXJlLnNoIC1jCiAgIHNsZWVwIDMwcwojIFNvbWV0aW1lcywgImlwIGFkZHIiICwgaXQgcmV0dXJuZWQgZW1wdHkuIGhlbmNlIGFkZGVkIGFub3RoZXIgY29tbWFuZC4KICAgaW50ZXJmYWNlPWBpcCBhZGRyIHwgZ3JlcCAtQjIgJHByaXZhdGVJcCB8IGdyZXAgIkJST0FEQ0FTVCIgfCBnYXdrIC1GICI6IiAnIHsgcHJpbnQgJDIgfSAnIHwgc2VkIC1lICdzL15bIFx0XSovLydgCiAgIGludGVyZmFjZT1gLi9zZWNvbmRhcnlfdm5pY19hbGxfY29uZmlndXJlLnNoICB8IGdyZXAgJHZuaWNJZCB8ICBnYXdrIC1GICIgIiAnIHsgcHJpbnQgJDggfSAnIHwgc2VkIC1lICdzL15bIFx0XSovLydgCgogICBlY2hvICIkc3VibmV0Q2lkckJsb2NrIHZpYSAkcHJpdmF0ZUlwIGRldiAkaW50ZXJmYWNlIiA+ICAvZXRjL3N5c2NvbmZpZy9uZXR3b3JrLXNjcmlwdHMvcm91dGUtJGludGVyZmFjZQogICBlY2hvICJQZXJtYW5lbnRseSBjb25maWd1cmUgMm5kIFZOSUMuLi4kaW50ZXJmYWNlIgogICBlY2hvICJERVZJQ0U9JGludGVyZmFjZQpIV0FERFI9JG1hY0FkZHIKT05CT09UPXllcwpUWVBFPUV0aGVybmV0ClVTRVJDVEw9bm8KSVBBRERSPSRwcml2YXRlSXAKTkVUTUFTSz0yNTUuMjU1LjI1NS4wCk1UVT05MDAwCk5NX0NPTlRST0xMRUQ9bm8KIiA+IC9ldGMvc3lzY29uZmlnL25ldHdvcmstc2NyaXB0cy9pZmNmZy0kaW50ZXJmYWNlCgogICAgc3lzdGVtY3RsIHN0YXR1cyBuZXR3b3JrLnNlcnZpY2UKICAgIGlmZG93biAkaW50ZXJmYWNlCiAgICBpZnVwICRpbnRlcmZhY2UKCiAgICBTZWNvbmRWTmljRlFETkhvc3RuYW1lPWBuc2xvb2t1cCAkcHJpdmF0ZUlwIHwgZ3JlcCAibmFtZSA9ICIgfCBnYXdrIC1GIj0iICd7IHByaW50ICQyIH0nIHwgc2VkICAic3xeIHx8ZyIgfCBzZWQgICJzfFwuJHx8ZyJgCiAgICBUSElTX0ZRRE49JFNlY29uZFZOaWNGUUROSG9zdG5hbWUKICAgIFRISVNfSE9TVD0ke1RISVNfRlFETiUlLip9CiAgICBTZWNvbmRWTklDRG9tYWluTmFtZT0ke1RISVNfRlFETiMqLip9Cn0KCmZ1bmN0aW9uIHR1bmVfbmljcygpIHsKICBuaWNfbHN0PSQoaWZjb25maWcgfCBncmVwICIgZmxhZ3MiIHwgZ3JlcCAtdiAiXmxvOiIgfCBnYXdrIC1GIjoiICd7IHByaW50ICQxIH0nIHwgc29ydCkgOyBlY2hvICRuaWNfbHN0CiAgZm9yIG5pYyBpbiAkbmljX2xzdAogIGRvCiAgICBldGh0b29sIC1HICRuaWMgcnggMjA0NyB0eCAyMDQ3IHJ4LWp1bWJvIDgxOTEKICBkb25lCn0KCgoKZnVuY3Rpb24gdHVuZV9zeXNjdGwoKSB7CiAgZWNobyAibmV0LmNvcmUud21lbV9tYXg9MTY3NzcyMTYiID4+IC9ldGMvc3lzY3RsLmNvbmYKICBlY2hvICJuZXQuY29yZS5ybWVtX21heD0xNjc3NzIxNiIgPj4gL2V0Yy9zeXNjdGwuY29uZgogIGVjaG8gIm5ldC5jb3JlLndtZW1fZGVmYXVsdD0xNjc3NzIxNiIgPj4gL2V0Yy9zeXNjdGwuY29uZgogIGVjaG8gIm5ldC5jb3JlLnJtZW1fZGVmYXVsdD0xNjc3NzIxNiIgPj4gL2V0Yy9zeXNjdGwuY29uZgogIGVjaG8gIm5ldC5jb3JlLm9wdG1lbV9tYXg9MTY3NzcyMTYiID4+IC9ldGMvc3lzY3RsLmNvbmYKICBlY2hvICJuZXQuY29yZS5uZXRkZXZfbWF4X2JhY2tsb2c9MjcwMDAiID4+IC9ldGMvc3lzY3RsLmNvbmYKICBlY2hvICJrZXJuZWwuc3lzcnE9MSIgPj4gL2V0Yy9zeXNjdGwuY29uZgogIGVjaG8gImtlcm5lbC5zaG1tYXg9MTg0NDY3NDQwNzM2OTI3NzQzOTkiID4+IC9ldGMvc3lzY3RsLmNvbmYKICBlY2hvICJuZXQuY29yZS5zb21heGNvbm49ODE5MiIgPj4gL2V0Yy9zeXNjdGwuY29uZgogIGVjaG8gIm5ldC5pcHY0LnRjcF9hZHZfd2luX3NjYWxlPTIiID4+IC9ldGMvc3lzY3RsLmNvbmYKICBlY2hvICJuZXQuaXB2NC50Y3BfbG93X2xhdGVuY3k9MSIgPj4gL2V0Yy9zeXNjdGwuY29uZgogIGVjaG8gIm5ldC5pcHY0LnRjcF9ybWVtID0gMjEyOTkyIDg3MzgwIDE2Nzc3MjE2IiA+PiAvZXRjL3N5c2N0bC5jb25mCiAgZWNobyAibmV0LmlwdjQudGNwX3NhY2sgPSAxIiA+PiAvZXRjL3N5c2N0bC5jb25mCiAgZWNobyAibmV0LmlwdjQudGNwX3dpbmRvd19zY2FsaW5nID0gMSIgPj4gL2V0Yy9zeXNjdGwuY29uZgogIGVjaG8gIm5ldC5pcHY0LnRjcF93bWVtID0gMjEyOTkyIDY1NTM2IDE2Nzc3MjE2IiA+PiAvZXRjL3N5c2N0bC5jb25mCiAgZWNobyAidm0ubWluX2ZyZWVfa2J5dGVzID0gNjU1MzYiID4+IC9ldGMvc3lzY3RsLmNvbmYKICBlY2hvICJuZXQuaXB2NC50Y3Bfbm9fbWV0cmljc19zYXZlID0gMCIgPj4gL2V0Yy9zeXNjdGwuY29uZgogIGVjaG8gIm5ldC5pcHY0LnRjcF9jb25nZXN0aW9uX2NvbnRyb2wgPSBjdWJpYyIgPj4gL2V0Yy9zeXNjdGwuY29uZgogIGVjaG8gIm5ldC5pcHY0LnRjcF90aW1lc3RhbXBzID0gMCIgPj4gL2V0Yy9zeXNjdGwuY29uZgogIGVjaG8gIm5ldC5pcHY0LnRjcF9jb25nZXN0aW9uX2NvbnRyb2wgPSBodGNwIiA+PiAvZXRjL3N5c2N0bC5jb25mCgogIC9zYmluL3N5c2N0bCAtcCAvZXRjL3N5c2N0bC5jb25mCn0KCgpjb25maWdfbm9kZSgpCnsKICAgICMgRGlzYWJsZSBmaXJld2FsbGQgVE9ETzogQWRkIGZpcmV3YWxsIHNldHRpbmdzIHRvIG5vZGUgaW4gZnV0dXJlIHJldi4KICAgIHN5c3RlbWN0bCBzdG9wIGZpcmV3YWxsZAogICAgc3lzdGVtY3RsIGRpc2FibGUgZmlyZXdhbGxkCgogICAgIyBEaXNhYmxlIFNFTGludXgKICAgIGNwIC9ldGMvc2VsaW51eC9jb25maWcgL2V0Yy9zZWxpbnV4L2NvbmZpZy5iYWNrdXAKICAgIHNlZCAtaSAncy9TRUxJTlVYPWVuZm9yY2luZy9TRUxJTlVYPWRpc2FibGVkL2cnIC9ldGMvc2VsaW51eC9jb25maWcKICAgIHNldGVuZm9yY2UgMAoKICAgIGNhdCAvZXRjL29zLXJlbGVhc2UgfCBncmVwICJeTkFNRT0iIHwgZ3JlcCAiQ2VudE9TIgogICAgaWYgWyAkPyAtZXEgMCBdOyB0aGVuCiAgICAgIHl1bSBpbnN0YWxsIC15IGNlbnRvcy1yZWxlYXNlLWdsdXN0ZXIgLS1ub2dwZ2NoZWNrCiAgICAgIHl1bSBpbnN0YWxsIGdsdXN0ZXJmcy1zZXJ2ZXIgLXkKICAgICAgeXVtIGluc3RhbGwgLXkgc2FtYmEgZ2l0IG52bWUtY2xpCiAgICBlbHNlCiAgICAgICMgRW5hYmxlIGxhdGVzdCBPcmFjbGUgTGludXggR2x1c3RlciByZWxlYXNlCiAgICAgICN5dW0tY29uZmlnLW1hbmFnZXIgLS1hZGQtcmVwbyAkZ2x1c3Rlcl95dW1fcmVsZWFzZQogICAgICAjeXVtIGluc3RhbGwgLXkgZ2x1c3RlcmZzLXNlcnZlciBzYW1iYSBnaXQgbnZtZS1jbGkKICAgICAgeXVtIGluc3RhbGwgLXkgb3JhY2xlLWdsdXN0ZXItcmVsZWFzZS1lbDcKICAgICAgeXVtLWNvbmZpZy1tYW5hZ2VyIC0tZW5hYmxlIG9sN19nbHVzdGVyNiBvbDdfYWRkb25zIG9sN19sYXRlc3Qgb2w3X29wdGlvbmFsX2xhdGVzdCBvbDdfVUVLUjUKICAgICAgeXVtIGluc3RhbGwgLXkgZ2x1c3RlcmZzLXNlcnZlciBzYW1iYSBnaXQgbnZtZS1jbGkKICAgIGZpCiAgICB0b3VjaCAvdmFyL2xvZy9DT05GSUdfQ09NUExFVEUKfQoKCm1ha2VfZmlsZXN5c3RlbSgpCnsKICAgICMgQ3JlYXRlIExvZ2ljYWwgVm9sdW1lIGZvciBHbHVzdGVyIEJyaWNrCiAgICBsdmNyZWF0ZSAtbCAxMDAlVkcgLS1zdHJpcGVzICRsdm1fc3RyaXBlc19jbnQgLS1zdHJpcGVzaXplICIke2Jsb2NrX3NpemV9SyIgLW4gJGJyaWNrX25hbWUgJHZnX2dsdXN0ZXJfbmFtZQogICAgbHZkaXNwbGF5CgogICAgIyBDcmVhdGUgWEZTIGZpbGVzeXN0ZW0gd2l0aCBJbm9kZXMgc2V0IGF0IDUxMiBhbmQgRGlyZWN0b3J5IGJsb2NrIHNpemUgYXQgODE5MgogICAgIyBhbmQgc2V0IHRoZSBzdSBhbmQgc3cgZm9yIG9wdGltYWwgc3RyaXBlIHBlcmZvcm1hbmNlCiAgICAjIGx2bV9zdHJpcGVfc2l6ZSBpcyBhc3N1bWVkIHRvIGJlIGluIEtCLCBoZW5jZSBtdWx0aXBseSBieSAxMDI0IHRvIGNvbnZlcnQgdG8gYnl0ZXMuCiAgICAjIHN1IG11c3QgYmUgYSBtdWx0aXBsZSBvZiB0aGUgc2VjdG9yIHNpemUgKDQwOTYpCiAgICAjIHN3IG11c3QgYmUgZXF1YWwgdG8gIyBvZiBkaXNrIHdpdGhpbiBSQUlEIG9yIExWTS4KICAgIHN1PSQoKGJsb2NrX3NpemUqMTAyNCkpIDsgIGVjaG8gJHN1CiAgICBzdz0kKChsdm1fc3RyaXBlc19jbnQpKSA7IGVjaG8gJHN3CiAgICBta2ZzLnhmcyAtZiAtaSBzaXplPTUxMiAtbiBzaXplPTgxOTIgLWQgc3U9JHtzdX0sc3c9JHtzd30gL2Rldi8ke3ZnX2dsdXN0ZXJfbmFtZX0vJHticmlja19uYW1lfQogICAgbWtkaXIgLXAgL2JyaWNrcy8ke2JyaWNrX25hbWV9CiAgICBtb3VudCAtdCB4ZnMgLW8gbm9hdGltZSxpbm9kZTY0LG5vYmFycmllciAvZGV2LyR7dmdfZ2x1c3Rlcl9uYW1lfS8ke2JyaWNrX25hbWV9IC9icmlja3MvJHticmlja19uYW1lfQogICAgZWNobyAiL2Rldi8ke3ZnX2dsdXN0ZXJfbmFtZX0vJHticmlja19uYW1lfSAgL2JyaWNrcy8ke2JyaWNrX25hbWV9ICAgIHhmcyAgICAgbm9hdGltZSxpbm9kZTY0LG5vYmFycmllciAgMSAyIiA+PiAvZXRjL2ZzdGFiCiAgICBkZiAtaAoKICAgICMgQ3JlYXRlIGdsdXN0ZXIgYnJpY2sKICAgIG1rZGlyIC1wIC9icmlja3MvJHticmlja19uYW1lfS9icmljawp9CgpjcmVhdGVfYnJpY2tzKCkKewoKICBudm1lX2xzdD0kKGxzIC9kZXYvIHwgZ3JlcCBudm1lIHwgZ3JlcCBuMSB8IHNvcnQpCiAgbnZtZV9jbnQ9JChscyAvZGV2LyB8IGdyZXAgbnZtZSB8IGdyZXAgbjEgfCB3YyAtbCkKCiAgaWYgWyAkbnZtZV9jbnQgLWd0IDAgXTsgdGhlbgoKICBicmlja19jb3VudGVyPTEKICBjb3VudD0xCiAgIyBDb25maWd1cmUgcGh5c2ljYWwgdm9sdW1lcyBhbmQgdm9sdW1lIGdyb3VwCiAgICAgIGZvciBkaXNrIGluICRudm1lX2xzdAogICAgICBkbwogICAgICAgICAgZGF0YWFsaWdubWVudD0kKChibG9ja19zaXplKSk7IGVjaG8gJGRhdGFhbGlnbm1lbnQ7CiAgICAgICAgICBwdmNyZWF0ZSAtLWRhdGFhbGlnbm1lbnQgJGRhdGFhbGlnbm1lbnQgIC9kZXYvJGRpc2sKICAgICAgICAgIHBoeXNpY2FsZXh0ZW50c2l6ZT0iJHtibG9ja19zaXplfUsiOyAgZWNobyAkcGh5c2ljYWxleHRlbnRzaXplCiAgICAgICAgICB2Z2NyZWF0ZSAgLS1waHlzaWNhbGV4dGVudHNpemUgJHBoeXNpY2FsZXh0ZW50c2l6ZSB2Z19nbHVzdGVyXyR7YnJpY2tfY291bnRlcn0gL2Rldi8kZGlzawogICAgICAgICAgdmdleHRlbmQgdmdfZ2x1c3Rlcl8ke2JyaWNrX2NvdW50ZXJ9IC9kZXYvJGRpc2sKICAgICAgICAgIHZnZGlzcGxheQogICAgICAgICAgYnJpY2tfbmFtZT0iYnJpY2ske2JyaWNrX2NvdW50ZXJ9IgogICAgICAgICAgbHZtX2Rpc2tfY291bnQ9MQogICAgICAgICAgdmdfZ2x1c3Rlcl9uYW1lPSJ2Z19nbHVzdGVyXyR7YnJpY2tfY291bnRlcn0iCiAgICAgICAgICBsdm1fc3RyaXBlc19jbnQ9MQogICAgICAgICAgbWFrZV9maWxlc3lzdGVtCiAgICAgICAgICBicmlja19jb3VudGVyPSQoKGJyaWNrX2NvdW50ZXIrMSkpCiAgICAgICAgICBjb3VudD0kKChjb3VudCsxKSkKICAgICAgZG9uZQogIGZpCgogICMgV2FpdCBmb3IgYmxvY2stYXR0YWNoIG9mIHRoZSBCbG9jayB2b2x1bWVzIHRvIGNvbXBsZXRlLiBUZXJyYWZvcm0gdGhlbiBjcmVhdGVzIHRoZSBiZWxvdyBmaWxlIG9uIHNlcnZlciBub2RlcyBvZiBjbHVzdGVyLgogIHdoaWxlIFsgISAtZiAvdG1wL2Jsb2NrLWF0dGFjaC5jb21wbGV0ZSBdCiAgICBkbwogICAgICBzbGVlcCA2MHMKICAgICAgZWNobyAiV2FpdGluZyBmb3IgYmxvY2stYXR0YWNoIHZpYSBUZXJyYWZvcm0gdG8gIGNvbXBsZXRlIC4uLiIKICAgIGRvbmUKCgogICMgR2F0aGVyIGxpc3Qgb2YgYmxvY2sgZGV2aWNlcyBmb3IgYnJpY2sgY29uZmlnCiAgYmxrX2xzdD0kKGxzYmxrIC1kIC0tbm9oZWFkaW5ncyB8IGdyZXAgLXYgc2RhIHwgZ3JlcCAtdiBudm1lIHwgYXdrICd7IHByaW50ICQxIH0nIHwgc29ydCkKICBibGtfY250PSQobHNibGsgLWQgLS1ub2hlYWRpbmdzIHwgZ3JlcCAtdiBzZGEgfCBncmVwIC12IG52bWUgfCB3YyAtbCkKCiAgIyB0byBwcmV2ZW50IG92ZXJsYXBwaW5nIHdpdGggbnZtZSBicmljayBuYW1lcy4KICBzdGFydF9pbmRleD0xMAogICMgcmVzZXQgdGhlIGNvdW50ZXJzLgogIGRpc2tfcGVyX2JyaWNrX2NvdW50ZXI9MAogIGJyaWNrX2NvdW50ZXI9MQogIGNvdW50PTEKCiAgaWYgWyAkYmxrX2NudCAtZ2UgJG51bV9vZl9kaXNrc19pbl9icmljayBdOyB0aGVuCgogICAgIyBDb25maWd1cmUgcGh5c2ljYWwgdm9sdW1lcyBhbmQgdm9sdW1lIGdyb3VwCiAgICBmb3IgZGlzayBpbiAkYmxrX2xzdAogICAgZG8KICAgICAgICBpbmRleD0kKChicmlja19jb3VudGVyK3N0YXJ0X2luZGV4KSkKICAgICAgICBkYXRhYWxpZ25tZW50PSQoKG51bV9vZl9kaXNrc19pbl9icmljaypibG9ja19zaXplKSk7IGVjaG8gJGRhdGFhbGlnbm1lbnQ7CiAgICAgICAgcHZjcmVhdGUgLS1kYXRhYWxpZ25tZW50ICRkYXRhYWxpZ25tZW50ICAvZGV2LyRkaXNrCiAgICAgICAgcGh5c2ljYWxleHRlbnRzaXplPSIke2Jsb2NrX3NpemV9SyI7ICBlY2hvICRwaHlzaWNhbGV4dGVudHNpemUKICAgICAgICB2Z2NyZWF0ZSAgLS1waHlzaWNhbGV4dGVudHNpemUgJHBoeXNpY2FsZXh0ZW50c2l6ZSB2Z19nbHVzdGVyXyRpbmRleCAvZGV2LyRkaXNrCiAgICAgICAgdmdleHRlbmQgdmdfZ2x1c3Rlcl8kaW5kZXggL2Rldi8kZGlzawoKICAgICAgICBpZiBbICRkaXNrX3Blcl9icmlja19jb3VudGVyIC1sdCAkbnVtX29mX2Rpc2tzX2luX2JyaWNrIF07IHRoZW4KICAgICAgICAgICAgZGlza19wZXJfYnJpY2tfY291bnRlcj0kKChkaXNrX3Blcl9icmlja19jb3VudGVyKzEpKQogICAgICAgIGZpCgogICAgICAgICMgTG9naWMgZm9yIGxhc3Qgc2V0IG9mIGRpc2tzIHRvIGNhbGwgbWFrZV9maWxlc3lzdGVtCiAgICAgICAgaWYgWyAkYmxrX2NudCAtZXEgJGNvdW50IC1vICRkaXNrX3Blcl9icmlja19jb3VudGVyIC1lcSAkbnVtX29mX2Rpc2tzX2luX2JyaWNrIF07IHRoZW4KICAgICAgICAgICAgdmdkaXNwbGF5CiAgICAgICAgICAgIGJyaWNrX25hbWU9ImJyaWNrJHtpbmRleH0iCiAgICAgICAgICAgIGx2bV9kaXNrX2NvdW50PSQoKG51bV9vZl9kaXNrc19pbl9icmljayoxKSkKICAgICAgICAgICAgdmdfZ2x1c3Rlcl9uYW1lPSJ2Z19nbHVzdGVyXyR7aW5kZXh9IgogICAgICAgICAgICBsdm1fc3RyaXBlc19jbnQ9JG51bV9vZl9kaXNrc19pbl9icmljawogICAgICAgICAgICBtYWtlX2ZpbGVzeXN0ZW0KICAgICAgICAgICAgYnJpY2tfY291bnRlcj0kKChicmlja19jb3VudGVyKzEpKQogICAgICAgICAgICBkaXNrX3Blcl9icmlja19jb3VudGVyPTAKICAgICAgICBmaQoKICAgICAgICBjb3VudD0kKChjb3VudCsxKSkKICAgIGRvbmUKCiAgZWxzZQogICAgZWNobyAiTm90IGVub3VnaCBkaXNrcyBhdHRhY2hlZCIKICAgIGV4aXQgMTsKICBmaQp9CgoKCgpnbHVzdGVyX3Byb2JlX3BlZXJzKCkKewogICAgaWYgWyAiJChob3N0bmFtZSAtcyB8IHRhaWwgLWMgMykiID0gIi0xIiBdOyB0aGVuCiAgICAgICAgZWNobyBHTFVTVEVSIFBST0JJTkcgUEVFUlMKICAgICAgICBzbGVlcCA2MAogICAgICAgIGhvc3Q9YGhvc3RuYW1lIC1pYAogICAgICAgIGZvciBpIGluIGBzZXEgMiAkc2VydmVyX25vZGVfY291bnRgOwogICAgICAgIGRvCiAgICAgICAgICAgIGdsdXN0ZXIgcGVlciBwcm9iZSAke3NlcnZlcl9maWxlc3lzdGVtX3ZuaWNfaG9zdG5hbWVfcHJlZml4fSR7aX0uJHtmaWxlc3lzdGVtX3N1Ym5ldF9kb21haW5fbmFtZX0gLS1tb2RlPXNjcmlwdAogICAgICAgIGRvbmUKICAgICAgICBzbGVlcCAyMAogICAgICAgIGdsdXN0ZXIgcGVlciBzdGF0dXMKICAgIGZpCn0KCgoKY3JlYXRlX2dsdXN0ZXJfdm9sdW1lcygpCnsKICAgIGlmIFsgIiQoaG9zdG5hbWUgLXMgfCB0YWlsIC1jIDMpIiA9ICItMSIgXTsgdGhlbgoKICAgICAgICAjIEdhdGhlciBsaXN0IG9mIGJsb2NrIGRldmljZXMgZm9yIGJyaWNrIGNvbmZpZwogICAgICAgIGJyaWNrX2xzdD0kKGxzIC9icmlja3MgfCBzb3J0KQogICAgICAgIGJyaWNrX2NudD0kKGxzIC9icmlja3MgfCBzb3J0IHwgd2MgLWwpCiAgICAgICAgY291bnQ9MQogICAgICAgIGJ1ZmZlcj0iIgogICAgICAgIGZvciBicmljayBpbiAkYnJpY2tfbHN0CiAgICAgICAgZG8KICAgICAgICAgICAgZm9yIGkgaW4gYHNlcSAxICRzZXJ2ZXJfbm9kZV9jb3VudGA7CiAgICAgICAgICAgIGRvCiAgICAgICAgICAgICAgICBidWZmZXI9IiRidWZmZXIgJHtzZXJ2ZXJfZmlsZXN5c3RlbV92bmljX2hvc3RuYW1lX3ByZWZpeH0ke2l9Oi9icmlja3MvJHticmlja30vYnJpY2sgIgogICAgICAgICAgICBkb25lCgogICAgICAgICAgICBjb3VudD0kKChjb3VudCsxKSkKICAgICAgICBkb25lCgogICAgICAgIGlmIFsgIiR2b2x1bWVfdHlwZXMiID0gIkRpc3RyaWJ1dGVkIiBdOyB0aGVuCiAgICAgICAgICAgIGNvbW1hbmRfcGFyYW1ldGVycz0iIHRyYW5zcG9ydCB0Y3AgJGJ1ZmZlciAgZm9yY2UgLS1tb2RlPXNjcmlwdCIKICAgICAgICBlbGlmIFsgIiR2b2x1bWVfdHlwZXMiID0gIkRpc3RyaWJ1dGVkUmVwbGljYXRlZCIgLW8gICIkdm9sdW1lX3R5cGVzIiA9ICJSZXBsaWNhdGVkIiBdOyB0aGVuCiAgICAgICAgICAgIGNvbW1hbmRfcGFyYW1ldGVycz0iIHJlcGxpY2EgJHJlcGxpY2EgdHJhbnNwb3J0IHRjcCAkYnVmZmVyICBmb3JjZSAtLW1vZGU9c2NyaXB0IgogICAgICAgIGVsaWYgWyAiJHZvbHVtZV90eXBlcyIgPSAiRGlzdHJpYnV0ZWREaXNwZXJzZWQiIC1vICAiJHZvbHVtZV90eXBlcyIgPSAiRGlzcGVyc2VkIiBdOyB0aGVuCiAgICAgICAgICAgIGNvbW1hbmRfcGFyYW1ldGVycz0iIGRpc3BlcnNlICRzZXJ2ZXJfbm9kZV9jb3VudCByZWR1bmRhbmN5IDEgdHJhbnNwb3J0IHRjcCAkYnVmZmVyICBmb3JjZSAtLW1vZGU9c2NyaXB0IgogICAgICAgIGVsc2UKICAgICAgICAgICAgZWNobyAiSW52YWxpZCB2b2x1bWUgdHlwZSBpbnB1dCwgZXhpdGluZy4uLi4iCiAgICAgICAgICAgIGV4aXQgMTsKICAgICAgICBmaQoKICAgIGdsdXN0ZXIgdm9sdW1lIGNyZWF0ZSBnbHVzdGVydm9sICRjb21tYW5kX3BhcmFtZXRlcnMKICAgIHNsZWVwIDIwCiAgICBnbHVzdGVyIHZvbHVtZSBzZXQgZ2x1c3RlcnZvbCBjdGltZSBvZmYKICAgIGdsdXN0ZXIgdm9sdW1lIHN0YXJ0IGdsdXN0ZXJ2b2wgZm9yY2UgLS1tb2RlPXNjcmlwdAogICAgc2xlZXAgMjAKICAgIGdsdXN0ZXIgdm9sdW1lIHN0YXR1cyAtLW1vZGU9c2NyaXB0CiAgICBnbHVzdGVyIHZvbHVtZSBpbmZvIC0tbW9kZT1zY3JpcHQKCiAgICBmaQp9Cgp1cGRhdGVfcmVzb2x2Y29uZgpjb25maWdfbm9kZQojIyMgdHVuZWRfY29uZmlnCmNvbmZpZ3VyZV9uaWNzCiMjIyB0dW5lX25pY3MKIyMjIHR1bmVfc3lzY3RsCmNyZWF0ZV9icmlja3MKCiMgU3RhcnQgZ2x1c3RlciBzZXJ2aWNlcwpzeXN0ZW1jdGwgZW5hYmxlIGdsdXN0ZXJkLnNlcnZpY2UKc3lzdGVtY3RsIHN0YXJ0IGdsdXN0ZXJkLnNlcnZpY2UKZ2x1c3Rlcl9wcm9iZV9wZWVycwpjcmVhdGVfZ2x1c3Rlcl92b2x1bWVzCgojIFR1bmluZwojIyMgZ2x1c3RlciB2b2x1bWUgc2V0ICBnbHVzdGVydm9sIHBlcmZvcm1hbmNlLmNhY2hlLXNpemUgMTVHQgojIyMgZ2x1c3RlciB2b2x1bWUgc2V0ICBnbHVzdGVydm9sIG5mcy5kaXNhYmxlIG9uCiMjIyBnbHVzdGVyIHZvbHVtZSBzZXQgIGdsdXN0ZXJ2b2wgcGVyZm9ybWFuY2UuaW8tY2FjaGUgb24KIyMjIGdsdXN0ZXIgdm9sdW1lIHNldCAgZ2x1c3RlcnZvbCBwZXJmb3JtYW5jZS5pby10aHJlYWQtY291bnQgMzIKCnRvdWNoIC90bXAvY29tcGxldGUKCmV4aXQgMAo="
            },
            "platform_config": [],
            "preemptible_instance_config": [],
            "preserve_boot_volume": null,
            "private_ip": "10.0.1.60",
            "public_ip": "",
            "region": "iad",
            "shape": "BM.Standard2.52",
            "shape_config": [
              {
                "baseline_ocpu_utilization": "",
                "gpu_description": "",
                "gpus": 0,
                "local_disk_description": "",
                "local_disks": 0,
                "local_disks_total_size_in_gbs": 0,
                "max_vnic_attachments": 100,
                "memory_in_gbs": 768,
                "networking_bandwidth_in_gbps": 50,
                "ocpus": 52,
                "processor_description": "2.0 GHz Intel® Xeon® Platinum 8167M (Skylake)"
              }
            ],
            "source_details": [
              {
                "boot_volume_size_in_gbs": "47",
                "kms_key_id": "",
                "source_id": "ocid1.image.oc1.iad.aaaaaaaamoajldhwrmbzx7s4xnrajj5b7nfrnutuebgwne4bxc7vpiap3gga",
                "source_type": "image"
              }
            ],
            "state": "RUNNING",
            "subnet_id": "ocid1.subnet.oc1.iad.aaaaaaaa37ivpeuvx7xzshw6elwcfkqnuknmoccati6kq5qlv23z2earauja",
            "system_tags": {},
            "time_created": "2021-06-22 19:47:47.603 +0000 UTC",
            "time_maintenance_reboot_due": "",
            "timeouts": {
              "create": "120m",
              "delete": null,
              "update": null
            }
          },
          "private": "eyJlMmJmYjczMC1lY2FhLTExZTYtOGY4OC0zNDM2M2JjN2M0YzAiOnsiY3JlYXRlIjo3MjAwMDAwMDAwMDAwLCJkZWxldGUiOjI3MDAwMDAwMDAwMDAsInVwZGF0ZSI6MjcwMDAwMDAwMDAwMH19",
          "dependencies": [
            "oci_core_nat_gateway.nat_gateway",
            "oci_core_route_table.private_route_table",
            "oci_core_security_list.private_security_list",
            "oci_core_subnet.fs",
            "oci_core_subnet.storage",
            "oci_core_vcn.vcn",
            "oci_identity_tag.ArchitectureCenterTag",
            "oci_identity_tag_namespace.ArchitectureCenterTagNamespace",
            "tls_private_key.public_private_key_pair"
          ]
        },
        {
          "index_key": 2,
          "schema_version": 0,
          "attributes": {
            "agent_config": [
              {
                "are_all_plugins_disabled": false,
                "is_management_disabled": false,
                "is_monitoring_disabled": false,
                "plugins_config": []
              }
            ],
            "availability_config": [
              {
                "is_live_migration_preferred": false,
                "recovery_action": "RESTORE_INSTANCE"
              }
            ],
            "availability_domain": "VXpT:US-ASHBURN-AD-1",
            "boot_volume_id": "ocid1.bootvolume.oc1.iad.abuwcljtihl2ajlzipk6ghow2kn67mad6xqd5slwqxkboxsev5yfsl3yw4iq",
            "capacity_reservation_id": null,
            "compartment_id": "ocid1.compartment.oc1..aaaaaaaamgpf7b5zhfwqc3cttmhatl3eqxl6uztmhozk52h2qbh4iytjvrsa",
            "create_vnic_details": [
              {
                "assign_public_ip": "false",
                "defined_tags": {
                  "ArchitectureCenter\\deploy-glusterfs.release": "1.0",
                  "Oracle-Tag.CreatedBy": "oguz",
                  "Oracle-Tag.CreatedOn": "2021-06-22T19:47:46.605Z",
                  "emergingtech.instanceprinciple": "not-allowed"
                },
                "display_name": "g-server-3",
                "freeform_tags": {},
                "hostname_label": "g-server-3",
                "nsg_ids": null,
                "private_ip": "10.0.1.23",
                "skip_source_dest_check": false,
                "subnet_id": "ocid1.subnet.oc1.iad.aaaaaaaa37ivpeuvx7xzshw6elwcfkqnuknmoccati6kq5qlv23z2earauja",
                "vlan_id": ""
              }
            ],
            "dedicated_vm_host_id": null,
            "defined_tags": {
              "ArchitectureCenter\\deploy-glusterfs.release": "1.0",
              "Oracle-Tag.CreatedBy": "oguz",
              "Oracle-Tag.CreatedOn": "2021-06-22T19:47:46.066Z",
              "emergingtech.instanceprinciple": "not-allowed"
            },
            "display_name": "g-server-3",
            "extended_metadata": null,
            "fault_domain": "FAULT-DOMAIN-3",
            "freeform_tags": {},
            "hostname_label": "g-server-3",
            "id": "ocid1.instance.oc1.iad.anuwcljtpwneysac5y6b3hhkqi23rksysxcfvjhkx3oceektq3nvbfaaz6gq",
            "image": "ocid1.image.oc1.iad.aaaaaaaamoajldhwrmbzx7s4xnrajj5b7nfrnutuebgwne4bxc7vpiap3gga",
            "instance_options": [
              {
                "are_legacy_imds_endpoints_disabled": false
              }
            ],
            "ipxe_script": null,
            "is_pv_encryption_in_transit_enabled": null,
            "launch_mode": "PARAVIRTUALIZED",
            "launch_options": [
              {
                "boot_volume_type": "ISCSI",
                "firmware": "UEFI_64",
                "is_consistent_volume_naming_enabled": true,
                "is_pv_encryption_in_transit_enabled": false,
                "network_type": "PARAVIRTUALIZED",
                "remote_data_volume_type": "ISCSI"
              }
            ],
            "metadata": {
              "ssh_authorized_keys": "ssh-rsa AAAAB3NzaC1yc2EAAAADAQABAAABAQDKJYoYr0xjB5htiYODTHDCQWOb0KjFpjbFoGWk48kEEFiBoVPIpELY28+LNvar5fos+ZrMP5+V5Rlwcpwiqg6o+CYI9Gt4zBZIbiHi2dvzo9ngUgk7EpAq5TvBQkFwwhFby0PPjCDCmj8WlA5k/aRI1fssFjHbWLpd4DqbTma5cUP8wDRkyLDYlUfuvcuDZy2WnK8KW9YfavsvnF0A+1ADo4xYFdDTBTLFkk6wXDYeNiQ9aXHTFB5nzU35+BDZSMHuoxGOi/5SXRU1IDB0vRMN9c7azgmhYq7FcSjCvJaQCusAEnn+3TFPr0jd47w8UYryppv+Lvhv+1OxO9BVzV/9\n",
              "user_data": "IyEvdXNyL2Jpbi9lbnYgYmFzaApzZXQgLXgKZ2x1c3Rlcl95dW1fcmVsZWFzZT0iaHR0cDovL3l1bS5vcmFjbGUuY29tL3JlcG8vT3JhY2xlTGludXgvT0w3L2dsdXN0ZXI1L3g4Nl82NCIKc2VydmVyX25vZGVfY291bnQ9IjMiCnNlcnZlcl9ob3N0bmFtZV9wcmVmaXg9Imctc2VydmVyLSIKZGlza19zaXplPSI4MDAiCmRpc2tfY291bnQ9IjgiCm51bV9vZl9kaXNrc19pbl9icmljaz0iMSIKcmVwbGljYT0iMSIKdm9sdW1lX3R5cGVzPSJEaXN0cmlidXRlZCIKYmxvY2tfc2l6ZT0iMTI4IgpzdG9yYWdlX3N1Ym5ldF9kb21haW5fbmFtZT0ic3RvcmFnZS5nbHVzdGVyLm9yYWNsZXZjbi5jb20iCmZpbGVzeXN0ZW1fc3VibmV0X2RvbWFpbl9uYW1lPSJmcy5nbHVzdGVyLm9yYWNsZXZjbi5jb20iCnZjbl9kb21haW5fbmFtZT0iZ2x1c3Rlci5vcmFjbGV2Y24uY29tIgpzZXJ2ZXJfZmlsZXN5c3RlbV92bmljX2hvc3RuYW1lX3ByZWZpeD0iZy1zZXJ2ZXItZnMtdm5pYy0iCnNlcnZlcl9kdWFsX25pY3M9InRydWUiCiMjIyMjIyMjIyMjIyMjIyMjIyMjIyMjIyMjIyMjIyMjIyMjIyMjIyMjIyMjIyMjIyMjIyMjIyMiCiMjIyMjIyMjIyMjIyMjIyMjIFR1cm4gT2ZmIHRoZSBGaXJld2FsbCAjIyMjIyMjIyMjIyMjIyMiCiMjIyMjIyMjIyMjIyMjIyMjIyMjIyMjIyMjIyMjIyMjIyMjIyMjIyMjIyMjIyMjIyMjIyMjIyMiCmVjaG8gIlR1cm5pbmcgb2ZmIHRoZSBGaXJld2FsbC4uLiIKd2hpY2ggYXB0LWdldCAmPiAvZGV2L251bGwKaWYgWyAkPyAtZXEgMCBdIDsgdGhlbgogICAgZWNobyAiIiA+IC9ldGMvaXB0YWJsZXMvcnVsZXMudjQKICAgIGVjaG8gIiIgPiAvZXRjL2lwdGFibGVzL3J1bGVzLnY2CgogICAgaXB0YWJsZXMgLUYKICAgIGlwdGFibGVzIC1YCiAgICBpcHRhYmxlcyAtdCBuYXQgLUYKICAgIGlwdGFibGVzIC10IG5hdCAtWAogICAgaXB0YWJsZXMgLXQgbWFuZ2xlIC1GCiAgICBpcHRhYmxlcyAtdCBtYW5nbGUgLVgKICAgIGlwdGFibGVzIC1QIElOUFVUIEFDQ0VQVAogICAgaXB0YWJsZXMgLVAgT1VUUFVUIEFDQ0VQVAogICAgaXB0YWJsZXMgLVAgRk9SV0FSRCBBQ0NFUFQKZWxzZQogICAgc2VydmljZSBmaXJld2FsbGQgc3RvcAogICAgY2hrY29uZmlnIGZpcmV3YWxsZCBvZmYKZmkKCgpzZXQgLXgKCgplY2hvICJzZXJ2ZXJfbm9kZV9jb3VudCA9ICRzZXJ2ZXJfbm9kZV9jb3VudCIKZWNobyAic2VydmVyX2hvc3RuYW1lX3ByZWZpeCA9ICRzZXJ2ZXJfaG9zdG5hbWVfcHJlZml4IgoKIyBibG9ja19zaXplIGlzIGV4cGVjdGVkIGJlIHRvIG51bWVyaWNhbCBvbmx5LCBidXQgc3RpbGwgY2hlY2sgYW5kIHJlbW92ZSBrLEssa2IsS0IgdGhlbSwgaWYgdGhleSBleGlzdC4gCmx2bV9zdHJpcGVfc2l6ZT1gZWNobyAkYmxvY2tfc2l6ZSB8IGdhd2sgLUYia3xLfEtCfGtiIiAnIHsgcHJpbnQgJDEgfSdgIDsKZWNobyAkbHZtX3N0cmlwZV9zaXplOwoKIyBsaXN0X2xlbmd0aCgpOiBSZXR1cm4gdGhlIGxlbmd0aCBvZiB0aGUgbGlzdApmdW5jdGlvbiBsaXN0X2xlbmd0aCgpIHsKICBlY2hvICQod2MgLXcgPDw8ICIkQCIpCn0KCgpmdW5jdGlvbiB1cGRhdGVfcmVzb2x2Y29uZiB7CiAgICAjIyMjIyMjIyMjIyMjIyMjIyAgIFVwZGF0ZSByZXNvbHYuY29uZiAgIyMjIyMjIyMjIyMjIyMjIgogICAgIyMgTW9kaWZ5IHJlc29sdi5jb25mIHRvIGVuc3VyZSBETlMgbG9va3VwcyB3b3JrIGZyb20gb25lIHByaXZhdGUgc3VibmV0IHRvIGFub3RoZXIgc3VibmV0CiAgICBjcCAvZXRjL3Jlc29sdi5jb25mIC9ldGMvcmVzb2x2LmNvbmYuYmFja3VwCiAgICBybSAtZiAvZXRjL3Jlc29sdi5jb25mCiAgICBlY2hvICJzZWFyY2ggJHtzdG9yYWdlX3N1Ym5ldF9kb21haW5fbmFtZX0gJHtmaWxlc3lzdGVtX3N1Ym5ldF9kb21haW5fbmFtZX0gJHt2Y25fZG9tYWluX25hbWV9ICIgPiAvZXRjL3Jlc29sdi5jb25mCiAgICBlY2hvICJuYW1lc2VydmVyIDE2OS4yNTQuMTY5LjI1NCIgPj4gL2V0Yy9yZXNvbHYuY29uZgp9CgojIHR1bmVkX2NvbmZpZygpOiBFbmFibGUvU3RhcnQgVHVuZWQKZnVuY3Rpb24gdHVuZWRfY29uZmlnKCkgewogIC9zYmluL2Noa2NvbmZpZyB0dW5lZCBvbgogIC9zYmluL3NlcnZpY2UgdHVuZWQgc3RhcnQKICAvc2Jpbi90dW5lZC1hZG0gcHJvZmlsZSB0aHJvdWdocHV0LXBlcmZvcm1hbmNlCgogIC9zYmluL3NlcnZpY2UgaXJxYmFsYW5jZSBzdG9wCiAgL3NiaW4vY2hrY29uZmlnIGlycWJhbGFuY2Ugb2ZmCn0KCmZ1bmN0aW9uIGNvbmZpZ3VyZV9uaWNzKCkgewogICAjIFdlIHVzZSAyIFZOSUNzIC0gaXJyZXNwZWN0aXZlIG9mIEJNL1ZNLiBPbmUgZm9yIHN0b3JhZ2UgdHJhZmZpYywgYW5vdGhlciBmb3Igc2VydmVyL2NsaWVudCB0cmFmZmljCgogICAjIFdhaXQgdGlsbCAybmQgTklDIGlzIGNvbmZpZ3VyZWQKICAgcHJpdmF0ZUlwPWBjdXJsIC1zIGh0dHA6Ly8xNjkuMjU0LjE2OS4yNTQvb3BjL3YxL3ZuaWNzLyB8IGpxICcuWzFdLnByaXZhdGVJcCAnIHwgc2VkICdzLyIvL2cnIGAgOwogICBlY2hvICRwcml2YXRlSXAgfCBncmVwICJcLiIgOwogICB3aGlsZSBbICQ/IC1uZSAwIF07CiAgIGRvCiAgICAgc2xlZXAgMTBzCiAgICAgZWNobyAiV2FpdGluZyBmb3IgMm5kIFBoeXNpY2FsIE5JQyB0byBnZXQgY29uZmlndXJlZCB3aXRoIGhvc3RuYW1lIgogICAgIHByaXZhdGVJcD1gY3VybCAtcyBodHRwOi8vMTY5LjI1NC4xNjkuMjU0L29wYy92MS92bmljcy8gfCBqcSAnLlsxXS5wcml2YXRlSXAgJyB8IHNlZCAncy8iLy9nJyBgIDsKICAgICBlY2hvICRwcml2YXRlSXAgfCBncmVwICJcLiIgOwogICBkb25lCiAgIHZuaWNJZD1gY3VybCAtcyBodHRwOi8vMTY5LjI1NC4xNjkuMjU0L29wYy92MS92bmljcy8gfCBqcSAnLlsxXS52bmljSWQgJyB8IHNlZCAncy8iLy9nJyBgIDsKICAgbWFjQWRkcj1gY3VybCAtcyBodHRwOi8vMTY5LjI1NC4xNjkuMjU0L29wYy92MS92bmljcy8gfCBqcSAnLlsxXS5tYWNBZGRyICcgfCBzZWQgJ3MvIi8vZycgYCA7CiAgIHN1Ym5ldENpZHJCbG9jaz1gY3VybCAtcyBodHRwOi8vMTY5LjI1NC4xNjkuMjU0L29wYy92MS92bmljcy8gfCBqcSAnLlsxXS5zdWJuZXRDaWRyQmxvY2sgJyB8IHNlZCAncy8iLy9nJyBgIDsKICAgc2xlZXAgMzBzCiAgIHdnZXQgLU8gc2Vjb25kYXJ5X3ZuaWNfYWxsX2NvbmZpZ3VyZS5zaCBodHRwczovL2RvY3MuY2xvdWQub3JhY2xlLmNvbS9lbi11cy9pYWFzL0NvbnRlbnQvUmVzb3VyY2VzL0Fzc2V0cy9zZWNvbmRhcnlfdm5pY19hbGxfY29uZmlndXJlLnNoCiAgIGNobW9kICt4IHNlY29uZGFyeV92bmljX2FsbF9jb25maWd1cmUuc2gKICAgLi9zZWNvbmRhcnlfdm5pY19hbGxfY29uZmlndXJlLnNoIC1jCiAgIHNsZWVwIDMwcwojIFNvbWV0aW1lcywgImlwIGFkZHIiICwgaXQgcmV0dXJuZWQgZW1wdHkuIGhlbmNlIGFkZGVkIGFub3RoZXIgY29tbWFuZC4KICAgaW50ZXJmYWNlPWBpcCBhZGRyIHwgZ3JlcCAtQjIgJHByaXZhdGVJcCB8IGdyZXAgIkJST0FEQ0FTVCIgfCBnYXdrIC1GICI6IiAnIHsgcHJpbnQgJDIgfSAnIHwgc2VkIC1lICdzL15bIFx0XSovLydgCiAgIGludGVyZmFjZT1gLi9zZWNvbmRhcnlfdm5pY19hbGxfY29uZmlndXJlLnNoICB8IGdyZXAgJHZuaWNJZCB8ICBnYXdrIC1GICIgIiAnIHsgcHJpbnQgJDggfSAnIHwgc2VkIC1lICdzL15bIFx0XSovLydgCgogICBlY2hvICIkc3VibmV0Q2lkckJsb2NrIHZpYSAkcHJpdmF0ZUlwIGRldiAkaW50ZXJmYWNlIiA+ICAvZXRjL3N5c2NvbmZpZy9uZXR3b3JrLXNjcmlwdHMvcm91dGUtJGludGVyZmFjZQogICBlY2hvICJQZXJtYW5lbnRseSBjb25maWd1cmUgMm5kIFZOSUMuLi4kaW50ZXJmYWNlIgogICBlY2hvICJERVZJQ0U9JGludGVyZmFjZQpIV0FERFI9JG1hY0FkZHIKT05CT09UPXllcwpUWVBFPUV0aGVybmV0ClVTRVJDVEw9bm8KSVBBRERSPSRwcml2YXRlSXAKTkVUTUFTSz0yNTUuMjU1LjI1NS4wCk1UVT05MDAwCk5NX0NPTlRST0xMRUQ9bm8KIiA+IC9ldGMvc3lzY29uZmlnL25ldHdvcmstc2NyaXB0cy9pZmNmZy0kaW50ZXJmYWNlCgogICAgc3lzdGVtY3RsIHN0YXR1cyBuZXR3b3JrLnNlcnZpY2UKICAgIGlmZG93biAkaW50ZXJmYWNlCiAgICBpZnVwICRpbnRlcmZhY2UKCiAgICBTZWNvbmRWTmljRlFETkhvc3RuYW1lPWBuc2xvb2t1cCAkcHJpdmF0ZUlwIHwgZ3JlcCAibmFtZSA9ICIgfCBnYXdrIC1GIj0iICd7IHByaW50ICQyIH0nIHwgc2VkICAic3xeIHx8ZyIgfCBzZWQgICJzfFwuJHx8ZyJgCiAgICBUSElTX0ZRRE49JFNlY29uZFZOaWNGUUROSG9zdG5hbWUKICAgIFRISVNfSE9TVD0ke1RISVNfRlFETiUlLip9CiAgICBTZWNvbmRWTklDRG9tYWluTmFtZT0ke1RISVNfRlFETiMqLip9Cn0KCmZ1bmN0aW9uIHR1bmVfbmljcygpIHsKICBuaWNfbHN0PSQoaWZjb25maWcgfCBncmVwICIgZmxhZ3MiIHwgZ3JlcCAtdiAiXmxvOiIgfCBnYXdrIC1GIjoiICd7IHByaW50ICQxIH0nIHwgc29ydCkgOyBlY2hvICRuaWNfbHN0CiAgZm9yIG5pYyBpbiAkbmljX2xzdAogIGRvCiAgICBldGh0b29sIC1HICRuaWMgcnggMjA0NyB0eCAyMDQ3IHJ4LWp1bWJvIDgxOTEKICBkb25lCn0KCgoKZnVuY3Rpb24gdHVuZV9zeXNjdGwoKSB7CiAgZWNobyAibmV0LmNvcmUud21lbV9tYXg9MTY3NzcyMTYiID4+IC9ldGMvc3lzY3RsLmNvbmYKICBlY2hvICJuZXQuY29yZS5ybWVtX21heD0xNjc3NzIxNiIgPj4gL2V0Yy9zeXNjdGwuY29uZgogIGVjaG8gIm5ldC5jb3JlLndtZW1fZGVmYXVsdD0xNjc3NzIxNiIgPj4gL2V0Yy9zeXNjdGwuY29uZgogIGVjaG8gIm5ldC5jb3JlLnJtZW1fZGVmYXVsdD0xNjc3NzIxNiIgPj4gL2V0Yy9zeXNjdGwuY29uZgogIGVjaG8gIm5ldC5jb3JlLm9wdG1lbV9tYXg9MTY3NzcyMTYiID4+IC9ldGMvc3lzY3RsLmNvbmYKICBlY2hvICJuZXQuY29yZS5uZXRkZXZfbWF4X2JhY2tsb2c9MjcwMDAiID4+IC9ldGMvc3lzY3RsLmNvbmYKICBlY2hvICJrZXJuZWwuc3lzcnE9MSIgPj4gL2V0Yy9zeXNjdGwuY29uZgogIGVjaG8gImtlcm5lbC5zaG1tYXg9MTg0NDY3NDQwNzM2OTI3NzQzOTkiID4+IC9ldGMvc3lzY3RsLmNvbmYKICBlY2hvICJuZXQuY29yZS5zb21heGNvbm49ODE5MiIgPj4gL2V0Yy9zeXNjdGwuY29uZgogIGVjaG8gIm5ldC5pcHY0LnRjcF9hZHZfd2luX3NjYWxlPTIiID4+IC9ldGMvc3lzY3RsLmNvbmYKICBlY2hvICJuZXQuaXB2NC50Y3BfbG93X2xhdGVuY3k9MSIgPj4gL2V0Yy9zeXNjdGwuY29uZgogIGVjaG8gIm5ldC5pcHY0LnRjcF9ybWVtID0gMjEyOTkyIDg3MzgwIDE2Nzc3MjE2IiA+PiAvZXRjL3N5c2N0bC5jb25mCiAgZWNobyAibmV0LmlwdjQudGNwX3NhY2sgPSAxIiA+PiAvZXRjL3N5c2N0bC5jb25mCiAgZWNobyAibmV0LmlwdjQudGNwX3dpbmRvd19zY2FsaW5nID0gMSIgPj4gL2V0Yy9zeXNjdGwuY29uZgogIGVjaG8gIm5ldC5pcHY0LnRjcF93bWVtID0gMjEyOTkyIDY1NTM2IDE2Nzc3MjE2IiA+PiAvZXRjL3N5c2N0bC5jb25mCiAgZWNobyAidm0ubWluX2ZyZWVfa2J5dGVzID0gNjU1MzYiID4+IC9ldGMvc3lzY3RsLmNvbmYKICBlY2hvICJuZXQuaXB2NC50Y3Bfbm9fbWV0cmljc19zYXZlID0gMCIgPj4gL2V0Yy9zeXNjdGwuY29uZgogIGVjaG8gIm5ldC5pcHY0LnRjcF9jb25nZXN0aW9uX2NvbnRyb2wgPSBjdWJpYyIgPj4gL2V0Yy9zeXNjdGwuY29uZgogIGVjaG8gIm5ldC5pcHY0LnRjcF90aW1lc3RhbXBzID0gMCIgPj4gL2V0Yy9zeXNjdGwuY29uZgogIGVjaG8gIm5ldC5pcHY0LnRjcF9jb25nZXN0aW9uX2NvbnRyb2wgPSBodGNwIiA+PiAvZXRjL3N5c2N0bC5jb25mCgogIC9zYmluL3N5c2N0bCAtcCAvZXRjL3N5c2N0bC5jb25mCn0KCgpjb25maWdfbm9kZSgpCnsKICAgICMgRGlzYWJsZSBmaXJld2FsbGQgVE9ETzogQWRkIGZpcmV3YWxsIHNldHRpbmdzIHRvIG5vZGUgaW4gZnV0dXJlIHJldi4KICAgIHN5c3RlbWN0bCBzdG9wIGZpcmV3YWxsZAogICAgc3lzdGVtY3RsIGRpc2FibGUgZmlyZXdhbGxkCgogICAgIyBEaXNhYmxlIFNFTGludXgKICAgIGNwIC9ldGMvc2VsaW51eC9jb25maWcgL2V0Yy9zZWxpbnV4L2NvbmZpZy5iYWNrdXAKICAgIHNlZCAtaSAncy9TRUxJTlVYPWVuZm9yY2luZy9TRUxJTlVYPWRpc2FibGVkL2cnIC9ldGMvc2VsaW51eC9jb25maWcKICAgIHNldGVuZm9yY2UgMAoKICAgIGNhdCAvZXRjL29zLXJlbGVhc2UgfCBncmVwICJeTkFNRT0iIHwgZ3JlcCAiQ2VudE9TIgogICAgaWYgWyAkPyAtZXEgMCBdOyB0aGVuCiAgICAgIHl1bSBpbnN0YWxsIC15IGNlbnRvcy1yZWxlYXNlLWdsdXN0ZXIgLS1ub2dwZ2NoZWNrCiAgICAgIHl1bSBpbnN0YWxsIGdsdXN0ZXJmcy1zZXJ2ZXIgLXkKICAgICAgeXVtIGluc3RhbGwgLXkgc2FtYmEgZ2l0IG52bWUtY2xpCiAgICBlbHNlCiAgICAgICMgRW5hYmxlIGxhdGVzdCBPcmFjbGUgTGludXggR2x1c3RlciByZWxlYXNlCiAgICAgICN5dW0tY29uZmlnLW1hbmFnZXIgLS1hZGQtcmVwbyAkZ2x1c3Rlcl95dW1fcmVsZWFzZQogICAgICAjeXVtIGluc3RhbGwgLXkgZ2x1c3RlcmZzLXNlcnZlciBzYW1iYSBnaXQgbnZtZS1jbGkKICAgICAgeXVtIGluc3RhbGwgLXkgb3JhY2xlLWdsdXN0ZXItcmVsZWFzZS1lbDcKICAgICAgeXVtLWNvbmZpZy1tYW5hZ2VyIC0tZW5hYmxlIG9sN19nbHVzdGVyNiBvbDdfYWRkb25zIG9sN19sYXRlc3Qgb2w3X29wdGlvbmFsX2xhdGVzdCBvbDdfVUVLUjUKICAgICAgeXVtIGluc3RhbGwgLXkgZ2x1c3RlcmZzLXNlcnZlciBzYW1iYSBnaXQgbnZtZS1jbGkKICAgIGZpCiAgICB0b3VjaCAvdmFyL2xvZy9DT05GSUdfQ09NUExFVEUKfQoKCm1ha2VfZmlsZXN5c3RlbSgpCnsKICAgICMgQ3JlYXRlIExvZ2ljYWwgVm9sdW1lIGZvciBHbHVzdGVyIEJyaWNrCiAgICBsdmNyZWF0ZSAtbCAxMDAlVkcgLS1zdHJpcGVzICRsdm1fc3RyaXBlc19jbnQgLS1zdHJpcGVzaXplICIke2Jsb2NrX3NpemV9SyIgLW4gJGJyaWNrX25hbWUgJHZnX2dsdXN0ZXJfbmFtZQogICAgbHZkaXNwbGF5CgogICAgIyBDcmVhdGUgWEZTIGZpbGVzeXN0ZW0gd2l0aCBJbm9kZXMgc2V0IGF0IDUxMiBhbmQgRGlyZWN0b3J5IGJsb2NrIHNpemUgYXQgODE5MgogICAgIyBhbmQgc2V0IHRoZSBzdSBhbmQgc3cgZm9yIG9wdGltYWwgc3RyaXBlIHBlcmZvcm1hbmNlCiAgICAjIGx2bV9zdHJpcGVfc2l6ZSBpcyBhc3N1bWVkIHRvIGJlIGluIEtCLCBoZW5jZSBtdWx0aXBseSBieSAxMDI0IHRvIGNvbnZlcnQgdG8gYnl0ZXMuCiAgICAjIHN1IG11c3QgYmUgYSBtdWx0aXBsZSBvZiB0aGUgc2VjdG9yIHNpemUgKDQwOTYpCiAgICAjIHN3IG11c3QgYmUgZXF1YWwgdG8gIyBvZiBkaXNrIHdpdGhpbiBSQUlEIG9yIExWTS4KICAgIHN1PSQoKGJsb2NrX3NpemUqMTAyNCkpIDsgIGVjaG8gJHN1CiAgICBzdz0kKChsdm1fc3RyaXBlc19jbnQpKSA7IGVjaG8gJHN3CiAgICBta2ZzLnhmcyAtZiAtaSBzaXplPTUxMiAtbiBzaXplPTgxOTIgLWQgc3U9JHtzdX0sc3c9JHtzd30gL2Rldi8ke3ZnX2dsdXN0ZXJfbmFtZX0vJHticmlja19uYW1lfQogICAgbWtkaXIgLXAgL2JyaWNrcy8ke2JyaWNrX25hbWV9CiAgICBtb3VudCAtdCB4ZnMgLW8gbm9hdGltZSxpbm9kZTY0LG5vYmFycmllciAvZGV2LyR7dmdfZ2x1c3Rlcl9uYW1lfS8ke2JyaWNrX25hbWV9IC9icmlja3MvJHticmlja19uYW1lfQogICAgZWNobyAiL2Rldi8ke3ZnX2dsdXN0ZXJfbmFtZX0vJHticmlja19uYW1lfSAgL2JyaWNrcy8ke2JyaWNrX25hbWV9ICAgIHhmcyAgICAgbm9hdGltZSxpbm9kZTY0LG5vYmFycmllciAgMSAyIiA+PiAvZXRjL2ZzdGFiCiAgICBkZiAtaAoKICAgICMgQ3JlYXRlIGdsdXN0ZXIgYnJpY2sKICAgIG1rZGlyIC1wIC9icmlja3MvJHticmlja19uYW1lfS9icmljawp9CgpjcmVhdGVfYnJpY2tzKCkKewoKICBudm1lX2xzdD0kKGxzIC9kZXYvIHwgZ3JlcCBudm1lIHwgZ3JlcCBuMSB8IHNvcnQpCiAgbnZtZV9jbnQ9JChscyAvZGV2LyB8IGdyZXAgbnZtZSB8IGdyZXAgbjEgfCB3YyAtbCkKCiAgaWYgWyAkbnZtZV9jbnQgLWd0IDAgXTsgdGhlbgoKICBicmlja19jb3VudGVyPTEKICBjb3VudD0xCiAgIyBDb25maWd1cmUgcGh5c2ljYWwgdm9sdW1lcyBhbmQgdm9sdW1lIGdyb3VwCiAgICAgIGZvciBkaXNrIGluICRudm1lX2xzdAogICAgICBkbwogICAgICAgICAgZGF0YWFsaWdubWVudD0kKChibG9ja19zaXplKSk7IGVjaG8gJGRhdGFhbGlnbm1lbnQ7CiAgICAgICAgICBwdmNyZWF0ZSAtLWRhdGFhbGlnbm1lbnQgJGRhdGFhbGlnbm1lbnQgIC9kZXYvJGRpc2sKICAgICAgICAgIHBoeXNpY2FsZXh0ZW50c2l6ZT0iJHtibG9ja19zaXplfUsiOyAgZWNobyAkcGh5c2ljYWxleHRlbnRzaXplCiAgICAgICAgICB2Z2NyZWF0ZSAgLS1waHlzaWNhbGV4dGVudHNpemUgJHBoeXNpY2FsZXh0ZW50c2l6ZSB2Z19nbHVzdGVyXyR7YnJpY2tfY291bnRlcn0gL2Rldi8kZGlzawogICAgICAgICAgdmdleHRlbmQgdmdfZ2x1c3Rlcl8ke2JyaWNrX2NvdW50ZXJ9IC9kZXYvJGRpc2sKICAgICAgICAgIHZnZGlzcGxheQogICAgICAgICAgYnJpY2tfbmFtZT0iYnJpY2ske2JyaWNrX2NvdW50ZXJ9IgogICAgICAgICAgbHZtX2Rpc2tfY291bnQ9MQogICAgICAgICAgdmdfZ2x1c3Rlcl9uYW1lPSJ2Z19nbHVzdGVyXyR7YnJpY2tfY291bnRlcn0iCiAgICAgICAgICBsdm1fc3RyaXBlc19jbnQ9MQogICAgICAgICAgbWFrZV9maWxlc3lzdGVtCiAgICAgICAgICBicmlja19jb3VudGVyPSQoKGJyaWNrX2NvdW50ZXIrMSkpCiAgICAgICAgICBjb3VudD0kKChjb3VudCsxKSkKICAgICAgZG9uZQogIGZpCgogICMgV2FpdCBmb3IgYmxvY2stYXR0YWNoIG9mIHRoZSBCbG9jayB2b2x1bWVzIHRvIGNvbXBsZXRlLiBUZXJyYWZvcm0gdGhlbiBjcmVhdGVzIHRoZSBiZWxvdyBmaWxlIG9uIHNlcnZlciBub2RlcyBvZiBjbHVzdGVyLgogIHdoaWxlIFsgISAtZiAvdG1wL2Jsb2NrLWF0dGFjaC5jb21wbGV0ZSBdCiAgICBkbwogICAgICBzbGVlcCA2MHMKICAgICAgZWNobyAiV2FpdGluZyBmb3IgYmxvY2stYXR0YWNoIHZpYSBUZXJyYWZvcm0gdG8gIGNvbXBsZXRlIC4uLiIKICAgIGRvbmUKCgogICMgR2F0aGVyIGxpc3Qgb2YgYmxvY2sgZGV2aWNlcyBmb3IgYnJpY2sgY29uZmlnCiAgYmxrX2xzdD0kKGxzYmxrIC1kIC0tbm9oZWFkaW5ncyB8IGdyZXAgLXYgc2RhIHwgZ3JlcCAtdiBudm1lIHwgYXdrICd7IHByaW50ICQxIH0nIHwgc29ydCkKICBibGtfY250PSQobHNibGsgLWQgLS1ub2hlYWRpbmdzIHwgZ3JlcCAtdiBzZGEgfCBncmVwIC12IG52bWUgfCB3YyAtbCkKCiAgIyB0byBwcmV2ZW50IG92ZXJsYXBwaW5nIHdpdGggbnZtZSBicmljayBuYW1lcy4KICBzdGFydF9pbmRleD0xMAogICMgcmVzZXQgdGhlIGNvdW50ZXJzLgogIGRpc2tfcGVyX2JyaWNrX2NvdW50ZXI9MAogIGJyaWNrX2NvdW50ZXI9MQogIGNvdW50PTEKCiAgaWYgWyAkYmxrX2NudCAtZ2UgJG51bV9vZl9kaXNrc19pbl9icmljayBdOyB0aGVuCgogICAgIyBDb25maWd1cmUgcGh5c2ljYWwgdm9sdW1lcyBhbmQgdm9sdW1lIGdyb3VwCiAgICBmb3IgZGlzayBpbiAkYmxrX2xzdAogICAgZG8KICAgICAgICBpbmRleD0kKChicmlja19jb3VudGVyK3N0YXJ0X2luZGV4KSkKICAgICAgICBkYXRhYWxpZ25tZW50PSQoKG51bV9vZl9kaXNrc19pbl9icmljaypibG9ja19zaXplKSk7IGVjaG8gJGRhdGFhbGlnbm1lbnQ7CiAgICAgICAgcHZjcmVhdGUgLS1kYXRhYWxpZ25tZW50ICRkYXRhYWxpZ25tZW50ICAvZGV2LyRkaXNrCiAgICAgICAgcGh5c2ljYWxleHRlbnRzaXplPSIke2Jsb2NrX3NpemV9SyI7ICBlY2hvICRwaHlzaWNhbGV4dGVudHNpemUKICAgICAgICB2Z2NyZWF0ZSAgLS1waHlzaWNhbGV4dGVudHNpemUgJHBoeXNpY2FsZXh0ZW50c2l6ZSB2Z19nbHVzdGVyXyRpbmRleCAvZGV2LyRkaXNrCiAgICAgICAgdmdleHRlbmQgdmdfZ2x1c3Rlcl8kaW5kZXggL2Rldi8kZGlzawoKICAgICAgICBpZiBbICRkaXNrX3Blcl9icmlja19jb3VudGVyIC1sdCAkbnVtX29mX2Rpc2tzX2luX2JyaWNrIF07IHRoZW4KICAgICAgICAgICAgZGlza19wZXJfYnJpY2tfY291bnRlcj0kKChkaXNrX3Blcl9icmlja19jb3VudGVyKzEpKQogICAgICAgIGZpCgogICAgICAgICMgTG9naWMgZm9yIGxhc3Qgc2V0IG9mIGRpc2tzIHRvIGNhbGwgbWFrZV9maWxlc3lzdGVtCiAgICAgICAgaWYgWyAkYmxrX2NudCAtZXEgJGNvdW50IC1vICRkaXNrX3Blcl9icmlja19jb3VudGVyIC1lcSAkbnVtX29mX2Rpc2tzX2luX2JyaWNrIF07IHRoZW4KICAgICAgICAgICAgdmdkaXNwbGF5CiAgICAgICAgICAgIGJyaWNrX25hbWU9ImJyaWNrJHtpbmRleH0iCiAgICAgICAgICAgIGx2bV9kaXNrX2NvdW50PSQoKG51bV9vZl9kaXNrc19pbl9icmljayoxKSkKICAgICAgICAgICAgdmdfZ2x1c3Rlcl9uYW1lPSJ2Z19nbHVzdGVyXyR7aW5kZXh9IgogICAgICAgICAgICBsdm1fc3RyaXBlc19jbnQ9JG51bV9vZl9kaXNrc19pbl9icmljawogICAgICAgICAgICBtYWtlX2ZpbGVzeXN0ZW0KICAgICAgICAgICAgYnJpY2tfY291bnRlcj0kKChicmlja19jb3VudGVyKzEpKQogICAgICAgICAgICBkaXNrX3Blcl9icmlja19jb3VudGVyPTAKICAgICAgICBmaQoKICAgICAgICBjb3VudD0kKChjb3VudCsxKSkKICAgIGRvbmUKCiAgZWxzZQogICAgZWNobyAiTm90IGVub3VnaCBkaXNrcyBhdHRhY2hlZCIKICAgIGV4aXQgMTsKICBmaQp9CgoKCgpnbHVzdGVyX3Byb2JlX3BlZXJzKCkKewogICAgaWYgWyAiJChob3N0bmFtZSAtcyB8IHRhaWwgLWMgMykiID0gIi0xIiBdOyB0aGVuCiAgICAgICAgZWNobyBHTFVTVEVSIFBST0JJTkcgUEVFUlMKICAgICAgICBzbGVlcCA2MAogICAgICAgIGhvc3Q9YGhvc3RuYW1lIC1pYAogICAgICAgIGZvciBpIGluIGBzZXEgMiAkc2VydmVyX25vZGVfY291bnRgOwogICAgICAgIGRvCiAgICAgICAgICAgIGdsdXN0ZXIgcGVlciBwcm9iZSAke3NlcnZlcl9maWxlc3lzdGVtX3ZuaWNfaG9zdG5hbWVfcHJlZml4fSR7aX0uJHtmaWxlc3lzdGVtX3N1Ym5ldF9kb21haW5fbmFtZX0gLS1tb2RlPXNjcmlwdAogICAgICAgIGRvbmUKICAgICAgICBzbGVlcCAyMAogICAgICAgIGdsdXN0ZXIgcGVlciBzdGF0dXMKICAgIGZpCn0KCgoKY3JlYXRlX2dsdXN0ZXJfdm9sdW1lcygpCnsKICAgIGlmIFsgIiQoaG9zdG5hbWUgLXMgfCB0YWlsIC1jIDMpIiA9ICItMSIgXTsgdGhlbgoKICAgICAgICAjIEdhdGhlciBsaXN0IG9mIGJsb2NrIGRldmljZXMgZm9yIGJyaWNrIGNvbmZpZwogICAgICAgIGJyaWNrX2xzdD0kKGxzIC9icmlja3MgfCBzb3J0KQogICAgICAgIGJyaWNrX2NudD0kKGxzIC9icmlja3MgfCBzb3J0IHwgd2MgLWwpCiAgICAgICAgY291bnQ9MQogICAgICAgIGJ1ZmZlcj0iIgogICAgICAgIGZvciBicmljayBpbiAkYnJpY2tfbHN0CiAgICAgICAgZG8KICAgICAgICAgICAgZm9yIGkgaW4gYHNlcSAxICRzZXJ2ZXJfbm9kZV9jb3VudGA7CiAgICAgICAgICAgIGRvCiAgICAgICAgICAgICAgICBidWZmZXI9IiRidWZmZXIgJHtzZXJ2ZXJfZmlsZXN5c3RlbV92bmljX2hvc3RuYW1lX3ByZWZpeH0ke2l9Oi9icmlja3MvJHticmlja30vYnJpY2sgIgogICAgICAgICAgICBkb25lCgogICAgICAgICAgICBjb3VudD0kKChjb3VudCsxKSkKICAgICAgICBkb25lCgogICAgICAgIGlmIFsgIiR2b2x1bWVfdHlwZXMiID0gIkRpc3RyaWJ1dGVkIiBdOyB0aGVuCiAgICAgICAgICAgIGNvbW1hbmRfcGFyYW1ldGVycz0iIHRyYW5zcG9ydCB0Y3AgJGJ1ZmZlciAgZm9yY2UgLS1tb2RlPXNjcmlwdCIKICAgICAgICBlbGlmIFsgIiR2b2x1bWVfdHlwZXMiID0gIkRpc3RyaWJ1dGVkUmVwbGljYXRlZCIgLW8gICIkdm9sdW1lX3R5cGVzIiA9ICJSZXBsaWNhdGVkIiBdOyB0aGVuCiAgICAgICAgICAgIGNvbW1hbmRfcGFyYW1ldGVycz0iIHJlcGxpY2EgJHJlcGxpY2EgdHJhbnNwb3J0IHRjcCAkYnVmZmVyICBmb3JjZSAtLW1vZGU9c2NyaXB0IgogICAgICAgIGVsaWYgWyAiJHZvbHVtZV90eXBlcyIgPSAiRGlzdHJpYnV0ZWREaXNwZXJzZWQiIC1vICAiJHZvbHVtZV90eXBlcyIgPSAiRGlzcGVyc2VkIiBdOyB0aGVuCiAgICAgICAgICAgIGNvbW1hbmRfcGFyYW1ldGVycz0iIGRpc3BlcnNlICRzZXJ2ZXJfbm9kZV9jb3VudCByZWR1bmRhbmN5IDEgdHJhbnNwb3J0IHRjcCAkYnVmZmVyICBmb3JjZSAtLW1vZGU9c2NyaXB0IgogICAgICAgIGVsc2UKICAgICAgICAgICAgZWNobyAiSW52YWxpZCB2b2x1bWUgdHlwZSBpbnB1dCwgZXhpdGluZy4uLi4iCiAgICAgICAgICAgIGV4aXQgMTsKICAgICAgICBmaQoKICAgIGdsdXN0ZXIgdm9sdW1lIGNyZWF0ZSBnbHVzdGVydm9sICRjb21tYW5kX3BhcmFtZXRlcnMKICAgIHNsZWVwIDIwCiAgICBnbHVzdGVyIHZvbHVtZSBzZXQgZ2x1c3RlcnZvbCBjdGltZSBvZmYKICAgIGdsdXN0ZXIgdm9sdW1lIHN0YXJ0IGdsdXN0ZXJ2b2wgZm9yY2UgLS1tb2RlPXNjcmlwdAogICAgc2xlZXAgMjAKICAgIGdsdXN0ZXIgdm9sdW1lIHN0YXR1cyAtLW1vZGU9c2NyaXB0CiAgICBnbHVzdGVyIHZvbHVtZSBpbmZvIC0tbW9kZT1zY3JpcHQKCiAgICBmaQp9Cgp1cGRhdGVfcmVzb2x2Y29uZgpjb25maWdfbm9kZQojIyMgdHVuZWRfY29uZmlnCmNvbmZpZ3VyZV9uaWNzCiMjIyB0dW5lX25pY3MKIyMjIHR1bmVfc3lzY3RsCmNyZWF0ZV9icmlja3MKCiMgU3RhcnQgZ2x1c3RlciBzZXJ2aWNlcwpzeXN0ZW1jdGwgZW5hYmxlIGdsdXN0ZXJkLnNlcnZpY2UKc3lzdGVtY3RsIHN0YXJ0IGdsdXN0ZXJkLnNlcnZpY2UKZ2x1c3Rlcl9wcm9iZV9wZWVycwpjcmVhdGVfZ2x1c3Rlcl92b2x1bWVzCgojIFR1bmluZwojIyMgZ2x1c3RlciB2b2x1bWUgc2V0ICBnbHVzdGVydm9sIHBlcmZvcm1hbmNlLmNhY2hlLXNpemUgMTVHQgojIyMgZ2x1c3RlciB2b2x1bWUgc2V0ICBnbHVzdGVydm9sIG5mcy5kaXNhYmxlIG9uCiMjIyBnbHVzdGVyIHZvbHVtZSBzZXQgIGdsdXN0ZXJ2b2wgcGVyZm9ybWFuY2UuaW8tY2FjaGUgb24KIyMjIGdsdXN0ZXIgdm9sdW1lIHNldCAgZ2x1c3RlcnZvbCBwZXJmb3JtYW5jZS5pby10aHJlYWQtY291bnQgMzIKCnRvdWNoIC90bXAvY29tcGxldGUKCmV4aXQgMAo="
            },
            "platform_config": [],
            "preemptible_instance_config": [],
            "preserve_boot_volume": null,
            "private_ip": "10.0.1.23",
            "public_ip": "",
            "region": "iad",
            "shape": "BM.Standard2.52",
            "shape_config": [
              {
                "baseline_ocpu_utilization": "",
                "gpu_description": "",
                "gpus": 0,
                "local_disk_description": "",
                "local_disks": 0,
                "local_disks_total_size_in_gbs": 0,
                "max_vnic_attachments": 100,
                "memory_in_gbs": 768,
                "networking_bandwidth_in_gbps": 50,
                "ocpus": 52,
                "processor_description": "2.0 GHz Intel® Xeon® Platinum 8167M (Skylake)"
              }
            ],
            "source_details": [
              {
                "boot_volume_size_in_gbs": "47",
                "kms_key_id": "",
                "source_id": "ocid1.image.oc1.iad.aaaaaaaamoajldhwrmbzx7s4xnrajj5b7nfrnutuebgwne4bxc7vpiap3gga",
                "source_type": "image"
              }
            ],
            "state": "RUNNING",
            "subnet_id": "ocid1.subnet.oc1.iad.aaaaaaaa37ivpeuvx7xzshw6elwcfkqnuknmoccati6kq5qlv23z2earauja",
            "system_tags": {},
            "time_created": "2021-06-22 19:47:47.627 +0000 UTC",
            "time_maintenance_reboot_due": "",
            "timeouts": {
              "create": "120m",
              "delete": null,
              "update": null
            }
          },
          "private": "eyJlMmJmYjczMC1lY2FhLTExZTYtOGY4OC0zNDM2M2JjN2M0YzAiOnsiY3JlYXRlIjo3MjAwMDAwMDAwMDAwLCJkZWxldGUiOjI3MDAwMDAwMDAwMDAsInVwZGF0ZSI6MjcwMDAwMDAwMDAwMH19",
          "dependencies": [
            "oci_core_nat_gateway.nat_gateway",
            "oci_core_route_table.private_route_table",
            "oci_core_security_list.private_security_list",
            "oci_core_subnet.fs",
            "oci_core_subnet.storage",
            "oci_core_vcn.vcn",
            "oci_identity_tag.ArchitectureCenterTag",
            "oci_identity_tag_namespace.ArchitectureCenterTagNamespace",
            "tls_private_key.public_private_key_pair"
          ]
        }
      ]
    },
    {
      "mode": "managed",
      "type": "oci_core_internet_gateway",
      "name": "internet_gateway",
      "each": "list",
      "provider": "provider.oci",
      "instances": [
        {
          "index_key": 0,
          "schema_version": 0,
          "attributes": {
            "compartment_id": "ocid1.compartment.oc1..aaaaaaaamgpf7b5zhfwqc3cttmhatl3eqxl6uztmhozk52h2qbh4iytjvrsa",
            "defined_tags": {
              "Oracle-Tag.CreatedBy": "oguz",
              "Oracle-Tag.CreatedOn": "2021-06-22T19:47:19.669Z",
              "emergingtech.instanceprinciple": "not-allowed"
            },
            "display_name": "internet_gateway",
            "enabled": true,
            "freeform_tags": {},
            "id": "ocid1.internetgateway.oc1.iad.aaaaaaaafg4agwi7ou7xdaryvh35or4zv7fzdgt2pmjziv5erh4gfiuplbbq",
            "state": "AVAILABLE",
            "time_created": "2021-06-22 19:47:19.718 +0000 UTC",
            "timeouts": null,
            "vcn_id": "ocid1.vcn.oc1.iad.amaaaaaapwneysaar5y2ot6cdvbks2bwcgyp73tldlqyvsbaj6u4nq3euy3q"
          },
          "private": "eyJlMmJmYjczMC1lY2FhLTExZTYtOGY4OC0zNDM2M2JjN2M0YzAiOnsiY3JlYXRlIjoxMjAwMDAwMDAwMDAwLCJkZWxldGUiOjEyMDAwMDAwMDAwMDAsInVwZGF0ZSI6MTIwMDAwMDAwMDAwMH19",
          "dependencies": [
            "oci_core_vcn.vcn",
            "oci_identity_tag.ArchitectureCenterTag",
            "oci_identity_tag_namespace.ArchitectureCenterTagNamespace"
          ]
        }
      ]
    },
    {
      "mode": "managed",
      "type": "oci_core_nat_gateway",
      "name": "nat_gateway",
      "each": "list",
      "provider": "provider.oci",
      "instances": [
        {
          "index_key": 0,
          "schema_version": 0,
          "attributes": {
            "block_traffic": false,
            "compartment_id": "ocid1.compartment.oc1..aaaaaaaamgpf7b5zhfwqc3cttmhatl3eqxl6uztmhozk52h2qbh4iytjvrsa",
            "defined_tags": {
              "ArchitectureCenter\\deploy-glusterfs.release": "1.0",
              "Oracle-Tag.CreatedBy": "oguz",
              "Oracle-Tag.CreatedOn": "2021-06-22T19:47:15.002Z",
              "emergingtech.instanceprinciple": "not-allowed"
            },
            "display_name": "nat_gateway",
            "freeform_tags": {},
            "id": "ocid1.natgateway.oc1.iad.aaaaaaaaxyc32puubay6tvbq4b3rjaqfhdygerb2zu4k5bazqo6df7adtcvq",
            "nat_ip": "150.136.26.61",
            "public_ip_id": "ocid1.publicip.oc1.iad.aaaaaaaaayf2xpgngng56o2gbspoyfhlynqlasoyie6m47je4yghtvndorda",
            "state": "AVAILABLE",
            "time_created": "2021-06-22 19:47:15.384 +0000 UTC",
            "timeouts": null,
            "vcn_id": "ocid1.vcn.oc1.iad.amaaaaaapwneysaar5y2ot6cdvbks2bwcgyp73tldlqyvsbaj6u4nq3euy3q"
          },
          "private": "eyJlMmJmYjczMC1lY2FhLTExZTYtOGY4OC0zNDM2M2JjN2M0YzAiOnsiY3JlYXRlIjoxMjAwMDAwMDAwMDAwLCJkZWxldGUiOjEyMDAwMDAwMDAwMDAsInVwZGF0ZSI6MTIwMDAwMDAwMDAwMH19",
          "dependencies": [
            "oci_core_vcn.vcn",
            "oci_identity_tag.ArchitectureCenterTag",
            "oci_identity_tag_namespace.ArchitectureCenterTagNamespace"
          ]
        }
      ]
    },
    {
      "mode": "managed",
      "type": "oci_core_route_table",
      "name": "private_route_table",
      "each": "list",
      "provider": "provider.oci",
      "instances": [
        {
          "index_key": 0,
          "schema_version": 0,
          "attributes": {
            "compartment_id": "ocid1.compartment.oc1..aaaaaaaamgpf7b5zhfwqc3cttmhatl3eqxl6uztmhozk52h2qbh4iytjvrsa",
            "defined_tags": {
              "ArchitectureCenter\\deploy-glusterfs.release": "1.0",
              "Oracle-Tag.CreatedBy": "oguz",
              "Oracle-Tag.CreatedOn": "2021-06-22T19:47:20.385Z",
              "emergingtech.instanceprinciple": "not-allowed"
            },
            "display_name": "private_route_tableForComplete",
            "freeform_tags": {},
            "id": "ocid1.routetable.oc1.iad.aaaaaaaadoco5hrk3tcavhduqussymyaewwrjkrhn4py7cemp6kwpptmrqnq",
            "route_rules": [
              {
                "cidr_block": "",
                "description": "",
                "destination": "0.0.0.0/0",
                "destination_type": "CIDR_BLOCK",
                "network_entity_id": "ocid1.natgateway.oc1.iad.aaaaaaaaxyc32puubay6tvbq4b3rjaqfhdygerb2zu4k5bazqo6df7adtcvq"
              }
            ],
            "state": "AVAILABLE",
            "time_created": "2021-06-22 19:47:20.426 +0000 UTC",
            "timeouts": null,
            "vcn_id": "ocid1.vcn.oc1.iad.amaaaaaapwneysaar5y2ot6cdvbks2bwcgyp73tldlqyvsbaj6u4nq3euy3q"
          },
          "private": "eyJlMmJmYjczMC1lY2FhLTExZTYtOGY4OC0zNDM2M2JjN2M0YzAiOnsiY3JlYXRlIjoxMjAwMDAwMDAwMDAwLCJkZWxldGUiOjEyMDAwMDAwMDAwMDAsInVwZGF0ZSI6MTIwMDAwMDAwMDAwMH19",
          "dependencies": [
            "oci_core_nat_gateway.nat_gateway",
            "oci_core_vcn.vcn",
            "oci_identity_tag.ArchitectureCenterTag",
            "oci_identity_tag_namespace.ArchitectureCenterTagNamespace"
          ]
        }
      ]
    },
    {
      "mode": "managed",
      "type": "oci_core_route_table",
      "name": "pubic_route_table",
      "each": "list",
      "provider": "provider.oci",
      "instances": [
        {
          "index_key": 0,
          "schema_version": 0,
          "attributes": {
            "compartment_id": "ocid1.compartment.oc1..aaaaaaaamgpf7b5zhfwqc3cttmhatl3eqxl6uztmhozk52h2qbh4iytjvrsa",
            "defined_tags": {
              "ArchitectureCenter\\deploy-glusterfs.release": "1.0",
              "Oracle-Tag.CreatedBy": "oguz",
              "Oracle-Tag.CreatedOn": "2021-06-22T19:47:22.206Z",
              "emergingtech.instanceprinciple": "not-allowed"
            },
            "display_name": "RouteTableForComplete",
            "freeform_tags": {},
            "id": "ocid1.routetable.oc1.iad.aaaaaaaawthuxqgsccwcfes3d7dw7ungj3pycbehqyvkbfjxdys3k735zqdq",
            "route_rules": [
              {
                "cidr_block": "0.0.0.0/0",
                "description": "",
                "destination": "0.0.0.0/0",
                "destination_type": "CIDR_BLOCK",
                "network_entity_id": "ocid1.internetgateway.oc1.iad.aaaaaaaafg4agwi7ou7xdaryvh35or4zv7fzdgt2pmjziv5erh4gfiuplbbq"
              }
            ],
            "state": "AVAILABLE",
            "time_created": "2021-06-22 19:47:22.247 +0000 UTC",
            "timeouts": null,
            "vcn_id": "ocid1.vcn.oc1.iad.amaaaaaapwneysaar5y2ot6cdvbks2bwcgyp73tldlqyvsbaj6u4nq3euy3q"
          },
          "private": "eyJlMmJmYjczMC1lY2FhLTExZTYtOGY4OC0zNDM2M2JjN2M0YzAiOnsiY3JlYXRlIjoxMjAwMDAwMDAwMDAwLCJkZWxldGUiOjEyMDAwMDAwMDAwMDAsInVwZGF0ZSI6MTIwMDAwMDAwMDAwMH19",
          "dependencies": [
            "oci_core_internet_gateway.internet_gateway",
            "oci_core_vcn.vcn",
            "oci_identity_tag.ArchitectureCenterTag",
            "oci_identity_tag_namespace.ArchitectureCenterTagNamespace"
          ]
        }
      ]
    },
    {
      "mode": "managed",
      "type": "oci_core_security_list",
      "name": "private_security_list",
      "each": "list",
      "provider": "provider.oci",
      "instances": [
        {
          "index_key": 0,
          "schema_version": 0,
          "attributes": {
            "compartment_id": "ocid1.compartment.oc1..aaaaaaaamgpf7b5zhfwqc3cttmhatl3eqxl6uztmhozk52h2qbh4iytjvrsa",
            "defined_tags": {
              "ArchitectureCenter\\deploy-glusterfs.release": "1.0",
              "Oracle-Tag.CreatedBy": "oguz",
              "Oracle-Tag.CreatedOn": "2021-06-22T19:47:18.679Z",
              "emergingtech.instanceprinciple": "not-allowed"
            },
            "display_name": "Private",
            "egress_security_rules": [
              {
                "description": "",
                "destination": "0.0.0.0/0",
                "destination_type": "CIDR_BLOCK",
                "icmp_options": [],
                "protocol": "all",
                "stateless": false,
                "tcp_options": [],
                "udp_options": []
              },
              {
                "description": "",
                "destination": "10.0.0.0/16",
                "destination_type": "CIDR_BLOCK",
                "icmp_options": [],
                "protocol": "all",
                "stateless": false,
                "tcp_options": [],
                "udp_options": []
              }
            ],
            "freeform_tags": {},
            "id": "ocid1.securitylist.oc1.iad.aaaaaaaasmpylhthd4nsxyofjf7ydgba2hfkqkoviwh75ezsspq22p6kj36q",
            "ingress_security_rules": [
              {
                "description": "",
                "icmp_options": [],
                "protocol": "6",
                "source": "10.0.0.0/16",
                "source_type": "CIDR_BLOCK",
                "stateless": false,
                "tcp_options": [
                  {
                    "max": 22,
                    "min": 22,
                    "source_port_range": []
                  }
                ],
                "udp_options": []
              },
              {
                "description": "",
                "icmp_options": [],
                "protocol": "6",
                "source": "10.0.0.0/16",
                "source_type": "CIDR_BLOCK",
                "stateless": false,
                "tcp_options": [
                  {
                    "max": 443,
                    "min": 443,
                    "source_port_range": []
                  }
                ],
                "udp_options": []
              },
              {
                "description": "",
                "icmp_options": [],
                "protocol": "6",
                "source": "10.0.0.0/16",
                "source_type": "CIDR_BLOCK",
                "stateless": false,
                "tcp_options": [
                  {
                    "max": 80,
                    "min": 80,
                    "source_port_range": []
                  }
                ],
                "udp_options": []
              },
              {
                "description": "",
                "icmp_options": [],
                "protocol": "all",
                "source": "10.0.0.0/16",
                "source_type": "CIDR_BLOCK",
                "stateless": false,
                "tcp_options": [],
                "udp_options": []
              }
            ],
            "state": "AVAILABLE",
            "time_created": "2021-06-22 19:47:18.694 +0000 UTC",
            "timeouts": null,
            "vcn_id": "ocid1.vcn.oc1.iad.amaaaaaapwneysaar5y2ot6cdvbks2bwcgyp73tldlqyvsbaj6u4nq3euy3q"
          },
          "private": "eyJlMmJmYjczMC1lY2FhLTExZTYtOGY4OC0zNDM2M2JjN2M0YzAiOnsiY3JlYXRlIjoxMjAwMDAwMDAwMDAwLCJkZWxldGUiOjEyMDAwMDAwMDAwMDAsInVwZGF0ZSI6MTIwMDAwMDAwMDAwMH19",
          "dependencies": [
            "oci_core_vcn.vcn",
            "oci_identity_tag.ArchitectureCenterTag",
            "oci_identity_tag_namespace.ArchitectureCenterTagNamespace"
          ]
        }
      ]
    },
    {
      "mode": "managed",
      "type": "oci_core_security_list",
      "name": "public_security_list",
      "each": "list",
      "provider": "provider.oci",
      "instances": [
        {
          "index_key": 0,
          "schema_version": 0,
          "attributes": {
            "compartment_id": "ocid1.compartment.oc1..aaaaaaaamgpf7b5zhfwqc3cttmhatl3eqxl6uztmhozk52h2qbh4iytjvrsa",
            "defined_tags": {
              "ArchitectureCenter\\deploy-glusterfs.release": "1.0",
              "Oracle-Tag.CreatedBy": "oguz",
              "Oracle-Tag.CreatedOn": "2021-06-22T19:47:20.007Z",
              "emergingtech.instanceprinciple": "not-allowed"
            },
            "display_name": "Public Subnet",
            "egress_security_rules": [
              {
                "description": "",
                "destination": "0.0.0.0/0",
                "destination_type": "CIDR_BLOCK",
                "icmp_options": [],
                "protocol": "6",
                "stateless": false,
                "tcp_options": [],
                "udp_options": []
              }
            ],
            "freeform_tags": {},
            "id": "ocid1.securitylist.oc1.iad.aaaaaaaarmhpqj75epygjzwhu2mgtyjkop5c23e7qsm4lse44roveiejkgfq",
            "ingress_security_rules": [
              {
                "description": "",
                "icmp_options": [],
                "protocol": "6",
                "source": "0.0.0.0/0",
                "source_type": "CIDR_BLOCK",
                "stateless": false,
                "tcp_options": [
                  {
                    "max": 22,
                    "min": 22,
                    "source_port_range": []
                  }
                ],
                "udp_options": []
              },
              {
                "description": "",
                "icmp_options": [],
                "protocol": "6",
                "source": "0.0.0.0/0",
                "source_type": "CIDR_BLOCK",
                "stateless": false,
                "tcp_options": [
                  {
                    "max": 3389,
                    "min": 3389,
                    "source_port_range": []
                  }
                ],
                "udp_options": []
              }
            ],
            "state": "AVAILABLE",
            "time_created": "2021-06-22 19:47:20.073 +0000 UTC",
            "timeouts": null,
            "vcn_id": "ocid1.vcn.oc1.iad.amaaaaaapwneysaar5y2ot6cdvbks2bwcgyp73tldlqyvsbaj6u4nq3euy3q"
          },
          "private": "eyJlMmJmYjczMC1lY2FhLTExZTYtOGY4OC0zNDM2M2JjN2M0YzAiOnsiY3JlYXRlIjoxMjAwMDAwMDAwMDAwLCJkZWxldGUiOjEyMDAwMDAwMDAwMDAsInVwZGF0ZSI6MTIwMDAwMDAwMDAwMH19",
          "dependencies": [
            "oci_core_vcn.vcn",
            "oci_identity_tag.ArchitectureCenterTag",
            "oci_identity_tag_namespace.ArchitectureCenterTagNamespace"
          ]
        }
      ]
    },
    {
      "mode": "managed",
      "type": "oci_core_subnet",
      "name": "fs",
      "each": "list",
      "provider": "provider.oci",
      "instances": [
        {
          "index_key": 0,
          "schema_version": 0,
          "attributes": {
            "availability_domain": null,
            "cidr_block": "10.0.2.0/24",
            "compartment_id": "ocid1.compartment.oc1..aaaaaaaamgpf7b5zhfwqc3cttmhatl3eqxl6uztmhozk52h2qbh4iytjvrsa",
            "defined_tags": {
              "ArchitectureCenter\\deploy-glusterfs.release": "1.0",
              "Oracle-Tag.CreatedBy": "oguz",
              "Oracle-Tag.CreatedOn": "2021-06-22T19:47:22.851Z",
              "emergingtech.instanceprinciple": "not-allowed"
            },
            "dhcp_options_id": "ocid1.dhcpoptions.oc1.iad.aaaaaaaaidxxxyueggb55q4eq7cgjhktlnavu5t6qkks3g5yahfzdqefhyma",
            "display_name": "Private-FS-Subnet",
            "dns_label": "fs",
            "freeform_tags": {},
            "id": "ocid1.subnet.oc1.iad.aaaaaaaa4tlrx72ttuzc7wlmagrtdootlfwxc6kqg5mgntbwbqt3fgj6mbdq",
            "ipv6cidr_block": null,
            "ipv6virtual_router_ip": null,
            "prohibit_internet_ingress": true,
            "prohibit_public_ip_on_vnic": true,
            "route_table_id": "ocid1.routetable.oc1.iad.aaaaaaaadoco5hrk3tcavhduqussymyaewwrjkrhn4py7cemp6kwpptmrqnq",
            "security_list_ids": [
              "ocid1.securitylist.oc1.iad.aaaaaaaasmpylhthd4nsxyofjf7ydgba2hfkqkoviwh75ezsspq22p6kj36q"
            ],
            "state": "AVAILABLE",
            "subnet_domain_name": "fs.gluster.oraclevcn.com",
            "time_created": "2021-06-22 19:47:27.801 +0000 UTC",
            "timeouts": null,
            "vcn_id": "ocid1.vcn.oc1.iad.amaaaaaapwneysaar5y2ot6cdvbks2bwcgyp73tldlqyvsbaj6u4nq3euy3q",
            "virtual_router_ip": "10.0.2.1",
            "virtual_router_mac": "00:00:17:79:A4:07"
          },
          "private": "eyJlMmJmYjczMC1lY2FhLTExZTYtOGY4OC0zNDM2M2JjN2M0YzAiOnsiY3JlYXRlIjoxMjAwMDAwMDAwMDAwLCJkZWxldGUiOjEyMDAwMDAwMDAwMDAsInVwZGF0ZSI6MTIwMDAwMDAwMDAwMH19",
          "dependencies": [
            "oci_core_nat_gateway.nat_gateway",
            "oci_core_route_table.private_route_table",
            "oci_core_security_list.private_security_list",
            "oci_core_vcn.vcn",
            "oci_identity_tag.ArchitectureCenterTag",
            "oci_identity_tag_namespace.ArchitectureCenterTagNamespace"
          ]
        }
      ]
    },
    {
      "mode": "managed",
      "type": "oci_core_subnet",
      "name": "public",
      "each": "list",
      "provider": "provider.oci",
      "instances": [
        {
          "index_key": 0,
          "schema_version": 0,
          "attributes": {
            "availability_domain": null,
            "cidr_block": "10.0.0.0/24",
            "compartment_id": "ocid1.compartment.oc1..aaaaaaaamgpf7b5zhfwqc3cttmhatl3eqxl6uztmhozk52h2qbh4iytjvrsa",
            "defined_tags": {
              "ArchitectureCenter\\deploy-glusterfs.release": "1.0",
              "Oracle-Tag.CreatedBy": "oguz",
              "Oracle-Tag.CreatedOn": "2021-06-22T19:47:24.206Z",
              "emergingtech.instanceprinciple": "not-allowed"
            },
            "dhcp_options_id": "ocid1.dhcpoptions.oc1.iad.aaaaaaaaidxxxyueggb55q4eq7cgjhktlnavu5t6qkks3g5yahfzdqefhyma",
            "display_name": "Public-Subnet",
            "dns_label": "public",
            "freeform_tags": {},
            "id": "ocid1.subnet.oc1.iad.aaaaaaaap5ot5qyhdwtgymxcmnocruxidve5zedak24ry6d572wejt75dx5q",
            "ipv6cidr_block": null,
            "ipv6virtual_router_ip": null,
            "prohibit_internet_ingress": false,
            "prohibit_public_ip_on_vnic": false,
            "route_table_id": "ocid1.routetable.oc1.iad.aaaaaaaawthuxqgsccwcfes3d7dw7ungj3pycbehqyvkbfjxdys3k735zqdq",
            "security_list_ids": [
              "ocid1.securitylist.oc1.iad.aaaaaaaarmhpqj75epygjzwhu2mgtyjkop5c23e7qsm4lse44roveiejkgfq"
            ],
            "state": "AVAILABLE",
            "subnet_domain_name": "public.gluster.oraclevcn.com",
            "time_created": "2021-06-22 19:47:24.269 +0000 UTC",
            "timeouts": null,
            "vcn_id": "ocid1.vcn.oc1.iad.amaaaaaapwneysaar5y2ot6cdvbks2bwcgyp73tldlqyvsbaj6u4nq3euy3q",
            "virtual_router_ip": "10.0.0.1",
            "virtual_router_mac": "00:00:17:79:A4:07"
          },
          "private": "eyJlMmJmYjczMC1lY2FhLTExZTYtOGY4OC0zNDM2M2JjN2M0YzAiOnsiY3JlYXRlIjoxMjAwMDAwMDAwMDAwLCJkZWxldGUiOjEyMDAwMDAwMDAwMDAsInVwZGF0ZSI6MTIwMDAwMDAwMDAwMH19",
          "dependencies": [
            "oci_core_internet_gateway.internet_gateway",
            "oci_core_route_table.pubic_route_table",
            "oci_core_security_list.public_security_list",
            "oci_core_vcn.vcn",
            "oci_identity_tag.ArchitectureCenterTag",
            "oci_identity_tag_namespace.ArchitectureCenterTagNamespace"
          ]
        }
      ]
    },
    {
      "mode": "managed",
      "type": "oci_core_subnet",
      "name": "storage",
      "each": "list",
      "provider": "provider.oci",
      "instances": [
        {
          "index_key": 0,
          "schema_version": 0,
          "attributes": {
            "availability_domain": null,
            "cidr_block": "10.0.1.0/24",
            "compartment_id": "ocid1.compartment.oc1..aaaaaaaamgpf7b5zhfwqc3cttmhatl3eqxl6uztmhozk52h2qbh4iytjvrsa",
            "defined_tags": {
              "ArchitectureCenter\\deploy-glusterfs.release": "1.0",
              "Oracle-Tag.CreatedBy": "oguz",
              "Oracle-Tag.CreatedOn": "2021-06-22T19:47:23.066Z",
              "emergingtech.instanceprinciple": "not-allowed"
            },
            "dhcp_options_id": "ocid1.dhcpoptions.oc1.iad.aaaaaaaaidxxxyueggb55q4eq7cgjhktlnavu5t6qkks3g5yahfzdqefhyma",
            "display_name": "Private-Gluster",
            "dns_label": "storage",
            "freeform_tags": {},
            "id": "ocid1.subnet.oc1.iad.aaaaaaaa37ivpeuvx7xzshw6elwcfkqnuknmoccati6kq5qlv23z2earauja",
            "ipv6cidr_block": null,
            "ipv6virtual_router_ip": null,
            "prohibit_internet_ingress": true,
            "prohibit_public_ip_on_vnic": true,
            "route_table_id": "ocid1.routetable.oc1.iad.aaaaaaaadoco5hrk3tcavhduqussymyaewwrjkrhn4py7cemp6kwpptmrqnq",
            "security_list_ids": [
              "ocid1.securitylist.oc1.iad.aaaaaaaasmpylhthd4nsxyofjf7ydgba2hfkqkoviwh75ezsspq22p6kj36q"
            ],
            "state": "AVAILABLE",
            "subnet_domain_name": "storage.gluster.oraclevcn.com",
            "time_created": "2021-06-22 19:47:25.155 +0000 UTC",
            "timeouts": null,
            "vcn_id": "ocid1.vcn.oc1.iad.amaaaaaapwneysaar5y2ot6cdvbks2bwcgyp73tldlqyvsbaj6u4nq3euy3q",
            "virtual_router_ip": "10.0.1.1",
            "virtual_router_mac": "00:00:17:79:A4:07"
          },
          "private": "eyJlMmJmYjczMC1lY2FhLTExZTYtOGY4OC0zNDM2M2JjN2M0YzAiOnsiY3JlYXRlIjoxMjAwMDAwMDAwMDAwLCJkZWxldGUiOjEyMDAwMDAwMDAwMDAsInVwZGF0ZSI6MTIwMDAwMDAwMDAwMH19",
          "dependencies": [
            "oci_core_nat_gateway.nat_gateway",
            "oci_core_route_table.private_route_table",
            "oci_core_security_list.private_security_list",
            "oci_core_vcn.vcn",
            "oci_identity_tag.ArchitectureCenterTag",
            "oci_identity_tag_namespace.ArchitectureCenterTagNamespace"
          ]
        }
      ]
    },
    {
      "mode": "managed",
      "type": "oci_core_vcn",
      "name": "vcn",
      "each": "list",
      "provider": "provider.oci",
      "instances": [
        {
          "index_key": 0,
          "schema_version": 0,
          "attributes": {
            "cidr_block": "10.0.0.0/16",
            "cidr_blocks": [
              "10.0.0.0/16"
            ],
            "compartment_id": "ocid1.compartment.oc1..aaaaaaaamgpf7b5zhfwqc3cttmhatl3eqxl6uztmhozk52h2qbh4iytjvrsa",
            "default_dhcp_options_id": "ocid1.dhcpoptions.oc1.iad.aaaaaaaaidxxxyueggb55q4eq7cgjhktlnavu5t6qkks3g5yahfzdqefhyma",
            "default_route_table_id": "ocid1.routetable.oc1.iad.aaaaaaaabgfpqx4arwvyburjfhajp5gbzn44mxyjkt3j5mqttwro7bksgtuq",
            "default_security_list_id": "ocid1.securitylist.oc1.iad.aaaaaaaapq3gvmocn3mxemoas6ns6t5364zlawqnylrm5ybnqz2daj53ygxq",
            "defined_tags": {
              "ArchitectureCenter\\deploy-glusterfs.release": "1.0",
              "Oracle-Tag.CreatedBy": "oguz",
              "Oracle-Tag.CreatedOn": "2021-06-22T19:47:13.183Z",
              "emergingtech.instanceprinciple": "not-allowed"
            },
            "display_name": "gluster",
            "dns_label": "gluster",
            "freeform_tags": {},
            "id": "ocid1.vcn.oc1.iad.amaaaaaapwneysaar5y2ot6cdvbks2bwcgyp73tldlqyvsbaj6u4nq3euy3q",
            "ipv6cidr_blocks": [],
            "is_ipv6enabled": null,
            "state": "AVAILABLE",
            "time_created": "2021-06-22 19:47:13.191 +0000 UTC",
            "timeouts": null,
            "vcn_domain_name": "gluster.oraclevcn.com"
          },
          "private": "eyJlMmJmYjczMC1lY2FhLTExZTYtOGY4OC0zNDM2M2JjN2M0YzAiOnsiY3JlYXRlIjoxMjAwMDAwMDAwMDAwLCJkZWxldGUiOjEyMDAwMDAwMDAwMDAsInVwZGF0ZSI6MTIwMDAwMDAwMDAwMH19",
          "dependencies": [
            "oci_identity_tag.ArchitectureCenterTag",
            "oci_identity_tag_namespace.ArchitectureCenterTagNamespace"
          ]
        }
      ]
    },
    {
      "mode": "managed",
      "type": "oci_core_vnic_attachment",
      "name": "server_secondary_vnic_attachment",
      "each": "list",
      "provider": "provider.oci",
      "instances": [
        {
          "index_key": 0,
          "schema_version": 0,
          "attributes": {
            "availability_domain": "VXpT:US-ASHBURN-AD-1",
            "compartment_id": "ocid1.compartment.oc1..aaaaaaaamgpf7b5zhfwqc3cttmhatl3eqxl6uztmhozk52h2qbh4iytjvrsa",
            "create_vnic_details": [
              {
                "assign_public_ip": "false",
                "defined_tags": {
                  "Oracle-Tag.CreatedBy": "oguz",
                  "Oracle-Tag.CreatedOn": "2021-06-22T19:52:15.258Z",
                  "emergingtech.instanceprinciple": "not-allowed"
                },
                "display_name": "g-server-fs-vnic-1",
                "freeform_tags": {},
                "hostname_label": "g-server-fs-vnic-1",
                "nsg_ids": null,
                "private_ip": "10.0.2.84",
                "skip_source_dest_check": false,
                "subnet_id": "ocid1.subnet.oc1.iad.aaaaaaaa4tlrx72ttuzc7wlmagrtdootlfwxc6kqg5mgntbwbqt3fgj6mbdq",
                "vlan_id": ""
              }
            ],
            "display_name": "vnicattachment20210622195214",
            "id": "ocid1.vnicattachment.oc1.iad.anuwcljtpwneysaceve67b35cpc46j4nzia52fl7i4b7yro7fhs6gfdehd3q",
            "instance_id": "ocid1.instance.oc1.iad.anuwcljtpwneysacesm66ufqfkmcdod3npeltis2oyk2xvbii67zid3v4ela",
            "nic_index": 1,
            "state": "ATTACHED",
            "subnet_id": "ocid1.subnet.oc1.iad.aaaaaaaa4tlrx72ttuzc7wlmagrtdootlfwxc6kqg5mgntbwbqt3fgj6mbdq",
            "time_created": "2021-06-22 19:52:19.479 +0000 UTC",
            "timeouts": null,
            "vlan_id": null,
            "vlan_tag": 0,
            "vnic_id": "ocid1.vnic.oc1.iad.abuwcljtwbsspkkyg23wx67dz6s5al7xphsenuztqp4vg3xlpfw7founq2vq"
          },
          "private": "eyJlMmJmYjczMC1lY2FhLTExZTYtOGY4OC0zNDM2M2JjN2M0YzAiOnsiY3JlYXRlIjoxMjAwMDAwMDAwMDAwLCJkZWxldGUiOjEyMDAwMDAwMDAwMDAsInVwZGF0ZSI6MTIwMDAwMDAwMDAwMH19",
          "dependencies": [
            "oci_core_instance.gluster_server",
            "oci_core_nat_gateway.nat_gateway",
            "oci_core_route_table.private_route_table",
            "oci_core_security_list.private_security_list",
            "oci_core_subnet.fs",
            "oci_core_subnet.storage",
            "oci_core_vcn.vcn",
            "oci_identity_tag.ArchitectureCenterTag",
            "oci_identity_tag_namespace.ArchitectureCenterTagNamespace",
            "tls_private_key.public_private_key_pair"
          ]
        },
        {
          "index_key": 1,
          "schema_version": 0,
          "attributes": {
            "availability_domain": "VXpT:US-ASHBURN-AD-1",
            "compartment_id": "ocid1.compartment.oc1..aaaaaaaamgpf7b5zhfwqc3cttmhatl3eqxl6uztmhozk52h2qbh4iytjvrsa",
            "create_vnic_details": [
              {
                "assign_public_ip": "false",
                "defined_tags": {
                  "Oracle-Tag.CreatedBy": "oguz",
                  "Oracle-Tag.CreatedOn": "2021-06-22T19:52:14.938Z",
                  "emergingtech.instanceprinciple": "not-allowed"
                },
                "display_name": "g-server-fs-vnic-2",
                "freeform_tags": {},
                "hostname_label": "g-server-fs-vnic-2",
                "nsg_ids": null,
                "private_ip": "10.0.2.123",
                "skip_source_dest_check": false,
                "subnet_id": "ocid1.subnet.oc1.iad.aaaaaaaa4tlrx72ttuzc7wlmagrtdootlfwxc6kqg5mgntbwbqt3fgj6mbdq",
                "vlan_id": ""
              }
            ],
            "display_name": "vnicattachment20210622195214",
            "id": "ocid1.vnicattachment.oc1.iad.anuwcljtpwneysacvznus7e5x6r46ih3geo4vifgtgb6hjkwxiq57ugdglya",
            "instance_id": "ocid1.instance.oc1.iad.anuwcljtpwneysachfkhe2wqrmsfx77fke4koy3jr5nasocyshhy32vbvwba",
            "nic_index": 1,
            "state": "ATTACHED",
            "subnet_id": "ocid1.subnet.oc1.iad.aaaaaaaa4tlrx72ttuzc7wlmagrtdootlfwxc6kqg5mgntbwbqt3fgj6mbdq",
            "time_created": "2021-06-22 19:52:20.91 +0000 UTC",
            "timeouts": null,
            "vlan_id": null,
            "vlan_tag": 0,
            "vnic_id": "ocid1.vnic.oc1.iad.abuwcljtnurcgwcmu5u6vp3phy4uodfh2xfebvu32quedgd3xb6azwpdep3a"
          },
          "private": "eyJlMmJmYjczMC1lY2FhLTExZTYtOGY4OC0zNDM2M2JjN2M0YzAiOnsiY3JlYXRlIjoxMjAwMDAwMDAwMDAwLCJkZWxldGUiOjEyMDAwMDAwMDAwMDAsInVwZGF0ZSI6MTIwMDAwMDAwMDAwMH19",
          "dependencies": [
            "oci_core_instance.gluster_server",
            "oci_core_nat_gateway.nat_gateway",
            "oci_core_route_table.private_route_table",
            "oci_core_security_list.private_security_list",
            "oci_core_subnet.fs",
            "oci_core_subnet.storage",
            "oci_core_vcn.vcn",
            "oci_identity_tag.ArchitectureCenterTag",
            "oci_identity_tag_namespace.ArchitectureCenterTagNamespace",
            "tls_private_key.public_private_key_pair"
          ]
        },
        {
          "index_key": 2,
          "schema_version": 0,
          "attributes": {
            "availability_domain": "VXpT:US-ASHBURN-AD-1",
            "compartment_id": "ocid1.compartment.oc1..aaaaaaaamgpf7b5zhfwqc3cttmhatl3eqxl6uztmhozk52h2qbh4iytjvrsa",
            "create_vnic_details": [
              {
                "assign_public_ip": "false",
                "defined_tags": {
                  "Oracle-Tag.CreatedBy": "oguz",
                  "Oracle-Tag.CreatedOn": "2021-06-22T19:52:15.258Z",
                  "emergingtech.instanceprinciple": "not-allowed"
                },
                "display_name": "g-server-fs-vnic-3",
                "freeform_tags": {},
                "hostname_label": "g-server-fs-vnic-3",
                "nsg_ids": null,
                "private_ip": "10.0.2.181",
                "skip_source_dest_check": false,
                "subnet_id": "ocid1.subnet.oc1.iad.aaaaaaaa4tlrx72ttuzc7wlmagrtdootlfwxc6kqg5mgntbwbqt3fgj6mbdq",
                "vlan_id": ""
              }
            ],
            "display_name": "vnicattachment20210622195247",
            "id": "ocid1.vnicattachment.oc1.iad.anuwcljtpwneysac47ca52ezdmesrqept4bjtbzl37i2wruumtce5hkim2gq",
            "instance_id": "ocid1.instance.oc1.iad.anuwcljtpwneysac5y6b3hhkqi23rksysxcfvjhkx3oceektq3nvbfaaz6gq",
            "nic_index": 1,
            "state": "ATTACHED",
            "subnet_id": "ocid1.subnet.oc1.iad.aaaaaaaa4tlrx72ttuzc7wlmagrtdootlfwxc6kqg5mgntbwbqt3fgj6mbdq",
            "time_created": "2021-06-22 19:52:54.425 +0000 UTC",
            "timeouts": null,
            "vlan_id": null,
            "vlan_tag": 0,
            "vnic_id": "ocid1.vnic.oc1.iad.abuwcljtvq6ebf3saww6jorhekv6rrp5k57akcc3g7jojbgtld6bnibwp2ta"
          },
          "private": "eyJlMmJmYjczMC1lY2FhLTExZTYtOGY4OC0zNDM2M2JjN2M0YzAiOnsiY3JlYXRlIjoxMjAwMDAwMDAwMDAwLCJkZWxldGUiOjEyMDAwMDAwMDAwMDAsInVwZGF0ZSI6MTIwMDAwMDAwMDAwMH19",
          "dependencies": [
            "oci_core_instance.gluster_server",
            "oci_core_nat_gateway.nat_gateway",
            "oci_core_route_table.private_route_table",
            "oci_core_security_list.private_security_list",
            "oci_core_subnet.fs",
            "oci_core_subnet.storage",
            "oci_core_vcn.vcn",
            "oci_identity_tag.ArchitectureCenterTag",
            "oci_identity_tag_namespace.ArchitectureCenterTagNamespace",
            "tls_private_key.public_private_key_pair"
          ]
        }
      ]
    },
    {
      "mode": "managed",
      "type": "oci_core_volume",
      "name": "gluster_blockvolume",
      "each": "list",
      "provider": "provider.oci",
      "instances": [
        {
          "index_key": 0,
          "schema_version": 0,
          "attributes": {
            "auto_tuned_vpus_per_gb": "20",
            "availability_domain": "VXpT:US-ASHBURN-AD-1",
            "backup_policy_id": null,
            "block_volume_replicas": [],
            "block_volume_replicas_deletion": null,
            "compartment_id": "ocid1.compartment.oc1..aaaaaaaamgpf7b5zhfwqc3cttmhatl3eqxl6uztmhozk52h2qbh4iytjvrsa",
            "defined_tags": {
              "ArchitectureCenter\\deploy-glusterfs.release": "1.0",
              "Oracle-Tag.CreatedBy": "oguz",
              "Oracle-Tag.CreatedOn": "2021-06-22T19:46:50.723Z",
              "emergingtech.instanceprinciple": "not-allowed"
            },
            "display_name": "server1-brick1",
            "freeform_tags": {},
            "id": "ocid1.volume.oc1.iad.abuwcljtvzomznc5flqbeiox7esurfbqbzdnejpxmyeftrodbank4oy2okna",
            "is_auto_tune_enabled": true,
            "is_hydrated": true,
            "kms_key_id": null,
            "size_in_gbs": "800",
            "size_in_mbs": "819200",
            "source_details": [],
            "state": "AVAILABLE",
            "system_tags": {},
            "time_created": "2021-06-22 19:46:50.973 +0000 UTC",
            "timeouts": null,
            "volume_backup_id": null,
            "volume_group_id": null,
            "vpus_per_gb": "20"
          },
          "private": "eyJlMmJmYjczMC1lY2FhLTExZTYtOGY4OC0zNDM2M2JjN2M0YzAiOnsiY3JlYXRlIjoxMjAwMDAwMDAwMDAwLCJkZWxldGUiOjEyMDAwMDAwMDAwMDAsInVwZGF0ZSI6MTIwMDAwMDAwMDAwMH19",
          "dependencies": [
            "oci_identity_tag.ArchitectureCenterTag",
            "oci_identity_tag_namespace.ArchitectureCenterTagNamespace"
          ]
        },
        {
          "index_key": 1,
          "schema_version": 0,
          "attributes": {
            "auto_tuned_vpus_per_gb": "20",
            "availability_domain": "VXpT:US-ASHBURN-AD-1",
            "backup_policy_id": null,
            "block_volume_replicas": [],
            "block_volume_replicas_deletion": null,
            "compartment_id": "ocid1.compartment.oc1..aaaaaaaamgpf7b5zhfwqc3cttmhatl3eqxl6uztmhozk52h2qbh4iytjvrsa",
            "defined_tags": {
              "ArchitectureCenter\\deploy-glusterfs.release": "1.0",
              "Oracle-Tag.CreatedBy": "oguz",
              "Oracle-Tag.CreatedOn": "2021-06-22T19:46:50.718Z",
              "emergingtech.instanceprinciple": "not-allowed"
            },
            "display_name": "server2-brick2",
            "freeform_tags": {},
            "id": "ocid1.volume.oc1.iad.abuwcljtrwziec54f3k42444xkmjvbt2c6exn5g4qqb4m4b2e67gs6yuklmq",
            "is_auto_tune_enabled": true,
            "is_hydrated": true,
            "kms_key_id": null,
            "size_in_gbs": "800",
            "size_in_mbs": "819200",
            "source_details": [],
            "state": "AVAILABLE",
            "system_tags": {},
            "time_created": "2021-06-22 19:46:50.956 +0000 UTC",
            "timeouts": null,
            "volume_backup_id": null,
            "volume_group_id": null,
            "vpus_per_gb": "20"
          },
          "private": "eyJlMmJmYjczMC1lY2FhLTExZTYtOGY4OC0zNDM2M2JjN2M0YzAiOnsiY3JlYXRlIjoxMjAwMDAwMDAwMDAwLCJkZWxldGUiOjEyMDAwMDAwMDAwMDAsInVwZGF0ZSI6MTIwMDAwMDAwMDAwMH19",
          "dependencies": [
            "oci_identity_tag.ArchitectureCenterTag",
            "oci_identity_tag_namespace.ArchitectureCenterTagNamespace"
          ]
        },
        {
          "index_key": 2,
          "schema_version": 0,
          "attributes": {
            "auto_tuned_vpus_per_gb": "20",
            "availability_domain": "VXpT:US-ASHBURN-AD-1",
            "backup_policy_id": null,
            "block_volume_replicas": [],
            "block_volume_replicas_deletion": null,
            "compartment_id": "ocid1.compartment.oc1..aaaaaaaamgpf7b5zhfwqc3cttmhatl3eqxl6uztmhozk52h2qbh4iytjvrsa",
            "defined_tags": {
              "ArchitectureCenter\\deploy-glusterfs.release": "1.0",
              "Oracle-Tag.CreatedBy": "oguz",
              "Oracle-Tag.CreatedOn": "2021-06-22T19:47:05.632Z",
              "emergingtech.instanceprinciple": "not-allowed"
            },
            "display_name": "server3-brick3",
            "freeform_tags": {},
            "id": "ocid1.volume.oc1.iad.abuwcljtummy4jthdvebkqlnyc7oy54xskdai3ulqhumd4hckj37vwdcjcyq",
            "is_auto_tune_enabled": true,
            "is_hydrated": true,
            "kms_key_id": null,
            "size_in_gbs": "800",
            "size_in_mbs": "819200",
            "source_details": [],
            "state": "AVAILABLE",
            "system_tags": {},
            "time_created": "2021-06-22 19:47:05.756 +0000 UTC",
            "timeouts": null,
            "volume_backup_id": null,
            "volume_group_id": null,
            "vpus_per_gb": "20"
          },
          "private": "eyJlMmJmYjczMC1lY2FhLTExZTYtOGY4OC0zNDM2M2JjN2M0YzAiOnsiY3JlYXRlIjoxMjAwMDAwMDAwMDAwLCJkZWxldGUiOjEyMDAwMDAwMDAwMDAsInVwZGF0ZSI6MTIwMDAwMDAwMDAwMH19",
          "dependencies": [
            "oci_identity_tag.ArchitectureCenterTag",
            "oci_identity_tag_namespace.ArchitectureCenterTagNamespace"
          ]
        },
        {
          "index_key": 3,
          "schema_version": 0,
          "attributes": {
            "auto_tuned_vpus_per_gb": "20",
            "availability_domain": "VXpT:US-ASHBURN-AD-1",
            "backup_policy_id": null,
            "block_volume_replicas": [],
            "block_volume_replicas_deletion": null,
            "compartment_id": "ocid1.compartment.oc1..aaaaaaaamgpf7b5zhfwqc3cttmhatl3eqxl6uztmhozk52h2qbh4iytjvrsa",
            "defined_tags": {
              "ArchitectureCenter\\deploy-glusterfs.release": "1.0",
              "Oracle-Tag.CreatedBy": "oguz",
              "Oracle-Tag.CreatedOn": "2021-06-22T19:46:50.698Z",
              "emergingtech.instanceprinciple": "not-allowed"
            },
            "display_name": "server1-brick4",
            "freeform_tags": {},
            "id": "ocid1.volume.oc1.iad.abuwcljtgida33dpijgbk2pdme2llvk5s5gfq2p2eguhavjmpvtmcfptqgwq",
            "is_auto_tune_enabled": true,
            "is_hydrated": true,
            "kms_key_id": null,
            "size_in_gbs": "800",
            "size_in_mbs": "819200",
            "source_details": [],
            "state": "AVAILABLE",
            "system_tags": {},
            "time_created": "2021-06-22 19:46:50.947 +0000 UTC",
            "timeouts": null,
            "volume_backup_id": null,
            "volume_group_id": null,
            "vpus_per_gb": "20"
          },
          "private": "eyJlMmJmYjczMC1lY2FhLTExZTYtOGY4OC0zNDM2M2JjN2M0YzAiOnsiY3JlYXRlIjoxMjAwMDAwMDAwMDAwLCJkZWxldGUiOjEyMDAwMDAwMDAwMDAsInVwZGF0ZSI6MTIwMDAwMDAwMDAwMH19",
          "dependencies": [
            "oci_identity_tag.ArchitectureCenterTag",
            "oci_identity_tag_namespace.ArchitectureCenterTagNamespace"
          ]
        },
        {
          "index_key": 4,
          "schema_version": 0,
          "attributes": {
            "auto_tuned_vpus_per_gb": "20",
            "availability_domain": "VXpT:US-ASHBURN-AD-1",
            "backup_policy_id": null,
            "block_volume_replicas": [],
            "block_volume_replicas_deletion": null,
            "compartment_id": "ocid1.compartment.oc1..aaaaaaaamgpf7b5zhfwqc3cttmhatl3eqxl6uztmhozk52h2qbh4iytjvrsa",
            "defined_tags": {
              "ArchitectureCenter\\deploy-glusterfs.release": "1.0",
              "Oracle-Tag.CreatedBy": "oguz",
              "Oracle-Tag.CreatedOn": "2021-06-22T19:46:50.723Z",
              "emergingtech.instanceprinciple": "not-allowed"
            },
            "display_name": "server2-brick5",
            "freeform_tags": {},
            "id": "ocid1.volume.oc1.iad.abuwcljtpjjkiiwxkxvb5gctbqpyuw3ojruwrtii2s4bkxw7xbpu2xezr6ka",
            "is_auto_tune_enabled": true,
            "is_hydrated": true,
            "kms_key_id": null,
            "size_in_gbs": "800",
            "size_in_mbs": "819200",
            "source_details": [],
            "state": "AVAILABLE",
            "system_tags": {},
            "time_created": "2021-06-22 19:46:50.969 +0000 UTC",
            "timeouts": null,
            "volume_backup_id": null,
            "volume_group_id": null,
            "vpus_per_gb": "20"
          },
          "private": "eyJlMmJmYjczMC1lY2FhLTExZTYtOGY4OC0zNDM2M2JjN2M0YzAiOnsiY3JlYXRlIjoxMjAwMDAwMDAwMDAwLCJkZWxldGUiOjEyMDAwMDAwMDAwMDAsInVwZGF0ZSI6MTIwMDAwMDAwMDAwMH19",
          "dependencies": [
            "oci_identity_tag.ArchitectureCenterTag",
            "oci_identity_tag_namespace.ArchitectureCenterTagNamespace"
          ]
        },
        {
          "index_key": 5,
          "schema_version": 0,
          "attributes": {
            "auto_tuned_vpus_per_gb": "20",
            "availability_domain": "VXpT:US-ASHBURN-AD-1",
            "backup_policy_id": null,
            "block_volume_replicas": [],
            "block_volume_replicas_deletion": null,
            "compartment_id": "ocid1.compartment.oc1..aaaaaaaamgpf7b5zhfwqc3cttmhatl3eqxl6uztmhozk52h2qbh4iytjvrsa",
            "defined_tags": {
              "ArchitectureCenter\\deploy-glusterfs.release": "1.0",
              "Oracle-Tag.CreatedBy": "oguz",
              "Oracle-Tag.CreatedOn": "2021-06-22T19:47:05.371Z",
              "emergingtech.instanceprinciple": "not-allowed"
            },
            "display_name": "server3-brick6",
            "freeform_tags": {},
            "id": "ocid1.volume.oc1.iad.abuwcljto5f23t2opcjo4475okxdmye6hk7pychihkrkcc3k2bmmpfek6eaq",
            "is_auto_tune_enabled": true,
            "is_hydrated": true,
            "kms_key_id": null,
            "size_in_gbs": "800",
            "size_in_mbs": "819200",
            "source_details": [],
            "state": "AVAILABLE",
            "system_tags": {},
            "time_created": "2021-06-22 19:47:05.498 +0000 UTC",
            "timeouts": null,
            "volume_backup_id": null,
            "volume_group_id": null,
            "vpus_per_gb": "20"
          },
          "private": "eyJlMmJmYjczMC1lY2FhLTExZTYtOGY4OC0zNDM2M2JjN2M0YzAiOnsiY3JlYXRlIjoxMjAwMDAwMDAwMDAwLCJkZWxldGUiOjEyMDAwMDAwMDAwMDAsInVwZGF0ZSI6MTIwMDAwMDAwMDAwMH19",
          "dependencies": [
            "oci_identity_tag.ArchitectureCenterTag",
            "oci_identity_tag_namespace.ArchitectureCenterTagNamespace"
          ]
        },
        {
          "index_key": 6,
          "schema_version": 0,
          "attributes": {
            "auto_tuned_vpus_per_gb": "20",
            "availability_domain": "VXpT:US-ASHBURN-AD-1",
            "backup_policy_id": null,
            "block_volume_replicas": [],
            "block_volume_replicas_deletion": null,
            "compartment_id": "ocid1.compartment.oc1..aaaaaaaamgpf7b5zhfwqc3cttmhatl3eqxl6uztmhozk52h2qbh4iytjvrsa",
            "defined_tags": {
              "ArchitectureCenter\\deploy-glusterfs.release": "1.0",
              "Oracle-Tag.CreatedBy": "oguz",
              "Oracle-Tag.CreatedOn": "2021-06-22T19:46:51.241Z",
              "emergingtech.instanceprinciple": "not-allowed"
            },
            "display_name": "server1-brick7",
            "freeform_tags": {},
            "id": "ocid1.volume.oc1.iad.abuwcljtjwafjra65lrqpck3grhs7tlhbc4unhkiv6szusggqlbiwxmdahla",
            "is_auto_tune_enabled": true,
            "is_hydrated": true,
            "kms_key_id": null,
            "size_in_gbs": "800",
            "size_in_mbs": "819200",
            "source_details": [],
            "state": "AVAILABLE",
            "system_tags": {},
            "time_created": "2021-06-22 19:46:51.378 +0000 UTC",
            "timeouts": null,
            "volume_backup_id": null,
            "volume_group_id": null,
            "vpus_per_gb": "20"
          },
          "private": "eyJlMmJmYjczMC1lY2FhLTExZTYtOGY4OC0zNDM2M2JjN2M0YzAiOnsiY3JlYXRlIjoxMjAwMDAwMDAwMDAwLCJkZWxldGUiOjEyMDAwMDAwMDAwMDAsInVwZGF0ZSI6MTIwMDAwMDAwMDAwMH19",
          "dependencies": [
            "oci_identity_tag.ArchitectureCenterTag",
            "oci_identity_tag_namespace.ArchitectureCenterTagNamespace"
          ]
        },
        {
          "index_key": 7,
          "schema_version": 0,
          "attributes": {
            "auto_tuned_vpus_per_gb": "20",
            "availability_domain": "VXpT:US-ASHBURN-AD-1",
            "backup_policy_id": null,
            "block_volume_replicas": [],
            "block_volume_replicas_deletion": null,
            "compartment_id": "ocid1.compartment.oc1..aaaaaaaamgpf7b5zhfwqc3cttmhatl3eqxl6uztmhozk52h2qbh4iytjvrsa",
            "defined_tags": {
              "ArchitectureCenter\\deploy-glusterfs.release": "1.0",
              "Oracle-Tag.CreatedBy": "oguz",
              "Oracle-Tag.CreatedOn": "2021-06-22T19:46:50.759Z",
              "emergingtech.instanceprinciple": "not-allowed"
            },
            "display_name": "server2-brick8",
            "freeform_tags": {},
            "id": "ocid1.volume.oc1.iad.abuwcljtg6tuaf72lyqfyw3eox7ot67t7tj6my7zkx6yrgadels7hie2sfya",
            "is_auto_tune_enabled": true,
            "is_hydrated": true,
            "kms_key_id": null,
            "size_in_gbs": "800",
            "size_in_mbs": "819200",
            "source_details": [],
            "state": "AVAILABLE",
            "system_tags": {},
            "time_created": "2021-06-22 19:46:51.002 +0000 UTC",
            "timeouts": null,
            "volume_backup_id": null,
            "volume_group_id": null,
            "vpus_per_gb": "20"
          },
          "private": "eyJlMmJmYjczMC1lY2FhLTExZTYtOGY4OC0zNDM2M2JjN2M0YzAiOnsiY3JlYXRlIjoxMjAwMDAwMDAwMDAwLCJkZWxldGUiOjEyMDAwMDAwMDAwMDAsInVwZGF0ZSI6MTIwMDAwMDAwMDAwMH19",
          "dependencies": [
            "oci_identity_tag.ArchitectureCenterTag",
            "oci_identity_tag_namespace.ArchitectureCenterTagNamespace"
          ]
        },
        {
          "index_key": 8,
          "schema_version": 0,
          "attributes": {
            "auto_tuned_vpus_per_gb": "20",
            "availability_domain": "VXpT:US-ASHBURN-AD-1",
            "backup_policy_id": null,
            "block_volume_replicas": [],
            "block_volume_replicas_deletion": null,
            "compartment_id": "ocid1.compartment.oc1..aaaaaaaamgpf7b5zhfwqc3cttmhatl3eqxl6uztmhozk52h2qbh4iytjvrsa",
            "defined_tags": {
              "ArchitectureCenter\\deploy-glusterfs.release": "1.0",
              "Oracle-Tag.CreatedBy": "oguz",
              "Oracle-Tag.CreatedOn": "2021-06-22T19:47:05.471Z",
              "emergingtech.instanceprinciple": "not-allowed"
            },
            "display_name": "server3-brick1",
            "freeform_tags": {},
            "id": "ocid1.volume.oc1.iad.abuwcljtqiimznlbjm2umt6gu66bvdfb4mkqgwgffrdr7ph6o3sozuw3ubza",
            "is_auto_tune_enabled": true,
            "is_hydrated": true,
            "kms_key_id": null,
            "size_in_gbs": "800",
            "size_in_mbs": "819200",
            "source_details": [],
            "state": "AVAILABLE",
            "system_tags": {},
            "time_created": "2021-06-22 19:47:05.692 +0000 UTC",
            "timeouts": null,
            "volume_backup_id": null,
            "volume_group_id": null,
            "vpus_per_gb": "20"
          },
          "private": "eyJlMmJmYjczMC1lY2FhLTExZTYtOGY4OC0zNDM2M2JjN2M0YzAiOnsiY3JlYXRlIjoxMjAwMDAwMDAwMDAwLCJkZWxldGUiOjEyMDAwMDAwMDAwMDAsInVwZGF0ZSI6MTIwMDAwMDAwMDAwMH19",
          "dependencies": [
            "oci_identity_tag.ArchitectureCenterTag",
            "oci_identity_tag_namespace.ArchitectureCenterTagNamespace"
          ]
        },
        {
          "index_key": 9,
          "schema_version": 0,
          "attributes": {
            "auto_tuned_vpus_per_gb": "20",
            "availability_domain": "VXpT:US-ASHBURN-AD-1",
            "backup_policy_id": null,
            "block_volume_replicas": [],
            "block_volume_replicas_deletion": null,
            "compartment_id": "ocid1.compartment.oc1..aaaaaaaamgpf7b5zhfwqc3cttmhatl3eqxl6uztmhozk52h2qbh4iytjvrsa",
            "defined_tags": {
              "ArchitectureCenter\\deploy-glusterfs.release": "1.0",
              "Oracle-Tag.CreatedBy": "oguz",
              "Oracle-Tag.CreatedOn": "2021-06-22T19:47:13.275Z",
              "emergingtech.instanceprinciple": "not-allowed"
            },
            "display_name": "server1-brick2",
            "freeform_tags": {},
            "id": "ocid1.volume.oc1.iad.abuwcljtw3nzxn5vhpiasop4xrcckgyre2hj4hr43u6ryaeuapy3zsnba23a",
            "is_auto_tune_enabled": true,
            "is_hydrated": true,
            "kms_key_id": null,
            "size_in_gbs": "800",
            "size_in_mbs": "819200",
            "source_details": [],
            "state": "AVAILABLE",
            "system_tags": {},
            "time_created": "2021-06-22 19:47:13.509 +0000 UTC",
            "timeouts": null,
            "volume_backup_id": null,
            "volume_group_id": null,
            "vpus_per_gb": "20"
          },
          "private": "eyJlMmJmYjczMC1lY2FhLTExZTYtOGY4OC0zNDM2M2JjN2M0YzAiOnsiY3JlYXRlIjoxMjAwMDAwMDAwMDAwLCJkZWxldGUiOjEyMDAwMDAwMDAwMDAsInVwZGF0ZSI6MTIwMDAwMDAwMDAwMH19",
          "dependencies": [
            "oci_identity_tag.ArchitectureCenterTag",
            "oci_identity_tag_namespace.ArchitectureCenterTagNamespace"
          ]
        },
        {
          "index_key": 10,
          "schema_version": 0,
          "attributes": {
            "auto_tuned_vpus_per_gb": "20",
            "availability_domain": "VXpT:US-ASHBURN-AD-1",
            "backup_policy_id": null,
            "block_volume_replicas": [],
            "block_volume_replicas_deletion": null,
            "compartment_id": "ocid1.compartment.oc1..aaaaaaaamgpf7b5zhfwqc3cttmhatl3eqxl6uztmhozk52h2qbh4iytjvrsa",
            "defined_tags": {
              "ArchitectureCenter\\deploy-glusterfs.release": "1.0",
              "Oracle-Tag.CreatedBy": "oguz",
              "Oracle-Tag.CreatedOn": "2021-06-22T19:47:14.053Z",
              "emergingtech.instanceprinciple": "not-allowed"
            },
            "display_name": "server2-brick3",
            "freeform_tags": {},
            "id": "ocid1.volume.oc1.iad.abuwcljtew7uu6ovdb3omurxkbbyrteyybrm46mckxruwuxp43ms47ihnula",
            "is_auto_tune_enabled": true,
            "is_hydrated": true,
            "kms_key_id": null,
            "size_in_gbs": "800",
            "size_in_mbs": "819200",
            "source_details": [],
            "state": "AVAILABLE",
            "system_tags": {},
            "time_created": "2021-06-22 19:47:14.426 +0000 UTC",
            "timeouts": null,
            "volume_backup_id": null,
            "volume_group_id": null,
            "vpus_per_gb": "20"
          },
          "private": "eyJlMmJmYjczMC1lY2FhLTExZTYtOGY4OC0zNDM2M2JjN2M0YzAiOnsiY3JlYXRlIjoxMjAwMDAwMDAwMDAwLCJkZWxldGUiOjEyMDAwMDAwMDAwMDAsInVwZGF0ZSI6MTIwMDAwMDAwMDAwMH19",
          "dependencies": [
            "oci_identity_tag.ArchitectureCenterTag",
            "oci_identity_tag_namespace.ArchitectureCenterTagNamespace"
          ]
        },
        {
          "index_key": 11,
          "schema_version": 0,
          "attributes": {
            "auto_tuned_vpus_per_gb": "20",
            "availability_domain": "VXpT:US-ASHBURN-AD-1",
            "backup_policy_id": null,
            "block_volume_replicas": [],
            "block_volume_replicas_deletion": null,
            "compartment_id": "ocid1.compartment.oc1..aaaaaaaamgpf7b5zhfwqc3cttmhatl3eqxl6uztmhozk52h2qbh4iytjvrsa",
            "defined_tags": {
              "ArchitectureCenter\\deploy-glusterfs.release": "1.0",
              "Oracle-Tag.CreatedBy": "oguz",
              "Oracle-Tag.CreatedOn": "2021-06-22T19:47:05.401Z",
              "emergingtech.instanceprinciple": "not-allowed"
            },
            "display_name": "server3-brick4",
            "freeform_tags": {},
            "id": "ocid1.volume.oc1.iad.abuwcljt4ezqas4qhhw4w2otxfi52pdbgvihzdikc3sdfj5sfaec4nbcd7ba",
            "is_auto_tune_enabled": true,
            "is_hydrated": true,
            "kms_key_id": null,
            "size_in_gbs": "800",
            "size_in_mbs": "819200",
            "source_details": [],
            "state": "AVAILABLE",
            "system_tags": {},
            "time_created": "2021-06-22 19:47:05.586 +0000 UTC",
            "timeouts": null,
            "volume_backup_id": null,
            "volume_group_id": null,
            "vpus_per_gb": "20"
          },
          "private": "eyJlMmJmYjczMC1lY2FhLTExZTYtOGY4OC0zNDM2M2JjN2M0YzAiOnsiY3JlYXRlIjoxMjAwMDAwMDAwMDAwLCJkZWxldGUiOjEyMDAwMDAwMDAwMDAsInVwZGF0ZSI6MTIwMDAwMDAwMDAwMH19",
          "dependencies": [
            "oci_identity_tag.ArchitectureCenterTag",
            "oci_identity_tag_namespace.ArchitectureCenterTagNamespace"
          ]
        },
        {
          "index_key": 12,
          "schema_version": 0,
          "attributes": {
            "auto_tuned_vpus_per_gb": "20",
            "availability_domain": "VXpT:US-ASHBURN-AD-1",
            "backup_policy_id": null,
            "block_volume_replicas": [],
            "block_volume_replicas_deletion": null,
            "compartment_id": "ocid1.compartment.oc1..aaaaaaaamgpf7b5zhfwqc3cttmhatl3eqxl6uztmhozk52h2qbh4iytjvrsa",
            "defined_tags": {
              "ArchitectureCenter\\deploy-glusterfs.release": "1.0",
              "Oracle-Tag.CreatedBy": "oguz",
              "Oracle-Tag.CreatedOn": "2021-06-22T19:47:05.820Z",
              "emergingtech.instanceprinciple": "not-allowed"
            },
            "display_name": "server1-brick5",
            "freeform_tags": {},
            "id": "ocid1.volume.oc1.iad.abuwcljt2tjv3c265ts4aqgfstfveedi5rfucbtikemcfy3ywztxu26dyela",
            "is_auto_tune_enabled": true,
            "is_hydrated": true,
            "kms_key_id": null,
            "size_in_gbs": "800",
            "size_in_mbs": "819200",
            "source_details": [],
            "state": "AVAILABLE",
            "system_tags": {},
            "time_created": "2021-06-22 19:47:05.968 +0000 UTC",
            "timeouts": null,
            "volume_backup_id": null,
            "volume_group_id": null,
            "vpus_per_gb": "20"
          },
          "private": "eyJlMmJmYjczMC1lY2FhLTExZTYtOGY4OC0zNDM2M2JjN2M0YzAiOnsiY3JlYXRlIjoxMjAwMDAwMDAwMDAwLCJkZWxldGUiOjEyMDAwMDAwMDAwMDAsInVwZGF0ZSI6MTIwMDAwMDAwMDAwMH19",
          "dependencies": [
            "oci_identity_tag.ArchitectureCenterTag",
            "oci_identity_tag_namespace.ArchitectureCenterTagNamespace"
          ]
        },
        {
          "index_key": 13,
          "schema_version": 0,
          "attributes": {
            "auto_tuned_vpus_per_gb": "20",
            "availability_domain": "VXpT:US-ASHBURN-AD-1",
            "backup_policy_id": null,
            "block_volume_replicas": [],
            "block_volume_replicas_deletion": null,
            "compartment_id": "ocid1.compartment.oc1..aaaaaaaamgpf7b5zhfwqc3cttmhatl3eqxl6uztmhozk52h2qbh4iytjvrsa",
            "defined_tags": {
              "ArchitectureCenter\\deploy-glusterfs.release": "1.0",
              "Oracle-Tag.CreatedBy": "oguz",
              "Oracle-Tag.CreatedOn": "2021-06-22T19:47:13.383Z",
              "emergingtech.instanceprinciple": "not-allowed"
            },
            "display_name": "server2-brick6",
            "freeform_tags": {},
            "id": "ocid1.volume.oc1.iad.abuwcljtq6df7e3e7pkgoeyx2eof4muheat67mtc66ldqdntilknlaet7tkq",
            "is_auto_tune_enabled": true,
            "is_hydrated": true,
            "kms_key_id": null,
            "size_in_gbs": "800",
            "size_in_mbs": "819200",
            "source_details": [],
            "state": "AVAILABLE",
            "system_tags": {},
            "time_created": "2021-06-22 19:47:13.506 +0000 UTC",
            "timeouts": null,
            "volume_backup_id": null,
            "volume_group_id": null,
            "vpus_per_gb": "20"
          },
          "private": "eyJlMmJmYjczMC1lY2FhLTExZTYtOGY4OC0zNDM2M2JjN2M0YzAiOnsiY3JlYXRlIjoxMjAwMDAwMDAwMDAwLCJkZWxldGUiOjEyMDAwMDAwMDAwMDAsInVwZGF0ZSI6MTIwMDAwMDAwMDAwMH19",
          "dependencies": [
            "oci_identity_tag.ArchitectureCenterTag",
            "oci_identity_tag_namespace.ArchitectureCenterTagNamespace"
          ]
        },
        {
          "index_key": 14,
          "schema_version": 0,
          "attributes": {
            "auto_tuned_vpus_per_gb": "20",
            "availability_domain": "VXpT:US-ASHBURN-AD-1",
            "backup_policy_id": null,
            "block_volume_replicas": [],
            "block_volume_replicas_deletion": null,
            "compartment_id": "ocid1.compartment.oc1..aaaaaaaamgpf7b5zhfwqc3cttmhatl3eqxl6uztmhozk52h2qbh4iytjvrsa",
            "defined_tags": {
              "ArchitectureCenter\\deploy-glusterfs.release": "1.0",
              "Oracle-Tag.CreatedBy": "oguz",
              "Oracle-Tag.CreatedOn": "2021-06-22T19:46:50.770Z",
              "emergingtech.instanceprinciple": "not-allowed"
            },
            "display_name": "server3-brick7",
            "freeform_tags": {},
            "id": "ocid1.volume.oc1.iad.abuwcljtch6vgjvinb2iogddjomeegcpephcb7z5olksok37tr4coy5atjmq",
            "is_auto_tune_enabled": true,
            "is_hydrated": true,
            "kms_key_id": null,
            "size_in_gbs": "800",
            "size_in_mbs": "819200",
            "source_details": [],
            "state": "AVAILABLE",
            "system_tags": {},
            "time_created": "2021-06-22 19:46:51.035 +0000 UTC",
            "timeouts": null,
            "volume_backup_id": null,
            "volume_group_id": null,
            "vpus_per_gb": "20"
          },
          "private": "eyJlMmJmYjczMC1lY2FhLTExZTYtOGY4OC0zNDM2M2JjN2M0YzAiOnsiY3JlYXRlIjoxMjAwMDAwMDAwMDAwLCJkZWxldGUiOjEyMDAwMDAwMDAwMDAsInVwZGF0ZSI6MTIwMDAwMDAwMDAwMH19",
          "dependencies": [
            "oci_identity_tag.ArchitectureCenterTag",
            "oci_identity_tag_namespace.ArchitectureCenterTagNamespace"
          ]
        },
        {
          "index_key": 15,
          "schema_version": 0,
          "attributes": {
            "auto_tuned_vpus_per_gb": "20",
            "availability_domain": "VXpT:US-ASHBURN-AD-1",
            "backup_policy_id": null,
            "block_volume_replicas": [],
            "block_volume_replicas_deletion": null,
            "compartment_id": "ocid1.compartment.oc1..aaaaaaaamgpf7b5zhfwqc3cttmhatl3eqxl6uztmhozk52h2qbh4iytjvrsa",
            "defined_tags": {
              "ArchitectureCenter\\deploy-glusterfs.release": "1.0",
              "Oracle-Tag.CreatedBy": "oguz",
              "Oracle-Tag.CreatedOn": "2021-06-22T19:46:50.716Z",
              "emergingtech.instanceprinciple": "not-allowed"
            },
            "display_name": "server1-brick8",
            "freeform_tags": {},
            "id": "ocid1.volume.oc1.iad.abuwcljtrw7eltmitk5k3bvzd7npqmg5v6alrahezpsnqt745ukydzehy63q",
            "is_auto_tune_enabled": true,
            "is_hydrated": true,
            "kms_key_id": null,
            "size_in_gbs": "800",
            "size_in_mbs": "819200",
            "source_details": [],
            "state": "AVAILABLE",
            "system_tags": {},
            "time_created": "2021-06-22 19:46:51.271 +0000 UTC",
            "timeouts": null,
            "volume_backup_id": null,
            "volume_group_id": null,
            "vpus_per_gb": "20"
          },
          "private": "eyJlMmJmYjczMC1lY2FhLTExZTYtOGY4OC0zNDM2M2JjN2M0YzAiOnsiY3JlYXRlIjoxMjAwMDAwMDAwMDAwLCJkZWxldGUiOjEyMDAwMDAwMDAwMDAsInVwZGF0ZSI6MTIwMDAwMDAwMDAwMH19",
          "dependencies": [
            "oci_identity_tag.ArchitectureCenterTag",
            "oci_identity_tag_namespace.ArchitectureCenterTagNamespace"
          ]
        },
        {
          "index_key": 16,
          "schema_version": 0,
          "attributes": {
            "auto_tuned_vpus_per_gb": "20",
            "availability_domain": "VXpT:US-ASHBURN-AD-1",
            "backup_policy_id": null,
            "block_volume_replicas": [],
            "block_volume_replicas_deletion": null,
            "compartment_id": "ocid1.compartment.oc1..aaaaaaaamgpf7b5zhfwqc3cttmhatl3eqxl6uztmhozk52h2qbh4iytjvrsa",
            "defined_tags": {
              "ArchitectureCenter\\deploy-glusterfs.release": "1.0",
              "Oracle-Tag.CreatedBy": "oguz",
              "Oracle-Tag.CreatedOn": "2021-06-22T19:47:05.521Z",
              "emergingtech.instanceprinciple": "not-allowed"
            },
            "display_name": "server2-brick1",
            "freeform_tags": {},
            "id": "ocid1.volume.oc1.iad.abuwcljti5uoxpftscxfjfxr2appcwrncnzuvh35x2ljhjncx2wsdrndwrqq",
            "is_auto_tune_enabled": true,
            "is_hydrated": true,
            "kms_key_id": null,
            "size_in_gbs": "800",
            "size_in_mbs": "819200",
            "source_details": [],
            "state": "AVAILABLE",
            "system_tags": {},
            "time_created": "2021-06-22 19:47:05.789 +0000 UTC",
            "timeouts": null,
            "volume_backup_id": null,
            "volume_group_id": null,
            "vpus_per_gb": "20"
          },
          "private": "eyJlMmJmYjczMC1lY2FhLTExZTYtOGY4OC0zNDM2M2JjN2M0YzAiOnsiY3JlYXRlIjoxMjAwMDAwMDAwMDAwLCJkZWxldGUiOjEyMDAwMDAwMDAwMDAsInVwZGF0ZSI6MTIwMDAwMDAwMDAwMH19",
          "dependencies": [
            "oci_identity_tag.ArchitectureCenterTag",
            "oci_identity_tag_namespace.ArchitectureCenterTagNamespace"
          ]
        },
        {
          "index_key": 17,
          "schema_version": 0,
          "attributes": {
            "auto_tuned_vpus_per_gb": "20",
            "availability_domain": "VXpT:US-ASHBURN-AD-1",
            "backup_policy_id": null,
            "block_volume_replicas": [],
            "block_volume_replicas_deletion": null,
            "compartment_id": "ocid1.compartment.oc1..aaaaaaaamgpf7b5zhfwqc3cttmhatl3eqxl6uztmhozk52h2qbh4iytjvrsa",
            "defined_tags": {
              "ArchitectureCenter\\deploy-glusterfs.release": "1.0",
              "Oracle-Tag.CreatedBy": "oguz",
              "Oracle-Tag.CreatedOn": "2021-06-22T19:47:13.548Z",
              "emergingtech.instanceprinciple": "not-allowed"
            },
            "display_name": "server3-brick2",
            "freeform_tags": {},
            "id": "ocid1.volume.oc1.iad.abuwcljtzwuqvomaouzzo763alyvdhrblmo7v5bq7umdirsw3gl4skg3ta4a",
            "is_auto_tune_enabled": true,
            "is_hydrated": true,
            "kms_key_id": null,
            "size_in_gbs": "800",
            "size_in_mbs": "819200",
            "source_details": [],
            "state": "AVAILABLE",
            "system_tags": {},
            "time_created": "2021-06-22 19:47:13.961 +0000 UTC",
            "timeouts": null,
            "volume_backup_id": null,
            "volume_group_id": null,
            "vpus_per_gb": "20"
          },
          "private": "eyJlMmJmYjczMC1lY2FhLTExZTYtOGY4OC0zNDM2M2JjN2M0YzAiOnsiY3JlYXRlIjoxMjAwMDAwMDAwMDAwLCJkZWxldGUiOjEyMDAwMDAwMDAwMDAsInVwZGF0ZSI6MTIwMDAwMDAwMDAwMH19",
          "dependencies": [
            "oci_identity_tag.ArchitectureCenterTag",
            "oci_identity_tag_namespace.ArchitectureCenterTagNamespace"
          ]
        },
        {
          "index_key": 18,
          "schema_version": 0,
          "attributes": {
            "auto_tuned_vpus_per_gb": "20",
            "availability_domain": "VXpT:US-ASHBURN-AD-1",
            "backup_policy_id": null,
            "block_volume_replicas": [],
            "block_volume_replicas_deletion": null,
            "compartment_id": "ocid1.compartment.oc1..aaaaaaaamgpf7b5zhfwqc3cttmhatl3eqxl6uztmhozk52h2qbh4iytjvrsa",
            "defined_tags": {
              "ArchitectureCenter\\deploy-glusterfs.release": "1.0",
              "Oracle-Tag.CreatedBy": "oguz",
              "Oracle-Tag.CreatedOn": "2021-06-22T19:47:05.303Z",
              "emergingtech.instanceprinciple": "not-allowed"
            },
            "display_name": "server1-brick3",
            "freeform_tags": {},
            "id": "ocid1.volume.oc1.iad.abuwcljtwemrfctnnumhnfcnhhj5n3vmhwqnxlkacyjaarmpmalh4kzeq5ua",
            "is_auto_tune_enabled": true,
            "is_hydrated": true,
            "kms_key_id": null,
            "size_in_gbs": "800",
            "size_in_mbs": "819200",
            "source_details": [],
            "state": "AVAILABLE",
            "system_tags": {},
            "time_created": "2021-06-22 19:47:05.516 +0000 UTC",
            "timeouts": null,
            "volume_backup_id": null,
            "volume_group_id": null,
            "vpus_per_gb": "20"
          },
          "private": "eyJlMmJmYjczMC1lY2FhLTExZTYtOGY4OC0zNDM2M2JjN2M0YzAiOnsiY3JlYXRlIjoxMjAwMDAwMDAwMDAwLCJkZWxldGUiOjEyMDAwMDAwMDAwMDAsInVwZGF0ZSI6MTIwMDAwMDAwMDAwMH19",
          "dependencies": [
            "oci_identity_tag.ArchitectureCenterTag",
            "oci_identity_tag_namespace.ArchitectureCenterTagNamespace"
          ]
        },
        {
          "index_key": 19,
          "schema_version": 0,
          "attributes": {
            "auto_tuned_vpus_per_gb": "20",
            "availability_domain": "VXpT:US-ASHBURN-AD-1",
            "backup_policy_id": null,
            "block_volume_replicas": [],
            "block_volume_replicas_deletion": null,
            "compartment_id": "ocid1.compartment.oc1..aaaaaaaamgpf7b5zhfwqc3cttmhatl3eqxl6uztmhozk52h2qbh4iytjvrsa",
            "defined_tags": {
              "ArchitectureCenter\\deploy-glusterfs.release": "1.0",
              "Oracle-Tag.CreatedBy": "oguz",
              "Oracle-Tag.CreatedOn": "2021-06-22T19:46:50.719Z",
              "emergingtech.instanceprinciple": "not-allowed"
            },
            "display_name": "server2-brick4",
            "freeform_tags": {},
            "id": "ocid1.volume.oc1.iad.abuwcljtlhpnabkwa6bc3alh6vtwokio34b2ojbk75sufso2ezhkcxwf2uwq",
            "is_auto_tune_enabled": true,
            "is_hydrated": true,
            "kms_key_id": null,
            "size_in_gbs": "800",
            "size_in_mbs": "819200",
            "source_details": [],
            "state": "AVAILABLE",
            "system_tags": {},
            "time_created": "2021-06-22 19:46:50.963 +0000 UTC",
            "timeouts": null,
            "volume_backup_id": null,
            "volume_group_id": null,
            "vpus_per_gb": "20"
          },
          "private": "eyJlMmJmYjczMC1lY2FhLTExZTYtOGY4OC0zNDM2M2JjN2M0YzAiOnsiY3JlYXRlIjoxMjAwMDAwMDAwMDAwLCJkZWxldGUiOjEyMDAwMDAwMDAwMDAsInVwZGF0ZSI6MTIwMDAwMDAwMDAwMH19",
          "dependencies": [
            "oci_identity_tag.ArchitectureCenterTag",
            "oci_identity_tag_namespace.ArchitectureCenterTagNamespace"
          ]
        },
        {
          "index_key": 20,
          "schema_version": 0,
          "attributes": {
            "auto_tuned_vpus_per_gb": "20",
            "availability_domain": "VXpT:US-ASHBURN-AD-1",
            "backup_policy_id": null,
            "block_volume_replicas": [],
            "block_volume_replicas_deletion": null,
            "compartment_id": "ocid1.compartment.oc1..aaaaaaaamgpf7b5zhfwqc3cttmhatl3eqxl6uztmhozk52h2qbh4iytjvrsa",
            "defined_tags": {
              "ArchitectureCenter\\deploy-glusterfs.release": "1.0",
              "Oracle-Tag.CreatedBy": "oguz",
              "Oracle-Tag.CreatedOn": "2021-06-22T19:46:50.734Z",
              "emergingtech.instanceprinciple": "not-allowed"
            },
            "display_name": "server3-brick5",
            "freeform_tags": {},
            "id": "ocid1.volume.oc1.iad.abuwcljt636gqjyukp2iboehp5gadbtnhjuhrltiaa7qafi2krdztrmnvkua",
            "is_auto_tune_enabled": true,
            "is_hydrated": true,
            "kms_key_id": null,
            "size_in_gbs": "800",
            "size_in_mbs": "819200",
            "source_details": [],
            "state": "AVAILABLE",
            "system_tags": {},
            "time_created": "2021-06-22 19:46:50.982 +0000 UTC",
            "timeouts": null,
            "volume_backup_id": null,
            "volume_group_id": null,
            "vpus_per_gb": "20"
          },
          "private": "eyJlMmJmYjczMC1lY2FhLTExZTYtOGY4OC0zNDM2M2JjN2M0YzAiOnsiY3JlYXRlIjoxMjAwMDAwMDAwMDAwLCJkZWxldGUiOjEyMDAwMDAwMDAwMDAsInVwZGF0ZSI6MTIwMDAwMDAwMDAwMH19",
          "dependencies": [
            "oci_identity_tag.ArchitectureCenterTag",
            "oci_identity_tag_namespace.ArchitectureCenterTagNamespace"
          ]
        },
        {
          "index_key": 21,
          "schema_version": 0,
          "attributes": {
            "auto_tuned_vpus_per_gb": "20",
            "availability_domain": "VXpT:US-ASHBURN-AD-1",
            "backup_policy_id": null,
            "block_volume_replicas": [],
            "block_volume_replicas_deletion": null,
            "compartment_id": "ocid1.compartment.oc1..aaaaaaaamgpf7b5zhfwqc3cttmhatl3eqxl6uztmhozk52h2qbh4iytjvrsa",
            "defined_tags": {
              "ArchitectureCenter\\deploy-glusterfs.release": "1.0",
              "Oracle-Tag.CreatedBy": "oguz",
              "Oracle-Tag.CreatedOn": "2021-06-22T19:47:05.490Z",
              "emergingtech.instanceprinciple": "not-allowed"
            },
            "display_name": "server1-brick6",
            "freeform_tags": {},
            "id": "ocid1.volume.oc1.iad.abuwcljtxt2553tqrqpk2x2cro3s3zpabvhtssab26ns333q2cai7evophma",
            "is_auto_tune_enabled": true,
            "is_hydrated": true,
            "kms_key_id": null,
            "size_in_gbs": "800",
            "size_in_mbs": "819200",
            "source_details": [],
            "state": "AVAILABLE",
            "system_tags": {},
            "time_created": "2021-06-22 19:47:05.619 +0000 UTC",
            "timeouts": null,
            "volume_backup_id": null,
            "volume_group_id": null,
            "vpus_per_gb": "20"
          },
          "private": "eyJlMmJmYjczMC1lY2FhLTExZTYtOGY4OC0zNDM2M2JjN2M0YzAiOnsiY3JlYXRlIjoxMjAwMDAwMDAwMDAwLCJkZWxldGUiOjEyMDAwMDAwMDAwMDAsInVwZGF0ZSI6MTIwMDAwMDAwMDAwMH19",
          "dependencies": [
            "oci_identity_tag.ArchitectureCenterTag",
            "oci_identity_tag_namespace.ArchitectureCenterTagNamespace"
          ]
        },
        {
          "index_key": 22,
          "schema_version": 0,
          "attributes": {
            "auto_tuned_vpus_per_gb": "20",
            "availability_domain": "VXpT:US-ASHBURN-AD-1",
            "backup_policy_id": null,
            "block_volume_replicas": [],
            "block_volume_replicas_deletion": null,
            "compartment_id": "ocid1.compartment.oc1..aaaaaaaamgpf7b5zhfwqc3cttmhatl3eqxl6uztmhozk52h2qbh4iytjvrsa",
            "defined_tags": {
              "ArchitectureCenter\\deploy-glusterfs.release": "1.0",
              "Oracle-Tag.CreatedBy": "oguz",
              "Oracle-Tag.CreatedOn": "2021-06-22T19:47:05.561Z",
              "emergingtech.instanceprinciple": "not-allowed"
            },
            "display_name": "server2-brick7",
            "freeform_tags": {},
            "id": "ocid1.volume.oc1.iad.abuwcljt76xhaiuuapyjnmv3oaczcchlcj2lqzsju4n5xola36kgyvcwlsha",
            "is_auto_tune_enabled": true,
            "is_hydrated": true,
            "kms_key_id": null,
            "size_in_gbs": "800",
            "size_in_mbs": "819200",
            "source_details": [],
            "state": "AVAILABLE",
            "system_tags": {},
            "time_created": "2021-06-22 19:47:05.764 +0000 UTC",
            "timeouts": null,
            "volume_backup_id": null,
            "volume_group_id": null,
            "vpus_per_gb": "20"
          },
          "private": "eyJlMmJmYjczMC1lY2FhLTExZTYtOGY4OC0zNDM2M2JjN2M0YzAiOnsiY3JlYXRlIjoxMjAwMDAwMDAwMDAwLCJkZWxldGUiOjEyMDAwMDAwMDAwMDAsInVwZGF0ZSI6MTIwMDAwMDAwMDAwMH19",
          "dependencies": [
            "oci_identity_tag.ArchitectureCenterTag",
            "oci_identity_tag_namespace.ArchitectureCenterTagNamespace"
          ]
        },
        {
          "index_key": 23,
          "schema_version": 0,
          "attributes": {
            "auto_tuned_vpus_per_gb": "20",
            "availability_domain": "VXpT:US-ASHBURN-AD-1",
            "backup_policy_id": null,
            "block_volume_replicas": [],
            "block_volume_replicas_deletion": null,
            "compartment_id": "ocid1.compartment.oc1..aaaaaaaamgpf7b5zhfwqc3cttmhatl3eqxl6uztmhozk52h2qbh4iytjvrsa",
            "defined_tags": {
              "ArchitectureCenter\\deploy-glusterfs.release": "1.0",
              "Oracle-Tag.CreatedBy": "oguz",
              "Oracle-Tag.CreatedOn": "2021-06-22T19:47:05.707Z",
              "emergingtech.instanceprinciple": "not-allowed"
            },
            "display_name": "server3-brick8",
            "freeform_tags": {},
            "id": "ocid1.volume.oc1.iad.abuwcljthpml5wkvkje2mhsxcjzdwcrthhukq2jd4b4ttwa7odi73qviiewa",
            "is_auto_tune_enabled": true,
            "is_hydrated": true,
            "kms_key_id": null,
            "size_in_gbs": "800",
            "size_in_mbs": "819200",
            "source_details": [],
            "state": "AVAILABLE",
            "system_tags": {},
            "time_created": "2021-06-22 19:47:05.95 +0000 UTC",
            "timeouts": null,
            "volume_backup_id": null,
            "volume_group_id": null,
            "vpus_per_gb": "20"
          },
          "private": "eyJlMmJmYjczMC1lY2FhLTExZTYtOGY4OC0zNDM2M2JjN2M0YzAiOnsiY3JlYXRlIjoxMjAwMDAwMDAwMDAwLCJkZWxldGUiOjEyMDAwMDAwMDAwMDAsInVwZGF0ZSI6MTIwMDAwMDAwMDAwMH19",
          "dependencies": [
            "oci_identity_tag.ArchitectureCenterTag",
            "oci_identity_tag_namespace.ArchitectureCenterTagNamespace"
          ]
        }
      ]
    },
    {
      "mode": "managed",
      "type": "oci_core_volume_attachment",
      "name": "blockvolume_attach",
      "each": "list",
      "provider": "provider.oci",
      "instances": [
        {
          "index_key": 0,
          "schema_version": 0,
          "attributes": {
            "attachment_type": "iscsi",
            "availability_domain": "VXpT:US-ASHBURN-AD-1",
            "chap_secret": null,
            "chap_username": null,
            "compartment_id": "ocid1.compartment.oc1..aaaaaaaamgpf7b5zhfwqc3cttmhatl3eqxl6uztmhozk52h2qbh4iytjvrsa",
            "device": null,
            "display_name": "volumeattachment20210622195247",
            "id": "ocid1.volumeattachment.oc1.iad.anuwcljtpwneysacxwo7dfdfpgufhrs47rljpmytfznnnlgn77sxj4cw52ka",
            "instance_id": "ocid1.instance.oc1.iad.anuwcljtpwneysacesm66ufqfkmcdod3npeltis2oyk2xvbii67zid3v4ela",
            "ipv4": "169.254.2.8",
            "iqn": "iqn.2015-12.com.oracleiaas:89b81e9d-a28c-4024-9f69-e119f46621d0",
            "is_pv_encryption_in_transit_enabled": false,
            "is_read_only": false,
            "is_shareable": false,
            "port": 3260,
            "state": "ATTACHED",
            "time_created": "2021-06-22 19:52:47.788 +0000 UTC",
            "timeouts": null,
            "use_chap": null,
            "volume_id": "ocid1.volume.oc1.iad.abuwcljtvzomznc5flqbeiox7esurfbqbzdnejpxmyeftrodbank4oy2okna"
          },
          "private": "eyJlMmJmYjczMC1lY2FhLTExZTYtOGY4OC0zNDM2M2JjN2M0YzAiOnsiY3JlYXRlIjoxMjAwMDAwMDAwMDAwLCJkZWxldGUiOjEyMDAwMDAwMDAwMDAsInVwZGF0ZSI6MTIwMDAwMDAwMDAwMH19",
          "dependencies": [
            "oci_core_instance.bastion",
            "oci_core_instance.gluster_server",
            "oci_core_internet_gateway.internet_gateway",
            "oci_core_nat_gateway.nat_gateway",
            "oci_core_route_table.private_route_table",
            "oci_core_route_table.pubic_route_table",
            "oci_core_security_list.private_security_list",
            "oci_core_security_list.public_security_list",
            "oci_core_subnet.fs",
            "oci_core_subnet.public",
            "oci_core_subnet.storage",
            "oci_core_vcn.vcn",
            "oci_core_volume.gluster_blockvolume",
            "oci_identity_tag.ArchitectureCenterTag",
            "oci_identity_tag_namespace.ArchitectureCenterTagNamespace",
            "tls_private_key.public_private_key_pair"
          ]
        },
        {
          "index_key": 1,
          "schema_version": 0,
          "attributes": {
            "attachment_type": "iscsi",
            "availability_domain": "VXpT:US-ASHBURN-AD-1",
            "chap_secret": null,
            "chap_username": null,
            "compartment_id": "ocid1.compartment.oc1..aaaaaaaamgpf7b5zhfwqc3cttmhatl3eqxl6uztmhozk52h2qbh4iytjvrsa",
            "device": null,
            "display_name": "volumeattachment20210622195153",
            "id": "ocid1.volumeattachment.oc1.iad.anuwcljtpwneysac2fadokchojuartufpeoayo6fjuzktkdecdamslr52d5q",
            "instance_id": "ocid1.instance.oc1.iad.anuwcljtpwneysachfkhe2wqrmsfx77fke4koy3jr5nasocyshhy32vbvwba",
            "ipv4": "169.254.2.4",
            "iqn": "iqn.2015-12.com.oracleiaas:c34fc169-f5ef-43ae-81cc-3589ffa91bd7",
            "is_pv_encryption_in_transit_enabled": false,
            "is_read_only": false,
            "is_shareable": false,
            "port": 3260,
            "state": "ATTACHED",
            "time_created": "2021-06-22 19:51:54.165 +0000 UTC",
            "timeouts": null,
            "use_chap": null,
            "volume_id": "ocid1.volume.oc1.iad.abuwcljtrwziec54f3k42444xkmjvbt2c6exn5g4qqb4m4b2e67gs6yuklmq"
          },
          "private": "eyJlMmJmYjczMC1lY2FhLTExZTYtOGY4OC0zNDM2M2JjN2M0YzAiOnsiY3JlYXRlIjoxMjAwMDAwMDAwMDAwLCJkZWxldGUiOjEyMDAwMDAwMDAwMDAsInVwZGF0ZSI6MTIwMDAwMDAwMDAwMH19",
          "dependencies": [
            "oci_core_instance.bastion",
            "oci_core_instance.gluster_server",
            "oci_core_internet_gateway.internet_gateway",
            "oci_core_nat_gateway.nat_gateway",
            "oci_core_route_table.private_route_table",
            "oci_core_route_table.pubic_route_table",
            "oci_core_security_list.private_security_list",
            "oci_core_security_list.public_security_list",
            "oci_core_subnet.fs",
            "oci_core_subnet.public",
            "oci_core_subnet.storage",
            "oci_core_vcn.vcn",
            "oci_core_volume.gluster_blockvolume",
            "oci_identity_tag.ArchitectureCenterTag",
            "oci_identity_tag_namespace.ArchitectureCenterTagNamespace",
            "tls_private_key.public_private_key_pair"
          ]
        },
        {
          "index_key": 2,
          "schema_version": 0,
          "attributes": {
            "attachment_type": "iscsi",
            "availability_domain": "VXpT:US-ASHBURN-AD-1",
            "chap_secret": null,
            "chap_username": null,
            "compartment_id": "ocid1.compartment.oc1..aaaaaaaamgpf7b5zhfwqc3cttmhatl3eqxl6uztmhozk52h2qbh4iytjvrsa",
            "device": null,
            "display_name": "volumeattachment20210622195153",
            "id": "ocid1.volumeattachment.oc1.iad.anuwcljtpwneysacyv5kgrs3drdxhhcklnsc646l6f7vnxsj7fflyeeg6twq",
            "instance_id": "ocid1.instance.oc1.iad.anuwcljtpwneysac5y6b3hhkqi23rksysxcfvjhkx3oceektq3nvbfaaz6gq",
            "ipv4": "169.254.2.3",
            "iqn": "iqn.2015-12.com.oracleiaas:a53e4e1e-513e-43fb-9167-1198bae00291",
            "is_pv_encryption_in_transit_enabled": false,
            "is_read_only": false,
            "is_shareable": false,
            "port": 3260,
            "state": "ATTACHED",
            "time_created": "2021-06-22 19:51:54.787 +0000 UTC",
            "timeouts": null,
            "use_chap": null,
            "volume_id": "ocid1.volume.oc1.iad.abuwcljtummy4jthdvebkqlnyc7oy54xskdai3ulqhumd4hckj37vwdcjcyq"
          },
          "private": "eyJlMmJmYjczMC1lY2FhLTExZTYtOGY4OC0zNDM2M2JjN2M0YzAiOnsiY3JlYXRlIjoxMjAwMDAwMDAwMDAwLCJkZWxldGUiOjEyMDAwMDAwMDAwMDAsInVwZGF0ZSI6MTIwMDAwMDAwMDAwMH19",
          "dependencies": [
            "oci_core_instance.bastion",
            "oci_core_instance.gluster_server",
            "oci_core_internet_gateway.internet_gateway",
            "oci_core_nat_gateway.nat_gateway",
            "oci_core_route_table.private_route_table",
            "oci_core_route_table.pubic_route_table",
            "oci_core_security_list.private_security_list",
            "oci_core_security_list.public_security_list",
            "oci_core_subnet.fs",
            "oci_core_subnet.public",
            "oci_core_subnet.storage",
            "oci_core_vcn.vcn",
            "oci_core_volume.gluster_blockvolume",
            "oci_identity_tag.ArchitectureCenterTag",
            "oci_identity_tag_namespace.ArchitectureCenterTagNamespace",
            "tls_private_key.public_private_key_pair"
          ]
        },
        {
          "index_key": 3,
          "schema_version": 0,
          "attributes": {
            "attachment_type": "iscsi",
            "availability_domain": "VXpT:US-ASHBURN-AD-1",
            "chap_secret": null,
            "chap_username": null,
            "compartment_id": "ocid1.compartment.oc1..aaaaaaaamgpf7b5zhfwqc3cttmhatl3eqxl6uztmhozk52h2qbh4iytjvrsa",
            "device": null,
            "display_name": "volumeattachment20210622195242",
            "id": "ocid1.volumeattachment.oc1.iad.anuwcljtpwneysacywajlrtl7si7qntl2z2rlr3232jipft62sjnldhnc3eq",
            "instance_id": "ocid1.instance.oc1.iad.anuwcljtpwneysacesm66ufqfkmcdod3npeltis2oyk2xvbii67zid3v4ela",
            "ipv4": "169.254.2.7",
            "iqn": "iqn.2015-12.com.oracleiaas:7d3a6f96-0793-4bd6-8750-1f65d8bc97db",
            "is_pv_encryption_in_transit_enabled": false,
            "is_read_only": false,
            "is_shareable": false,
            "port": 3260,
            "state": "ATTACHED",
            "time_created": "2021-06-22 19:52:42.995 +0000 UTC",
            "timeouts": null,
            "use_chap": null,
            "volume_id": "ocid1.volume.oc1.iad.abuwcljtgida33dpijgbk2pdme2llvk5s5gfq2p2eguhavjmpvtmcfptqgwq"
          },
          "private": "eyJlMmJmYjczMC1lY2FhLTExZTYtOGY4OC0zNDM2M2JjN2M0YzAiOnsiY3JlYXRlIjoxMjAwMDAwMDAwMDAwLCJkZWxldGUiOjEyMDAwMDAwMDAwMDAsInVwZGF0ZSI6MTIwMDAwMDAwMDAwMH19",
          "dependencies": [
            "oci_core_instance.bastion",
            "oci_core_instance.gluster_server",
            "oci_core_internet_gateway.internet_gateway",
            "oci_core_nat_gateway.nat_gateway",
            "oci_core_route_table.private_route_table",
            "oci_core_route_table.pubic_route_table",
            "oci_core_security_list.private_security_list",
            "oci_core_security_list.public_security_list",
            "oci_core_subnet.fs",
            "oci_core_subnet.public",
            "oci_core_subnet.storage",
            "oci_core_vcn.vcn",
            "oci_core_volume.gluster_blockvolume",
            "oci_identity_tag.ArchitectureCenterTag",
            "oci_identity_tag_namespace.ArchitectureCenterTagNamespace",
            "tls_private_key.public_private_key_pair"
          ]
        },
        {
          "index_key": 4,
          "schema_version": 0,
          "attributes": {
            "attachment_type": "iscsi",
            "availability_domain": "VXpT:US-ASHBURN-AD-1",
            "chap_secret": null,
            "chap_username": null,
            "compartment_id": "ocid1.compartment.oc1..aaaaaaaamgpf7b5zhfwqc3cttmhatl3eqxl6uztmhozk52h2qbh4iytjvrsa",
            "device": null,
            "display_name": "volumeattachment20210622195154",
            "id": "ocid1.volumeattachment.oc1.iad.anuwcljtpwneysacobpropi2bluvgrgh3aptqzg5hjhkwnxzban7g26snnva",
            "instance_id": "ocid1.instance.oc1.iad.anuwcljtpwneysachfkhe2wqrmsfx77fke4koy3jr5nasocyshhy32vbvwba",
            "ipv4": "169.254.2.5",
            "iqn": "iqn.2015-12.com.oracleiaas:8c7b4ce9-cd25-4b06-bd1f-dc3c9d69488a",
            "is_pv_encryption_in_transit_enabled": false,
            "is_read_only": false,
            "is_shareable": false,
            "port": 3260,
            "state": "ATTACHED",
            "time_created": "2021-06-22 19:51:54.361 +0000 UTC",
            "timeouts": null,
            "use_chap": null,
            "volume_id": "ocid1.volume.oc1.iad.abuwcljtpjjkiiwxkxvb5gctbqpyuw3ojruwrtii2s4bkxw7xbpu2xezr6ka"
          },
          "private": "eyJlMmJmYjczMC1lY2FhLTExZTYtOGY4OC0zNDM2M2JjN2M0YzAiOnsiY3JlYXRlIjoxMjAwMDAwMDAwMDAwLCJkZWxldGUiOjEyMDAwMDAwMDAwMDAsInVwZGF0ZSI6MTIwMDAwMDAwMDAwMH19",
          "dependencies": [
            "oci_core_instance.bastion",
            "oci_core_instance.gluster_server",
            "oci_core_internet_gateway.internet_gateway",
            "oci_core_nat_gateway.nat_gateway",
            "oci_core_route_table.private_route_table",
            "oci_core_route_table.pubic_route_table",
            "oci_core_security_list.private_security_list",
            "oci_core_security_list.public_security_list",
            "oci_core_subnet.fs",
            "oci_core_subnet.public",
            "oci_core_subnet.storage",
            "oci_core_vcn.vcn",
            "oci_core_volume.gluster_blockvolume",
            "oci_identity_tag.ArchitectureCenterTag",
            "oci_identity_tag_namespace.ArchitectureCenterTagNamespace",
            "tls_private_key.public_private_key_pair"
          ]
        },
        {
          "index_key": 5,
          "schema_version": 0,
          "attributes": {
            "attachment_type": "iscsi",
            "availability_domain": "VXpT:US-ASHBURN-AD-1",
            "chap_secret": null,
            "chap_username": null,
            "compartment_id": "ocid1.compartment.oc1..aaaaaaaamgpf7b5zhfwqc3cttmhatl3eqxl6uztmhozk52h2qbh4iytjvrsa",
            "device": null,
            "display_name": "volumeattachment20210622195222",
            "id": "ocid1.volumeattachment.oc1.iad.anuwcljtpwneysac3q6elenkawsj7bhs4ztsuccjr6hhzps4rubjqtuzqb6a",
            "instance_id": "ocid1.instance.oc1.iad.anuwcljtpwneysac5y6b3hhkqi23rksysxcfvjhkx3oceektq3nvbfaaz6gq",
            "ipv4": "169.254.2.5",
            "iqn": "iqn.2015-12.com.oracleiaas:1a3ea589-7620-4e1f-becb-fb7feb0a4793",
            "is_pv_encryption_in_transit_enabled": false,
            "is_read_only": false,
            "is_shareable": false,
            "port": 3260,
            "state": "ATTACHED",
            "time_created": "2021-06-22 19:52:22.783 +0000 UTC",
            "timeouts": null,
            "use_chap": null,
            "volume_id": "ocid1.volume.oc1.iad.abuwcljto5f23t2opcjo4475okxdmye6hk7pychihkrkcc3k2bmmpfek6eaq"
          },
          "private": "eyJlMmJmYjczMC1lY2FhLTExZTYtOGY4OC0zNDM2M2JjN2M0YzAiOnsiY3JlYXRlIjoxMjAwMDAwMDAwMDAwLCJkZWxldGUiOjEyMDAwMDAwMDAwMDAsInVwZGF0ZSI6MTIwMDAwMDAwMDAwMH19",
          "dependencies": [
            "oci_core_instance.bastion",
            "oci_core_instance.gluster_server",
            "oci_core_internet_gateway.internet_gateway",
            "oci_core_nat_gateway.nat_gateway",
            "oci_core_route_table.private_route_table",
            "oci_core_route_table.pubic_route_table",
            "oci_core_security_list.private_security_list",
            "oci_core_security_list.public_security_list",
            "oci_core_subnet.fs",
            "oci_core_subnet.public",
            "oci_core_subnet.storage",
            "oci_core_vcn.vcn",
            "oci_core_volume.gluster_blockvolume",
            "oci_identity_tag.ArchitectureCenterTag",
            "oci_identity_tag_namespace.ArchitectureCenterTagNamespace",
            "tls_private_key.public_private_key_pair"
          ]
        },
        {
          "index_key": 6,
          "schema_version": 0,
          "attributes": {
            "attachment_type": "iscsi",
            "availability_domain": "VXpT:US-ASHBURN-AD-1",
            "chap_secret": null,
            "chap_username": null,
            "compartment_id": "ocid1.compartment.oc1..aaaaaaaamgpf7b5zhfwqc3cttmhatl3eqxl6uztmhozk52h2qbh4iytjvrsa",
            "device": null,
            "display_name": "volumeattachment20210622195221",
            "id": "ocid1.volumeattachment.oc1.iad.anuwcljtpwneysactncfffspagcrsi3476aj2zcygcnkdvdsl3mx62zerjaa",
            "instance_id": "ocid1.instance.oc1.iad.anuwcljtpwneysacesm66ufqfkmcdod3npeltis2oyk2xvbii67zid3v4ela",
            "ipv4": "169.254.2.5",
            "iqn": "iqn.2015-12.com.oracleiaas:6fbcc619-1c59-416d-a9d3-a4ffe2261e5c",
            "is_pv_encryption_in_transit_enabled": false,
            "is_read_only": false,
            "is_shareable": false,
            "port": 3260,
            "state": "ATTACHED",
            "time_created": "2021-06-22 19:52:22.096 +0000 UTC",
            "timeouts": null,
            "use_chap": null,
            "volume_id": "ocid1.volume.oc1.iad.abuwcljtjwafjra65lrqpck3grhs7tlhbc4unhkiv6szusggqlbiwxmdahla"
          },
          "private": "eyJlMmJmYjczMC1lY2FhLTExZTYtOGY4OC0zNDM2M2JjN2M0YzAiOnsiY3JlYXRlIjoxMjAwMDAwMDAwMDAwLCJkZWxldGUiOjEyMDAwMDAwMDAwMDAsInVwZGF0ZSI6MTIwMDAwMDAwMDAwMH19",
          "dependencies": [
            "oci_core_instance.bastion",
            "oci_core_instance.gluster_server",
            "oci_core_internet_gateway.internet_gateway",
            "oci_core_nat_gateway.nat_gateway",
            "oci_core_route_table.private_route_table",
            "oci_core_route_table.pubic_route_table",
            "oci_core_security_list.private_security_list",
            "oci_core_security_list.public_security_list",
            "oci_core_subnet.fs",
            "oci_core_subnet.public",
            "oci_core_subnet.storage",
            "oci_core_vcn.vcn",
            "oci_core_volume.gluster_blockvolume",
            "oci_identity_tag.ArchitectureCenterTag",
            "oci_identity_tag_namespace.ArchitectureCenterTagNamespace",
            "tls_private_key.public_private_key_pair"
          ]
        },
        {
          "index_key": 7,
          "schema_version": 0,
          "attributes": {
            "attachment_type": "iscsi",
            "availability_domain": "VXpT:US-ASHBURN-AD-1",
            "chap_secret": null,
            "chap_username": null,
            "compartment_id": "ocid1.compartment.oc1..aaaaaaaamgpf7b5zhfwqc3cttmhatl3eqxl6uztmhozk52h2qbh4iytjvrsa",
            "device": null,
            "display_name": "volumeattachment20210622195153",
            "id": "ocid1.volumeattachment.oc1.iad.anuwcljtpwneysac76wueqdwekymcdcf7xdc7jtwisuxxxhrowlydhyk7mya",
            "instance_id": "ocid1.instance.oc1.iad.anuwcljtpwneysachfkhe2wqrmsfx77fke4koy3jr5nasocyshhy32vbvwba",
            "ipv4": "169.254.2.3",
            "iqn": "iqn.2015-12.com.oracleiaas:a1033ebf-da81-420d-bdb9-e16abccfaf7d",
            "is_pv_encryption_in_transit_enabled": false,
            "is_read_only": false,
            "is_shareable": false,
            "port": 3260,
            "state": "ATTACHED",
            "time_created": "2021-06-22 19:51:53.944 +0000 UTC",
            "timeouts": null,
            "use_chap": null,
            "volume_id": "ocid1.volume.oc1.iad.abuwcljtg6tuaf72lyqfyw3eox7ot67t7tj6my7zkx6yrgadels7hie2sfya"
          },
          "private": "eyJlMmJmYjczMC1lY2FhLTExZTYtOGY4OC0zNDM2M2JjN2M0YzAiOnsiY3JlYXRlIjoxMjAwMDAwMDAwMDAwLCJkZWxldGUiOjEyMDAwMDAwMDAwMDAsInVwZGF0ZSI6MTIwMDAwMDAwMDAwMH19",
          "dependencies": [
            "oci_core_instance.bastion",
            "oci_core_instance.gluster_server",
            "oci_core_internet_gateway.internet_gateway",
            "oci_core_nat_gateway.nat_gateway",
            "oci_core_route_table.private_route_table",
            "oci_core_route_table.pubic_route_table",
            "oci_core_security_list.private_security_list",
            "oci_core_security_list.public_security_list",
            "oci_core_subnet.fs",
            "oci_core_subnet.public",
            "oci_core_subnet.storage",
            "oci_core_vcn.vcn",
            "oci_core_volume.gluster_blockvolume",
            "oci_identity_tag.ArchitectureCenterTag",
            "oci_identity_tag_namespace.ArchitectureCenterTagNamespace",
            "tls_private_key.public_private_key_pair"
          ]
        },
        {
          "index_key": 8,
          "schema_version": 0,
          "attributes": {
            "attachment_type": "iscsi",
            "availability_domain": "VXpT:US-ASHBURN-AD-1",
            "chap_secret": null,
            "chap_username": null,
            "compartment_id": "ocid1.compartment.oc1..aaaaaaaamgpf7b5zhfwqc3cttmhatl3eqxl6uztmhozk52h2qbh4iytjvrsa",
            "device": null,
            "display_name": "volumeattachment20210622195303",
            "id": "ocid1.volumeattachment.oc1.iad.anuwcljtpwneysac7xvr2hletjv3i2k7oklm76wmpxfrz7zsgty44ig6ovlq",
            "instance_id": "ocid1.instance.oc1.iad.anuwcljtpwneysac5y6b3hhkqi23rksysxcfvjhkx3oceektq3nvbfaaz6gq",
            "ipv4": "169.254.2.9",
            "iqn": "iqn.2015-12.com.oracleiaas:06d7b19e-4fec-4ed5-add9-a425750bb02a",
            "is_pv_encryption_in_transit_enabled": false,
            "is_read_only": false,
            "is_shareable": false,
            "port": 3260,
            "state": "ATTACHED",
            "time_created": "2021-06-22 19:53:03.597 +0000 UTC",
            "timeouts": null,
            "use_chap": null,
            "volume_id": "ocid1.volume.oc1.iad.abuwcljtqiimznlbjm2umt6gu66bvdfb4mkqgwgffrdr7ph6o3sozuw3ubza"
          },
          "private": "eyJlMmJmYjczMC1lY2FhLTExZTYtOGY4OC0zNDM2M2JjN2M0YzAiOnsiY3JlYXRlIjoxMjAwMDAwMDAwMDAwLCJkZWxldGUiOjEyMDAwMDAwMDAwMDAsInVwZGF0ZSI6MTIwMDAwMDAwMDAwMH19",
          "dependencies": [
            "oci_core_instance.bastion",
            "oci_core_instance.gluster_server",
            "oci_core_internet_gateway.internet_gateway",
            "oci_core_nat_gateway.nat_gateway",
            "oci_core_route_table.private_route_table",
            "oci_core_route_table.pubic_route_table",
            "oci_core_security_list.private_security_list",
            "oci_core_security_list.public_security_list",
            "oci_core_subnet.fs",
            "oci_core_subnet.public",
            "oci_core_subnet.storage",
            "oci_core_vcn.vcn",
            "oci_core_volume.gluster_blockvolume",
            "oci_identity_tag.ArchitectureCenterTag",
            "oci_identity_tag_namespace.ArchitectureCenterTagNamespace",
            "tls_private_key.public_private_key_pair"
          ]
        },
        {
          "index_key": 9,
          "schema_version": 0,
          "attributes": {
            "attachment_type": "iscsi",
            "availability_domain": "VXpT:US-ASHBURN-AD-1",
            "chap_secret": null,
            "chap_username": null,
            "compartment_id": "ocid1.compartment.oc1..aaaaaaaamgpf7b5zhfwqc3cttmhatl3eqxl6uztmhozk52h2qbh4iytjvrsa",
            "device": null,
            "display_name": "volumeattachment20210622195153",
            "id": "ocid1.volumeattachment.oc1.iad.anuwcljtpwneysacpf7ifwv5segs2cc2mxyag2wmkt55dqnccmgc6s5mzd6a",
            "instance_id": "ocid1.instance.oc1.iad.anuwcljtpwneysacesm66ufqfkmcdod3npeltis2oyk2xvbii67zid3v4ela",
            "ipv4": "169.254.2.3",
            "iqn": "iqn.2015-12.com.oracleiaas:7000326b-4494-46e7-9a67-43933320ffc8",
            "is_pv_encryption_in_transit_enabled": false,
            "is_read_only": false,
            "is_shareable": false,
            "port": 3260,
            "state": "ATTACHED",
            "time_created": "2021-06-22 19:51:53.957 +0000 UTC",
            "timeouts": null,
            "use_chap": null,
            "volume_id": "ocid1.volume.oc1.iad.abuwcljtw3nzxn5vhpiasop4xrcckgyre2hj4hr43u6ryaeuapy3zsnba23a"
          },
          "private": "eyJlMmJmYjczMC1lY2FhLTExZTYtOGY4OC0zNDM2M2JjN2M0YzAiOnsiY3JlYXRlIjoxMjAwMDAwMDAwMDAwLCJkZWxldGUiOjEyMDAwMDAwMDAwMDAsInVwZGF0ZSI6MTIwMDAwMDAwMDAwMH19",
          "dependencies": [
            "oci_core_instance.bastion",
            "oci_core_instance.gluster_server",
            "oci_core_internet_gateway.internet_gateway",
            "oci_core_nat_gateway.nat_gateway",
            "oci_core_route_table.private_route_table",
            "oci_core_route_table.pubic_route_table",
            "oci_core_security_list.private_security_list",
            "oci_core_security_list.public_security_list",
            "oci_core_subnet.fs",
            "oci_core_subnet.public",
            "oci_core_subnet.storage",
            "oci_core_vcn.vcn",
            "oci_core_volume.gluster_blockvolume",
            "oci_identity_tag.ArchitectureCenterTag",
            "oci_identity_tag_namespace.ArchitectureCenterTagNamespace",
            "tls_private_key.public_private_key_pair"
          ]
        },
        {
          "index_key": 10,
          "schema_version": 0,
          "attributes": {
            "attachment_type": "iscsi",
            "availability_domain": "VXpT:US-ASHBURN-AD-1",
            "chap_secret": null,
            "chap_username": null,
            "compartment_id": "ocid1.compartment.oc1..aaaaaaaamgpf7b5zhfwqc3cttmhatl3eqxl6uztmhozk52h2qbh4iytjvrsa",
            "device": null,
            "display_name": "volumeattachment20210622195245",
            "id": "ocid1.volumeattachment.oc1.iad.anuwcljtpwneysacwizaqsrk5eunen6l4gjlx2elh56fvpeaaep5vwlwbkka",
            "instance_id": "ocid1.instance.oc1.iad.anuwcljtpwneysachfkhe2wqrmsfx77fke4koy3jr5nasocyshhy32vbvwba",
            "ipv4": "169.254.2.7",
            "iqn": "iqn.2015-12.com.oracleiaas:8f88a18d-0f59-4f89-a2e8-71897253a559",
            "is_pv_encryption_in_transit_enabled": false,
            "is_read_only": false,
            "is_shareable": false,
            "port": 3260,
            "state": "ATTACHED",
            "time_created": "2021-06-22 19:52:45.362 +0000 UTC",
            "timeouts": null,
            "use_chap": null,
            "volume_id": "ocid1.volume.oc1.iad.abuwcljtew7uu6ovdb3omurxkbbyrteyybrm46mckxruwuxp43ms47ihnula"
          },
          "private": "eyJlMmJmYjczMC1lY2FhLTExZTYtOGY4OC0zNDM2M2JjN2M0YzAiOnsiY3JlYXRlIjoxMjAwMDAwMDAwMDAwLCJkZWxldGUiOjEyMDAwMDAwMDAwMDAsInVwZGF0ZSI6MTIwMDAwMDAwMDAwMH19",
          "dependencies": [
            "oci_core_instance.bastion",
            "oci_core_instance.gluster_server",
            "oci_core_internet_gateway.internet_gateway",
            "oci_core_nat_gateway.nat_gateway",
            "oci_core_route_table.private_route_table",
            "oci_core_route_table.pubic_route_table",
            "oci_core_security_list.private_security_list",
            "oci_core_security_list.public_security_list",
            "oci_core_subnet.fs",
            "oci_core_subnet.public",
            "oci_core_subnet.storage",
            "oci_core_vcn.vcn",
            "oci_core_volume.gluster_blockvolume",
            "oci_identity_tag.ArchitectureCenterTag",
            "oci_identity_tag_namespace.ArchitectureCenterTagNamespace",
            "tls_private_key.public_private_key_pair"
          ]
        },
        {
          "index_key": 11,
          "schema_version": 0,
          "attributes": {
            "attachment_type": "iscsi",
            "availability_domain": "VXpT:US-ASHBURN-AD-1",
            "chap_secret": null,
            "chap_username": null,
            "compartment_id": "ocid1.compartment.oc1..aaaaaaaamgpf7b5zhfwqc3cttmhatl3eqxl6uztmhozk52h2qbh4iytjvrsa",
            "device": null,
            "display_name": "volumeattachment20210622195248",
            "id": "ocid1.volumeattachment.oc1.iad.anuwcljtpwneysacy4a4rr5njpfrdy2bvkrgjj3m7gcbbgemv5o64ljhsm2q",
            "instance_id": "ocid1.instance.oc1.iad.anuwcljtpwneysac5y6b3hhkqi23rksysxcfvjhkx3oceektq3nvbfaaz6gq",
            "ipv4": "169.254.2.8",
            "iqn": "iqn.2015-12.com.oracleiaas:19b775fe-4679-451c-a838-d799dbfe10b7",
            "is_pv_encryption_in_transit_enabled": false,
            "is_read_only": false,
            "is_shareable": false,
            "port": 3260,
            "state": "ATTACHED",
            "time_created": "2021-06-22 19:52:49.058 +0000 UTC",
            "timeouts": null,
            "use_chap": null,
            "volume_id": "ocid1.volume.oc1.iad.abuwcljt4ezqas4qhhw4w2otxfi52pdbgvihzdikc3sdfj5sfaec4nbcd7ba"
          },
          "private": "eyJlMmJmYjczMC1lY2FhLTExZTYtOGY4OC0zNDM2M2JjN2M0YzAiOnsiY3JlYXRlIjoxMjAwMDAwMDAwMDAwLCJkZWxldGUiOjEyMDAwMDAwMDAwMDAsInVwZGF0ZSI6MTIwMDAwMDAwMDAwMH19",
          "dependencies": [
            "oci_core_instance.bastion",
            "oci_core_instance.gluster_server",
            "oci_core_internet_gateway.internet_gateway",
            "oci_core_nat_gateway.nat_gateway",
            "oci_core_route_table.private_route_table",
            "oci_core_route_table.pubic_route_table",
            "oci_core_security_list.private_security_list",
            "oci_core_security_list.public_security_list",
            "oci_core_subnet.fs",
            "oci_core_subnet.public",
            "oci_core_subnet.storage",
            "oci_core_vcn.vcn",
            "oci_core_volume.gluster_blockvolume",
            "oci_identity_tag.ArchitectureCenterTag",
            "oci_identity_tag_namespace.ArchitectureCenterTagNamespace",
            "tls_private_key.public_private_key_pair"
          ]
        },
        {
          "index_key": 12,
          "schema_version": 0,
          "attributes": {
            "attachment_type": "iscsi",
            "availability_domain": "VXpT:US-ASHBURN-AD-1",
            "chap_secret": null,
            "chap_username": null,
            "compartment_id": "ocid1.compartment.oc1..aaaaaaaamgpf7b5zhfwqc3cttmhatl3eqxl6uztmhozk52h2qbh4iytjvrsa",
            "device": null,
            "display_name": "volumeattachment20210622195215",
            "id": "ocid1.volumeattachment.oc1.iad.anuwcljtpwneysac3ok6ekuccoh7sxyy332iyby6ocz2ndvjnkmcp7fco4fa",
            "instance_id": "ocid1.instance.oc1.iad.anuwcljtpwneysacesm66ufqfkmcdod3npeltis2oyk2xvbii67zid3v4ela",
            "ipv4": "169.254.2.4",
            "iqn": "iqn.2015-12.com.oracleiaas:03bb4235-ce08-4560-8a5b-3181dfb11bf3",
            "is_pv_encryption_in_transit_enabled": false,
            "is_read_only": false,
            "is_shareable": false,
            "port": 3260,
            "state": "ATTACHED",
            "time_created": "2021-06-22 19:52:15.853 +0000 UTC",
            "timeouts": null,
            "use_chap": null,
            "volume_id": "ocid1.volume.oc1.iad.abuwcljt2tjv3c265ts4aqgfstfveedi5rfucbtikemcfy3ywztxu26dyela"
          },
          "private": "eyJlMmJmYjczMC1lY2FhLTExZTYtOGY4OC0zNDM2M2JjN2M0YzAiOnsiY3JlYXRlIjoxMjAwMDAwMDAwMDAwLCJkZWxldGUiOjEyMDAwMDAwMDAwMDAsInVwZGF0ZSI6MTIwMDAwMDAwMDAwMH19",
          "dependencies": [
            "oci_core_instance.bastion",
            "oci_core_instance.gluster_server",
            "oci_core_internet_gateway.internet_gateway",
            "oci_core_nat_gateway.nat_gateway",
            "oci_core_route_table.private_route_table",
            "oci_core_route_table.pubic_route_table",
            "oci_core_security_list.private_security_list",
            "oci_core_security_list.public_security_list",
            "oci_core_subnet.fs",
            "oci_core_subnet.public",
            "oci_core_subnet.storage",
            "oci_core_vcn.vcn",
            "oci_core_volume.gluster_blockvolume",
            "oci_identity_tag.ArchitectureCenterTag",
            "oci_identity_tag_namespace.ArchitectureCenterTagNamespace",
            "tls_private_key.public_private_key_pair"
          ]
        },
        {
          "index_key": 13,
          "schema_version": 0,
          "attributes": {
            "attachment_type": "iscsi",
            "availability_domain": "VXpT:US-ASHBURN-AD-1",
            "chap_secret": null,
            "chap_username": null,
            "compartment_id": "ocid1.compartment.oc1..aaaaaaaamgpf7b5zhfwqc3cttmhatl3eqxl6uztmhozk52h2qbh4iytjvrsa",
            "device": null,
            "display_name": "volumeattachment20210622195154",
            "id": "ocid1.volumeattachment.oc1.iad.anuwcljtpwneysacxhlypcemw2hpgajxcymaxjzmxlpc5j7xrjjigxv46bpq",
            "instance_id": "ocid1.instance.oc1.iad.anuwcljtpwneysachfkhe2wqrmsfx77fke4koy3jr5nasocyshhy32vbvwba",
            "ipv4": "169.254.2.2",
            "iqn": "iqn.2015-12.com.oracleiaas:e358ea34-861f-4495-a092-7fd6975a83a2",
            "is_pv_encryption_in_transit_enabled": false,
            "is_read_only": false,
            "is_shareable": false,
            "port": 3260,
            "state": "ATTACHED",
            "time_created": "2021-06-22 19:51:54.473 +0000 UTC",
            "timeouts": null,
            "use_chap": null,
            "volume_id": "ocid1.volume.oc1.iad.abuwcljtq6df7e3e7pkgoeyx2eof4muheat67mtc66ldqdntilknlaet7tkq"
          },
          "private": "eyJlMmJmYjczMC1lY2FhLTExZTYtOGY4OC0zNDM2M2JjN2M0YzAiOnsiY3JlYXRlIjoxMjAwMDAwMDAwMDAwLCJkZWxldGUiOjEyMDAwMDAwMDAwMDAsInVwZGF0ZSI6MTIwMDAwMDAwMDAwMH19",
          "dependencies": [
            "oci_core_instance.bastion",
            "oci_core_instance.gluster_server",
            "oci_core_internet_gateway.internet_gateway",
            "oci_core_nat_gateway.nat_gateway",
            "oci_core_route_table.private_route_table",
            "oci_core_route_table.pubic_route_table",
            "oci_core_security_list.private_security_list",
            "oci_core_security_list.public_security_list",
            "oci_core_subnet.fs",
            "oci_core_subnet.public",
            "oci_core_subnet.storage",
            "oci_core_vcn.vcn",
            "oci_core_volume.gluster_blockvolume",
            "oci_identity_tag.ArchitectureCenterTag",
            "oci_identity_tag_namespace.ArchitectureCenterTagNamespace",
            "tls_private_key.public_private_key_pair"
          ]
        },
        {
          "index_key": 14,
          "schema_version": 0,
          "attributes": {
            "attachment_type": "iscsi",
            "availability_domain": "VXpT:US-ASHBURN-AD-1",
            "chap_secret": null,
            "chap_username": null,
            "compartment_id": "ocid1.compartment.oc1..aaaaaaaamgpf7b5zhfwqc3cttmhatl3eqxl6uztmhozk52h2qbh4iytjvrsa",
            "device": null,
            "display_name": "volumeattachment20210622195240",
            "id": "ocid1.volumeattachment.oc1.iad.anuwcljtpwneysac5grhxtfwqa3quguxqohqv3lnyunveatan7qz4w6rg4cq",
            "instance_id": "ocid1.instance.oc1.iad.anuwcljtpwneysac5y6b3hhkqi23rksysxcfvjhkx3oceektq3nvbfaaz6gq",
            "ipv4": "169.254.2.7",
            "iqn": "iqn.2015-12.com.oracleiaas:be22e11b-cafa-420c-a433-4dc7584cd1fe",
            "is_pv_encryption_in_transit_enabled": false,
            "is_read_only": false,
            "is_shareable": false,
            "port": 3260,
            "state": "ATTACHED",
            "time_created": "2021-06-22 19:52:40.699 +0000 UTC",
            "timeouts": null,
            "use_chap": null,
            "volume_id": "ocid1.volume.oc1.iad.abuwcljtch6vgjvinb2iogddjomeegcpephcb7z5olksok37tr4coy5atjmq"
          },
          "private": "eyJlMmJmYjczMC1lY2FhLTExZTYtOGY4OC0zNDM2M2JjN2M0YzAiOnsiY3JlYXRlIjoxMjAwMDAwMDAwMDAwLCJkZWxldGUiOjEyMDAwMDAwMDAwMDAsInVwZGF0ZSI6MTIwMDAwMDAwMDAwMH19",
          "dependencies": [
            "oci_core_instance.bastion",
            "oci_core_instance.gluster_server",
            "oci_core_internet_gateway.internet_gateway",
            "oci_core_nat_gateway.nat_gateway",
            "oci_core_route_table.private_route_table",
            "oci_core_route_table.pubic_route_table",
            "oci_core_security_list.private_security_list",
            "oci_core_security_list.public_security_list",
            "oci_core_subnet.fs",
            "oci_core_subnet.public",
            "oci_core_subnet.storage",
            "oci_core_vcn.vcn",
            "oci_core_volume.gluster_blockvolume",
            "oci_identity_tag.ArchitectureCenterTag",
            "oci_identity_tag_namespace.ArchitectureCenterTagNamespace",
            "tls_private_key.public_private_key_pair"
          ]
        },
        {
          "index_key": 15,
          "schema_version": 0,
          "attributes": {
            "attachment_type": "iscsi",
            "availability_domain": "VXpT:US-ASHBURN-AD-1",
            "chap_secret": null,
            "chap_username": null,
            "compartment_id": "ocid1.compartment.oc1..aaaaaaaamgpf7b5zhfwqc3cttmhatl3eqxl6uztmhozk52h2qbh4iytjvrsa",
            "device": null,
            "display_name": "volumeattachment20210622195257",
            "id": "ocid1.volumeattachment.oc1.iad.anuwcljtpwneysacxhzzdyypud7czmbrobsv5egd6gc7tf2n6bhllbrwr7pq",
            "instance_id": "ocid1.instance.oc1.iad.anuwcljtpwneysacesm66ufqfkmcdod3npeltis2oyk2xvbii67zid3v4ela",
            "ipv4": "169.254.2.9",
            "iqn": "iqn.2015-12.com.oracleiaas:376394aa-d54e-4b4c-99d8-6488bd68bc74",
            "is_pv_encryption_in_transit_enabled": false,
            "is_read_only": false,
            "is_shareable": false,
            "port": 3260,
            "state": "ATTACHED",
            "time_created": "2021-06-22 19:52:57.521 +0000 UTC",
            "timeouts": null,
            "use_chap": null,
            "volume_id": "ocid1.volume.oc1.iad.abuwcljtrw7eltmitk5k3bvzd7npqmg5v6alrahezpsnqt745ukydzehy63q"
          },
          "private": "eyJlMmJmYjczMC1lY2FhLTExZTYtOGY4OC0zNDM2M2JjN2M0YzAiOnsiY3JlYXRlIjoxMjAwMDAwMDAwMDAwLCJkZWxldGUiOjEyMDAwMDAwMDAwMDAsInVwZGF0ZSI6MTIwMDAwMDAwMDAwMH19",
          "dependencies": [
            "oci_core_instance.bastion",
            "oci_core_instance.gluster_server",
            "oci_core_internet_gateway.internet_gateway",
            "oci_core_nat_gateway.nat_gateway",
            "oci_core_route_table.private_route_table",
            "oci_core_route_table.pubic_route_table",
            "oci_core_security_list.private_security_list",
            "oci_core_security_list.public_security_list",
            "oci_core_subnet.fs",
            "oci_core_subnet.public",
            "oci_core_subnet.storage",
            "oci_core_vcn.vcn",
            "oci_core_volume.gluster_blockvolume",
            "oci_identity_tag.ArchitectureCenterTag",
            "oci_identity_tag_namespace.ArchitectureCenterTagNamespace",
            "tls_private_key.public_private_key_pair"
          ]
        },
        {
          "index_key": 16,
          "schema_version": 0,
          "attributes": {
            "attachment_type": "iscsi",
            "availability_domain": "VXpT:US-ASHBURN-AD-1",
            "chap_secret": null,
            "chap_username": null,
            "compartment_id": "ocid1.compartment.oc1..aaaaaaaamgpf7b5zhfwqc3cttmhatl3eqxl6uztmhozk52h2qbh4iytjvrsa",
            "device": null,
            "display_name": "volumeattachment20210622195241",
            "id": "ocid1.volumeattachment.oc1.iad.anuwcljtpwneysachf7crlcirsiedyxyqk7hailwvy34xyurlnqovquzc67a",
            "instance_id": "ocid1.instance.oc1.iad.anuwcljtpwneysachfkhe2wqrmsfx77fke4koy3jr5nasocyshhy32vbvwba",
            "ipv4": "169.254.2.6",
            "iqn": "iqn.2015-12.com.oracleiaas:cbc8b983-56e8-4f6d-9ef3-42104d864407",
            "is_pv_encryption_in_transit_enabled": false,
            "is_read_only": false,
            "is_shareable": false,
            "port": 3260,
            "state": "ATTACHED",
            "time_created": "2021-06-22 19:52:41.775 +0000 UTC",
            "timeouts": null,
            "use_chap": null,
            "volume_id": "ocid1.volume.oc1.iad.abuwcljti5uoxpftscxfjfxr2appcwrncnzuvh35x2ljhjncx2wsdrndwrqq"
          },
          "private": "eyJlMmJmYjczMC1lY2FhLTExZTYtOGY4OC0zNDM2M2JjN2M0YzAiOnsiY3JlYXRlIjoxMjAwMDAwMDAwMDAwLCJkZWxldGUiOjEyMDAwMDAwMDAwMDAsInVwZGF0ZSI6MTIwMDAwMDAwMDAwMH19",
          "dependencies": [
            "oci_core_instance.bastion",
            "oci_core_instance.gluster_server",
            "oci_core_internet_gateway.internet_gateway",
            "oci_core_nat_gateway.nat_gateway",
            "oci_core_route_table.private_route_table",
            "oci_core_route_table.pubic_route_table",
            "oci_core_security_list.private_security_list",
            "oci_core_security_list.public_security_list",
            "oci_core_subnet.fs",
            "oci_core_subnet.public",
            "oci_core_subnet.storage",
            "oci_core_vcn.vcn",
            "oci_core_volume.gluster_blockvolume",
            "oci_identity_tag.ArchitectureCenterTag",
            "oci_identity_tag_namespace.ArchitectureCenterTagNamespace",
            "tls_private_key.public_private_key_pair"
          ]
        },
        {
          "index_key": 17,
          "schema_version": 0,
          "attributes": {
            "attachment_type": "iscsi",
            "availability_domain": "VXpT:US-ASHBURN-AD-1",
            "chap_secret": null,
            "chap_username": null,
            "compartment_id": "ocid1.compartment.oc1..aaaaaaaamgpf7b5zhfwqc3cttmhatl3eqxl6uztmhozk52h2qbh4iytjvrsa",
            "device": null,
            "display_name": "volumeattachment20210622195153",
            "id": "ocid1.volumeattachment.oc1.iad.anuwcljtpwneysac3l7pnzy2fco2mxivm7qtempjrluscxla54xh6r4wbfca",
            "instance_id": "ocid1.instance.oc1.iad.anuwcljtpwneysac5y6b3hhkqi23rksysxcfvjhkx3oceektq3nvbfaaz6gq",
            "ipv4": "169.254.2.2",
            "iqn": "iqn.2015-12.com.oracleiaas:0688ff99-a930-469c-b3a1-fc50a2b21607",
            "is_pv_encryption_in_transit_enabled": false,
            "is_read_only": false,
            "is_shareable": false,
            "port": 3260,
            "state": "ATTACHED",
            "time_created": "2021-06-22 19:51:54.156 +0000 UTC",
            "timeouts": null,
            "use_chap": null,
            "volume_id": "ocid1.volume.oc1.iad.abuwcljtzwuqvomaouzzo763alyvdhrblmo7v5bq7umdirsw3gl4skg3ta4a"
          },
          "private": "eyJlMmJmYjczMC1lY2FhLTExZTYtOGY4OC0zNDM2M2JjN2M0YzAiOnsiY3JlYXRlIjoxMjAwMDAwMDAwMDAwLCJkZWxldGUiOjEyMDAwMDAwMDAwMDAsInVwZGF0ZSI6MTIwMDAwMDAwMDAwMH19",
          "dependencies": [
            "oci_core_instance.bastion",
            "oci_core_instance.gluster_server",
            "oci_core_internet_gateway.internet_gateway",
            "oci_core_nat_gateway.nat_gateway",
            "oci_core_route_table.private_route_table",
            "oci_core_route_table.pubic_route_table",
            "oci_core_security_list.private_security_list",
            "oci_core_security_list.public_security_list",
            "oci_core_subnet.fs",
            "oci_core_subnet.public",
            "oci_core_subnet.storage",
            "oci_core_vcn.vcn",
            "oci_core_volume.gluster_blockvolume",
            "oci_identity_tag.ArchitectureCenterTag",
            "oci_identity_tag_namespace.ArchitectureCenterTagNamespace",
            "tls_private_key.public_private_key_pair"
          ]
        },
        {
          "index_key": 18,
          "schema_version": 0,
          "attributes": {
            "attachment_type": "iscsi",
            "availability_domain": "VXpT:US-ASHBURN-AD-1",
            "chap_secret": null,
            "chap_username": null,
            "compartment_id": "ocid1.compartment.oc1..aaaaaaaamgpf7b5zhfwqc3cttmhatl3eqxl6uztmhozk52h2qbh4iytjvrsa",
            "device": null,
            "display_name": "volumeattachment20210622195222",
            "id": "ocid1.volumeattachment.oc1.iad.anuwcljtpwneysackadokpcwabg6dlrlsqzibnbqtu6n2jyjzhmq2vs4mgea",
            "instance_id": "ocid1.instance.oc1.iad.anuwcljtpwneysacesm66ufqfkmcdod3npeltis2oyk2xvbii67zid3v4ela",
            "ipv4": "169.254.2.6",
            "iqn": "iqn.2015-12.com.oracleiaas:d844d92e-cc2c-4d91-a8da-cc92b29d87ca",
            "is_pv_encryption_in_transit_enabled": false,
            "is_read_only": false,
            "is_shareable": false,
            "port": 3260,
            "state": "ATTACHED",
            "time_created": "2021-06-22 19:52:22.776 +0000 UTC",
            "timeouts": null,
            "use_chap": null,
            "volume_id": "ocid1.volume.oc1.iad.abuwcljtwemrfctnnumhnfcnhhj5n3vmhwqnxlkacyjaarmpmalh4kzeq5ua"
          },
          "private": "eyJlMmJmYjczMC1lY2FhLTExZTYtOGY4OC0zNDM2M2JjN2M0YzAiOnsiY3JlYXRlIjoxMjAwMDAwMDAwMDAwLCJkZWxldGUiOjEyMDAwMDAwMDAwMDAsInVwZGF0ZSI6MTIwMDAwMDAwMDAwMH19",
          "dependencies": [
            "oci_core_instance.bastion",
            "oci_core_instance.gluster_server",
            "oci_core_internet_gateway.internet_gateway",
            "oci_core_nat_gateway.nat_gateway",
            "oci_core_route_table.private_route_table",
            "oci_core_route_table.pubic_route_table",
            "oci_core_security_list.private_security_list",
            "oci_core_security_list.public_security_list",
            "oci_core_subnet.fs",
            "oci_core_subnet.public",
            "oci_core_subnet.storage",
            "oci_core_vcn.vcn",
            "oci_core_volume.gluster_blockvolume",
            "oci_identity_tag.ArchitectureCenterTag",
            "oci_identity_tag_namespace.ArchitectureCenterTagNamespace",
            "tls_private_key.public_private_key_pair"
          ]
        },
        {
          "index_key": 19,
          "schema_version": 0,
          "attributes": {
            "attachment_type": "iscsi",
            "availability_domain": "VXpT:US-ASHBURN-AD-1",
            "chap_secret": null,
            "chap_username": null,
            "compartment_id": "ocid1.compartment.oc1..aaaaaaaamgpf7b5zhfwqc3cttmhatl3eqxl6uztmhozk52h2qbh4iytjvrsa",
            "device": null,
            "display_name": "volumeattachment20210622195256",
            "id": "ocid1.volumeattachment.oc1.iad.anuwcljtpwneysac7hvjrs54qgb3gis6h4c6hu4pigtkb4gsj7lzlva6sffq",
            "instance_id": "ocid1.instance.oc1.iad.anuwcljtpwneysachfkhe2wqrmsfx77fke4koy3jr5nasocyshhy32vbvwba",
            "ipv4": "169.254.2.8",
            "iqn": "iqn.2015-12.com.oracleiaas:99a49b29-3ffe-4119-b5cf-c3f158f4493c",
            "is_pv_encryption_in_transit_enabled": false,
            "is_read_only": false,
            "is_shareable": false,
            "port": 3260,
            "state": "ATTACHED",
            "time_created": "2021-06-22 19:52:56.647 +0000 UTC",
            "timeouts": null,
            "use_chap": null,
            "volume_id": "ocid1.volume.oc1.iad.abuwcljtlhpnabkwa6bc3alh6vtwokio34b2ojbk75sufso2ezhkcxwf2uwq"
          },
          "private": "eyJlMmJmYjczMC1lY2FhLTExZTYtOGY4OC0zNDM2M2JjN2M0YzAiOnsiY3JlYXRlIjoxMjAwMDAwMDAwMDAwLCJkZWxldGUiOjEyMDAwMDAwMDAwMDAsInVwZGF0ZSI6MTIwMDAwMDAwMDAwMH19",
          "dependencies": [
            "oci_core_instance.bastion",
            "oci_core_instance.gluster_server",
            "oci_core_internet_gateway.internet_gateway",
            "oci_core_nat_gateway.nat_gateway",
            "oci_core_route_table.private_route_table",
            "oci_core_route_table.pubic_route_table",
            "oci_core_security_list.private_security_list",
            "oci_core_security_list.public_security_list",
            "oci_core_subnet.fs",
            "oci_core_subnet.public",
            "oci_core_subnet.storage",
            "oci_core_vcn.vcn",
            "oci_core_volume.gluster_blockvolume",
            "oci_identity_tag.ArchitectureCenterTag",
            "oci_identity_tag_namespace.ArchitectureCenterTagNamespace",
            "tls_private_key.public_private_key_pair"
          ]
        },
        {
          "index_key": 20,
          "schema_version": 0,
          "attributes": {
            "attachment_type": "iscsi",
            "availability_domain": "VXpT:US-ASHBURN-AD-1",
            "chap_secret": null,
            "chap_username": null,
            "compartment_id": "ocid1.compartment.oc1..aaaaaaaamgpf7b5zhfwqc3cttmhatl3eqxl6uztmhozk52h2qbh4iytjvrsa",
            "device": null,
            "display_name": "volumeattachment20210622195153",
            "id": "ocid1.volumeattachment.oc1.iad.anuwcljtpwneysaclynzyqj5fczqkfzjqwh5fwhicwirqr53a72zhjxcanra",
            "instance_id": "ocid1.instance.oc1.iad.anuwcljtpwneysac5y6b3hhkqi23rksysxcfvjhkx3oceektq3nvbfaaz6gq",
            "ipv4": "169.254.2.4",
            "iqn": "iqn.2015-12.com.oracleiaas:e70b63e2-04b8-4714-87a3-6d24551b06aa",
            "is_pv_encryption_in_transit_enabled": false,
            "is_read_only": false,
            "is_shareable": false,
            "port": 3260,
            "state": "ATTACHED",
            "time_created": "2021-06-22 19:51:54.06 +0000 UTC",
            "timeouts": null,
            "use_chap": null,
            "volume_id": "ocid1.volume.oc1.iad.abuwcljt636gqjyukp2iboehp5gadbtnhjuhrltiaa7qafi2krdztrmnvkua"
          },
          "private": "eyJlMmJmYjczMC1lY2FhLTExZTYtOGY4OC0zNDM2M2JjN2M0YzAiOnsiY3JlYXRlIjoxMjAwMDAwMDAwMDAwLCJkZWxldGUiOjEyMDAwMDAwMDAwMDAsInVwZGF0ZSI6MTIwMDAwMDAwMDAwMH19",
          "dependencies": [
            "oci_core_instance.bastion",
            "oci_core_instance.gluster_server",
            "oci_core_internet_gateway.internet_gateway",
            "oci_core_nat_gateway.nat_gateway",
            "oci_core_route_table.private_route_table",
            "oci_core_route_table.pubic_route_table",
            "oci_core_security_list.private_security_list",
            "oci_core_security_list.public_security_list",
            "oci_core_subnet.fs",
            "oci_core_subnet.public",
            "oci_core_subnet.storage",
            "oci_core_vcn.vcn",
            "oci_core_volume.gluster_blockvolume",
            "oci_identity_tag.ArchitectureCenterTag",
            "oci_identity_tag_namespace.ArchitectureCenterTagNamespace",
            "tls_private_key.public_private_key_pair"
          ]
        },
        {
          "index_key": 21,
          "schema_version": 0,
          "attributes": {
            "attachment_type": "iscsi",
            "availability_domain": "VXpT:US-ASHBURN-AD-1",
            "chap_secret": null,
            "chap_username": null,
            "compartment_id": "ocid1.compartment.oc1..aaaaaaaamgpf7b5zhfwqc3cttmhatl3eqxl6uztmhozk52h2qbh4iytjvrsa",
            "device": null,
            "display_name": "volumeattachment20210622195153",
            "id": "ocid1.volumeattachment.oc1.iad.anuwcljtpwneysachzul4ltn7ygh2q4fafi7gmo74f2sdjhop7vxgzadjyda",
            "instance_id": "ocid1.instance.oc1.iad.anuwcljtpwneysacesm66ufqfkmcdod3npeltis2oyk2xvbii67zid3v4ela",
            "ipv4": "169.254.2.2",
            "iqn": "iqn.2015-12.com.oracleiaas:03c826b1-e327-44d0-9b6b-6b5edec10a6c",
            "is_pv_encryption_in_transit_enabled": false,
            "is_read_only": false,
            "is_shareable": false,
            "port": 3260,
            "state": "ATTACHED",
            "time_created": "2021-06-22 19:51:54.457 +0000 UTC",
            "timeouts": null,
            "use_chap": null,
            "volume_id": "ocid1.volume.oc1.iad.abuwcljtxt2553tqrqpk2x2cro3s3zpabvhtssab26ns333q2cai7evophma"
          },
          "private": "eyJlMmJmYjczMC1lY2FhLTExZTYtOGY4OC0zNDM2M2JjN2M0YzAiOnsiY3JlYXRlIjoxMjAwMDAwMDAwMDAwLCJkZWxldGUiOjEyMDAwMDAwMDAwMDAsInVwZGF0ZSI6MTIwMDAwMDAwMDAwMH19",
          "dependencies": [
            "oci_core_instance.bastion",
            "oci_core_instance.gluster_server",
            "oci_core_internet_gateway.internet_gateway",
            "oci_core_nat_gateway.nat_gateway",
            "oci_core_route_table.private_route_table",
            "oci_core_route_table.pubic_route_table",
            "oci_core_security_list.private_security_list",
            "oci_core_security_list.public_security_list",
            "oci_core_subnet.fs",
            "oci_core_subnet.public",
            "oci_core_subnet.storage",
            "oci_core_vcn.vcn",
            "oci_core_volume.gluster_blockvolume",
            "oci_identity_tag.ArchitectureCenterTag",
            "oci_identity_tag_namespace.ArchitectureCenterTagNamespace",
            "tls_private_key.public_private_key_pair"
          ]
        },
        {
          "index_key": 22,
          "schema_version": 0,
          "attributes": {
            "attachment_type": "iscsi",
            "availability_domain": "VXpT:US-ASHBURN-AD-1",
            "chap_secret": null,
            "chap_username": null,
            "compartment_id": "ocid1.compartment.oc1..aaaaaaaamgpf7b5zhfwqc3cttmhatl3eqxl6uztmhozk52h2qbh4iytjvrsa",
            "device": null,
            "display_name": "volumeattachment20210622195301",
            "id": "ocid1.volumeattachment.oc1.iad.anuwcljtpwneysacjptlpv454u2uasxq563oyhtp4ms2dfhwof4kxqmgcd6a",
            "instance_id": "ocid1.instance.oc1.iad.anuwcljtpwneysachfkhe2wqrmsfx77fke4koy3jr5nasocyshhy32vbvwba",
            "ipv4": "169.254.2.9",
            "iqn": "iqn.2015-12.com.oracleiaas:08cb319b-94fb-4b00-ac5e-b3d0444b28b8",
            "is_pv_encryption_in_transit_enabled": false,
            "is_read_only": false,
            "is_shareable": false,
            "port": 3260,
            "state": "ATTACHED",
            "time_created": "2021-06-22 19:53:01.671 +0000 UTC",
            "timeouts": null,
            "use_chap": null,
            "volume_id": "ocid1.volume.oc1.iad.abuwcljt76xhaiuuapyjnmv3oaczcchlcj2lqzsju4n5xola36kgyvcwlsha"
          },
          "private": "eyJlMmJmYjczMC1lY2FhLTExZTYtOGY4OC0zNDM2M2JjN2M0YzAiOnsiY3JlYXRlIjoxMjAwMDAwMDAwMDAwLCJkZWxldGUiOjEyMDAwMDAwMDAwMDAsInVwZGF0ZSI6MTIwMDAwMDAwMDAwMH19",
          "dependencies": [
            "oci_core_instance.bastion",
            "oci_core_instance.gluster_server",
            "oci_core_internet_gateway.internet_gateway",
            "oci_core_nat_gateway.nat_gateway",
            "oci_core_route_table.private_route_table",
            "oci_core_route_table.pubic_route_table",
            "oci_core_security_list.private_security_list",
            "oci_core_security_list.public_security_list",
            "oci_core_subnet.fs",
            "oci_core_subnet.public",
            "oci_core_subnet.storage",
            "oci_core_vcn.vcn",
            "oci_core_volume.gluster_blockvolume",
            "oci_identity_tag.ArchitectureCenterTag",
            "oci_identity_tag_namespace.ArchitectureCenterTagNamespace",
            "tls_private_key.public_private_key_pair"
          ]
        },
        {
          "index_key": 23,
          "schema_version": 0,
          "attributes": {
            "attachment_type": "iscsi",
            "availability_domain": "VXpT:US-ASHBURN-AD-1",
            "chap_secret": null,
            "chap_username": null,
            "compartment_id": "ocid1.compartment.oc1..aaaaaaaamgpf7b5zhfwqc3cttmhatl3eqxl6uztmhozk52h2qbh4iytjvrsa",
            "device": null,
            "display_name": "volumeattachment20210622195228",
            "id": "ocid1.volumeattachment.oc1.iad.anuwcljtpwneysacjitxmmhhqgru55dcrvpseokow4rrfvc2cexcvywkdjiq",
            "instance_id": "ocid1.instance.oc1.iad.anuwcljtpwneysac5y6b3hhkqi23rksysxcfvjhkx3oceektq3nvbfaaz6gq",
            "ipv4": "169.254.2.6",
            "iqn": "iqn.2015-12.com.oracleiaas:75df8528-5410-43b4-9fcb-33d043f32df3",
            "is_pv_encryption_in_transit_enabled": false,
            "is_read_only": false,
            "is_shareable": false,
            "port": 3260,
            "state": "ATTACHED",
            "time_created": "2021-06-22 19:52:28.751 +0000 UTC",
            "timeouts": null,
            "use_chap": null,
            "volume_id": "ocid1.volume.oc1.iad.abuwcljthpml5wkvkje2mhsxcjzdwcrthhukq2jd4b4ttwa7odi73qviiewa"
          },
          "private": "eyJlMmJmYjczMC1lY2FhLTExZTYtOGY4OC0zNDM2M2JjN2M0YzAiOnsiY3JlYXRlIjoxMjAwMDAwMDAwMDAwLCJkZWxldGUiOjEyMDAwMDAwMDAwMDAsInVwZGF0ZSI6MTIwMDAwMDAwMDAwMH19",
          "dependencies": [
            "oci_core_instance.bastion",
            "oci_core_instance.gluster_server",
            "oci_core_internet_gateway.internet_gateway",
            "oci_core_nat_gateway.nat_gateway",
            "oci_core_route_table.private_route_table",
            "oci_core_route_table.pubic_route_table",
            "oci_core_security_list.private_security_list",
            "oci_core_security_list.public_security_list",
            "oci_core_subnet.fs",
            "oci_core_subnet.public",
            "oci_core_subnet.storage",
            "oci_core_vcn.vcn",
            "oci_core_volume.gluster_blockvolume",
            "oci_identity_tag.ArchitectureCenterTag",
            "oci_identity_tag_namespace.ArchitectureCenterTagNamespace",
            "tls_private_key.public_private_key_pair"
          ]
        }
      ]
    },
    {
      "mode": "managed",
      "type": "oci_identity_tag",
      "name": "ArchitectureCenterTag",
      "provider": "provider.oci",
      "instances": [
        {
          "schema_version": 0,
          "attributes": {
            "defined_tags": {
              "Oracle-Tag.CreatedBy": "oguz",
              "Oracle-Tag.CreatedOn": "2021-06-22T19:46:28.253Z",
              "emergingtech.instanceprinciple": "not-allowed"
            },
            "description": "ArchitectureCenterTag",
            "freeform_tags": {},
            "id": "ocid1.tagdefinition.oc1..aaaaaaaaelvnhfrsiga5b6wmxfscaznnvaomjws4fisbsu6gvg4vllocawna",
            "is_cost_tracking": false,
            "is_retired": false,
            "name": "release",
            "state": "ACTIVE",
            "tag_namespace_id": "ocid1.tagnamespace.oc1..aaaaaaaamm4b6vu4fgkezu36ijykthtuwptos5zalb3vjdkyp23ar647lauq",
            "time_created": "2021-06-22 19:46:28.415 +0000 UTC",
            "timeouts": null,
            "validator": [
              {
                "validator_type": "ENUM",
                "values": [
                  "release",
                  "1.0"
                ]
              }
            ]
          },
          "private": "eyJlMmJmYjczMC1lY2FhLTExZTYtOGY4OC0zNDM2M2JjN2M0YzAiOnsiY3JlYXRlIjo5MDAwMDAwMDAwMDAsImRlbGV0ZSI6NDMyMDAwMDAwMDAwMDAsInVwZGF0ZSI6OTAwMDAwMDAwMDAwfX0=",
          "dependencies": [
            "oci_identity_tag_namespace.ArchitectureCenterTagNamespace"
          ]
        }
      ]
    },
    {
      "mode": "managed",
      "type": "oci_identity_tag_namespace",
      "name": "ArchitectureCenterTagNamespace",
      "provider": "provider.oci",
      "instances": [
        {
          "schema_version": 0,
          "attributes": {
            "compartment_id": "ocid1.compartment.oc1..aaaaaaaamgpf7b5zhfwqc3cttmhatl3eqxl6uztmhozk52h2qbh4iytjvrsa",
            "defined_tags": {
              "Oracle-Tag.CreatedBy": "oguz",
              "Oracle-Tag.CreatedOn": "2021-06-22T19:46:16.321Z",
              "emergingtech.instanceprinciple": "not-allowed"
            },
            "description": "ArchitectureCenterTagNamespace",
            "freeform_tags": {},
            "id": "ocid1.tagnamespace.oc1..aaaaaaaamm4b6vu4fgkezu36ijykthtuwptos5zalb3vjdkyp23ar647lauq",
            "is_retired": false,
            "name": "ArchitectureCenter\\deploy-glusterfs",
            "state": "ACTIVE",
            "time_created": "2021-06-22 19:46:16.528 +0000 UTC",
            "timeouts": null
          },
          "private": "eyJlMmJmYjczMC1lY2FhLTExZTYtOGY4OC0zNDM2M2JjN2M0YzAiOnsiY3JlYXRlIjoxMjAwMDAwMDAwMDAwLCJkZWxldGUiOjEyMDAwMDAwMDAwMDAsInVwZGF0ZSI6MTIwMDAwMDAwMDAwMH19"
        }
      ]
    },
    {
      "mode": "managed",
      "type": "tls_private_key",
      "name": "public_private_key_pair",
      "provider": "provider.tls",
      "instances": [
        {
          "schema_version": 0,
          "attributes": {
            "algorithm": "RSA",
            "ecdsa_curve": "P224",
            "id": "cce27c66052ce61cd5e264a279afa977cd6694c5",
            "private_key_pem": "-----BEGIN RSA PRIVATE KEY-----\nMIIEpAIBAAKCAQEAyiWKGK9MYweYbYmDg0xwwkFjm9CoxaY2xaBlpOPJBBBYgaFT\nyKRC2NvPizb2q+X6LPmazD+fleUZcHKcIqoOqPgmCPRreMwWSG4h4tnb86PZ4FIJ\nOxKQKuU7wUJBcMIRW8tDz4wgwpo/FpQOZP2kSNX7LBYx21i6XeA6m05muXFD/MA0\nZMiw2JVH7r3Lg2ctlpyvClvWH2r7L5xdAPtQA6OMWBXQ0wUyxZJOsFw2HjYkPWlx\n0xQeZ81N+fgQ2UjB7qMRjov+Ul0VNSAwdL0TDfXO2s4JoWKuxXEowryWkArrABJ5\n/t0xT69I3eO8PFGK8qab/i74b/tTsTvQVc1f/QIDAQABAoIBAA3yrSaq4dBrc78L\nIAHtQlKFBIR5z0tj/p+AQ8Mu3G3lWtYG9asAeoRQFm/6qOaPhcWYq2+wbCiBmFHD\n9rYFmeFazfUMOGYrXtY8kyX99klHYv8xaeWjkEMFciwRkEZhfaUhz1oAxznmPrgm\nGyAoyC8mZKBUH7iM1L8pe6G/tSLSaHxAaGULMDNqwFF7CONa8S6jw/48LtyfpIWW\ng4dJ2UDAxFHgYTDVBMfj+YZlIBRe707HGSBQBTwuR5T3zIYd7EgZ6T5na6UbgWz/\nMl8V6a3s85Xfi2KITQVtDeeQ5FgqrAXd5lTjfGEwk2wSbtGjArCc1hg68PTfJAsU\nDP//pgECgYEA7aBeX4pr8kqEvG0at7KTNknBHWrrro9fmwx/vw/IYN0pirPUzvwT\nz/AN+hRnk0yctvLW4ze3Xesouyhkb2ztguniwSDvtEWrUudA3J2ass1p9KDHlbSz\navI3OItoQJXbY2up7O+L5IvoWs/CpJc3Rb2ZlhDOS/g/T4rLqeItLr0CgYEA2cbg\nJzKzZ1aH5fWdgi/yKp1OdKMqHq9+AcBvUhfX/AYX5Lum2TybPo0CuMquLwTVHUIO\nxPzljWlPGkcGd/zrIbEuSr/GEPRmNU/DDqT1uOp1zSjAS7nAYxcoFjlvg8XuhzWk\n42fBi+fXbQ5dKfu6k85iILN2Hn6/s2irP7KnqkECgYEA2vminfZoHUHQafc83LVB\n9ZAn1p0WDKlwl+f/vKilpaWIx5mKbSdcdo0nxCGThOjfrbPAlGheoLy4rye8zfWa\nNb6kSAa6/ewJwf77BZJy4XxrvJOA+JMpl08X1hKZgpLWNhsb3wysZHMNLsov+w6i\nT7E13FUmVlmwtfMYVTfpHR0CgYEArwU0FIycvko+wcOZqI1b9H+kE/0l1q93d3Tu\ngm2DOZq0DTH6r9ATfDvbmiPZxRP/KppyQEJ3QiUGW7oFKt1rIxLAf3aMegfRNLs7\nqkNM8CYOMqmzkahhQ8HSh7n1M1QZlTS5pcE3PXdAHPdUTG9wzWUqW9me7nczHb7b\nEkBEm4ECgYBXzWpjPI2fKbuJxd6JOyk03G8EpB+sgg9UeVc7pxrJgkUvk6HOwnNN\nOKAtJxWP41TKzZBQGGHYWJcsbGv0yD7z433MZVninm08/lvAMwYUm6Sb/q+EHWXz\nSGuwZa1mZWhEod0ORKBH4PQaC2zc9sfvmm5iKbxv4QnpnoClwdl9ag==\n-----END RSA PRIVATE KEY-----\n",
            "public_key_fingerprint_md5": "9d:e7:ae:f8:fa:55:62:df:0b:a8:f4:4d:bd:b9:2a:b2",
            "public_key_openssh": "ssh-rsa AAAAB3NzaC1yc2EAAAADAQABAAABAQDKJYoYr0xjB5htiYODTHDCQWOb0KjFpjbFoGWk48kEEFiBoVPIpELY28+LNvar5fos+ZrMP5+V5Rlwcpwiqg6o+CYI9Gt4zBZIbiHi2dvzo9ngUgk7EpAq5TvBQkFwwhFby0PPjCDCmj8WlA5k/aRI1fssFjHbWLpd4DqbTma5cUP8wDRkyLDYlUfuvcuDZy2WnK8KW9YfavsvnF0A+1ADo4xYFdDTBTLFkk6wXDYeNiQ9aXHTFB5nzU35+BDZSMHuoxGOi/5SXRU1IDB0vRMN9c7azgmhYq7FcSjCvJaQCusAEnn+3TFPr0jd47w8UYryppv+Lvhv+1OxO9BVzV/9\n",
            "public_key_pem": "-----BEGIN PUBLIC KEY-----\nMIIBIjANBgkqhkiG9w0BAQEFAAOCAQ8AMIIBCgKCAQEAyiWKGK9MYweYbYmDg0xw\nwkFjm9CoxaY2xaBlpOPJBBBYgaFTyKRC2NvPizb2q+X6LPmazD+fleUZcHKcIqoO\nqPgmCPRreMwWSG4h4tnb86PZ4FIJOxKQKuU7wUJBcMIRW8tDz4wgwpo/FpQOZP2k\nSNX7LBYx21i6XeA6m05muXFD/MA0ZMiw2JVH7r3Lg2ctlpyvClvWH2r7L5xdAPtQ\nA6OMWBXQ0wUyxZJOsFw2HjYkPWlx0xQeZ81N+fgQ2UjB7qMRjov+Ul0VNSAwdL0T\nDfXO2s4JoWKuxXEowryWkArrABJ5/t0xT69I3eO8PFGK8qab/i74b/tTsTvQVc1f\n/QIDAQAB\n-----END PUBLIC KEY-----\n",
            "rsa_bits": 2048
          },
          "private": "bnVsbA=="
        }
      ]
    }
  ]
}
